// !$*UTF8*$!
{
	archiveVersion = 1;
	classes = {
	};
	objectVersion = 48;
	objects = {

/* Begin PBXBuildFile section */
		585AF4BA1F604B480066C206 /* AppDelegate.swift in Sources */ = {isa = PBXBuildFile; fileRef = 585AF4B91F604B480066C206 /* AppDelegate.swift */; };
		585AF4BC1F604B480066C206 /* ViewController.swift in Sources */ = {isa = PBXBuildFile; fileRef = 585AF4BB1F604B480066C206 /* ViewController.swift */; };
		585AF4BF1F604B480066C206 /* Main.storyboard in Resources */ = {isa = PBXBuildFile; fileRef = 585AF4BD1F604B480066C206 /* Main.storyboard */; };
		585AF4C11F604B480066C206 /* Assets.xcassets in Resources */ = {isa = PBXBuildFile; fileRef = 585AF4C01F604B480066C206 /* Assets.xcassets */; };
		585AF4C41F604B480066C206 /* LaunchScreen.storyboard in Resources */ = {isa = PBXBuildFile; fileRef = 585AF4C21F604B480066C206 /* LaunchScreen.storyboard */; };
		585AF4CF1F604B480066C206 /* SeptaMapsTests.swift in Sources */ = {isa = PBXBuildFile; fileRef = 585AF4CE1F604B480066C206 /* SeptaMapsTests.swift */; };
/* End PBXBuildFile section */

/* Begin PBXContainerItemProxy section */
		585AF4CB1F604B480066C206 /* PBXContainerItemProxy */ = {
			isa = PBXContainerItemProxy;
			containerPortal = 585AF4AE1F604B480066C206 /* Project object */;
			proxyType = 1;
			remoteGlobalIDString = 585AF4B51F604B480066C206;
			remoteInfo = SeptaMaps;
		};
/* End PBXContainerItemProxy section */

/* Begin PBXFileReference section */
		585AF4B61F604B480066C206 /* SeptaMaps.app */ = {isa = PBXFileReference; explicitFileType = wrapper.application; includeInIndex = 0; path = SeptaMaps.app; sourceTree = BUILT_PRODUCTS_DIR; };
		585AF4B91F604B480066C206 /* AppDelegate.swift */ = {isa = PBXFileReference; lastKnownFileType = sourcecode.swift; path = AppDelegate.swift; sourceTree = "<group>"; };
		585AF4BB1F604B480066C206 /* ViewController.swift */ = {isa = PBXFileReference; lastKnownFileType = sourcecode.swift; path = ViewController.swift; sourceTree = "<group>"; };
		585AF4BE1F604B480066C206 /* Base */ = {isa = PBXFileReference; lastKnownFileType = file.storyboard; name = Base; path = Base.lproj/Main.storyboard; sourceTree = "<group>"; };
		585AF4C01F604B480066C206 /* Assets.xcassets */ = {isa = PBXFileReference; lastKnownFileType = folder.assetcatalog; path = Assets.xcassets; sourceTree = "<group>"; };
		585AF4C31F604B480066C206 /* Base */ = {isa = PBXFileReference; lastKnownFileType = file.storyboard; name = Base; path = Base.lproj/LaunchScreen.storyboard; sourceTree = "<group>"; };
		585AF4C51F604B480066C206 /* Info.plist */ = {isa = PBXFileReference; lastKnownFileType = text.plist.xml; path = Info.plist; sourceTree = "<group>"; };
		585AF4CA1F604B480066C206 /* SeptaMapsTests.xctest */ = {isa = PBXFileReference; explicitFileType = wrapper.cfbundle; includeInIndex = 0; path = SeptaMapsTests.xctest; sourceTree = BUILT_PRODUCTS_DIR; };
		585AF4CE1F604B480066C206 /* SeptaMapsTests.swift */ = {isa = PBXFileReference; lastKnownFileType = sourcecode.swift; path = SeptaMapsTests.swift; sourceTree = "<group>"; };
		585AF4D01F604B480066C206 /* Info.plist */ = {isa = PBXFileReference; lastKnownFileType = text.plist.xml; path = Info.plist; sourceTree = "<group>"; };
/* End PBXFileReference section */

/* Begin PBXFrameworksBuildPhase section */
		585AF4B31F604B480066C206 /* Frameworks */ = {
			isa = PBXFrameworksBuildPhase;
			buildActionMask = 2147483647;
			files = (
			);
			runOnlyForDeploymentPostprocessing = 0;
		};
		585AF4C71F604B480066C206 /* Frameworks */ = {
			isa = PBXFrameworksBuildPhase;
			buildActionMask = 2147483647;
			files = (
			);
			runOnlyForDeploymentPostprocessing = 0;
		};
/* End PBXFrameworksBuildPhase section */

/* Begin PBXGroup section */
		585AF4AD1F604B480066C206 = {
			isa = PBXGroup;
			children = (
				585AF4B81F604B480066C206 /* SeptaMaps */,
				585AF4CD1F604B480066C206 /* SeptaMapsTests */,
				585AF4B71F604B480066C206 /* Products */,
			);
			sourceTree = "<group>";
		};
		585AF4B71F604B480066C206 /* Products */ = {
			isa = PBXGroup;
			children = (
				585AF4B61F604B480066C206 /* SeptaMaps.app */,
				585AF4CA1F604B480066C206 /* SeptaMapsTests.xctest */,
			);
			name = Products;
			sourceTree = "<group>";
		};
		585AF4B81F604B480066C206 /* SeptaMaps */ = {
			isa = PBXGroup;
			children = (
				585AF4B91F604B480066C206 /* AppDelegate.swift */,
				585AF4BB1F604B480066C206 /* ViewController.swift */,
				585AF4BD1F604B480066C206 /* Main.storyboard */,
				585AF4C01F604B480066C206 /* Assets.xcassets */,
				585AF4C21F604B480066C206 /* LaunchScreen.storyboard */,
				585AF4C51F604B480066C206 /* Info.plist */,
			);
			path = SeptaMaps;
			sourceTree = "<group>";
		};
		585AF4CD1F604B480066C206 /* SeptaMapsTests */ = {
			isa = PBXGroup;
			children = (
				585AF4CE1F604B480066C206 /* SeptaMapsTests.swift */,
				585AF4D01F604B480066C206 /* Info.plist */,
			);
			path = SeptaMapsTests;
			sourceTree = "<group>";
		};
/* End PBXGroup section */

/* Begin PBXNativeTarget section */
		585AF4B51F604B480066C206 /* SeptaMaps */ = {
			isa = PBXNativeTarget;
			buildConfigurationList = 585AF4D31F604B480066C206 /* Build configuration list for PBXNativeTarget "SeptaMaps" */;
			buildPhases = (
				585AF4B21F604B480066C206 /* Sources */,
				585AF4B31F604B480066C206 /* Frameworks */,
				585AF4B41F604B480066C206 /* Resources */,
			);
			buildRules = (
			);
			dependencies = (
			);
			name = SeptaMaps;
			productName = SeptaMaps;
			productReference = 585AF4B61F604B480066C206 /* SeptaMaps.app */;
			productType = "com.apple.product-type.application";
		};
		585AF4C91F604B480066C206 /* SeptaMapsTests */ = {
			isa = PBXNativeTarget;
			buildConfigurationList = 585AF4D61F604B480066C206 /* Build configuration list for PBXNativeTarget "SeptaMapsTests" */;
			buildPhases = (
				585AF4C61F604B480066C206 /* Sources */,
				585AF4C71F604B480066C206 /* Frameworks */,
				585AF4C81F604B480066C206 /* Resources */,
			);
			buildRules = (
			);
			dependencies = (
				585AF4CC1F604B480066C206 /* PBXTargetDependency */,
			);
			name = SeptaMapsTests;
			productName = SeptaMapsTests;
			productReference = 585AF4CA1F604B480066C206 /* SeptaMapsTests.xctest */;
			productType = "com.apple.product-type.bundle.unit-test";
		};
/* End PBXNativeTarget section */

/* Begin PBXProject section */
		585AF4AE1F604B480066C206 /* Project object */ = {
			isa = PBXProject;
			attributes = {
				LastSwiftUpdateCheck = 0900;
				LastUpgradeCheck = 0900;
				ORGANIZATIONNAME = SEPTA;
				TargetAttributes = {
					585AF4B51F604B480066C206 = {
						CreatedOnToolsVersion = 9.0;
						ProvisioningStyle = Automatic;
					};
					585AF4C91F604B480066C206 = {
						CreatedOnToolsVersion = 9.0;
						ProvisioningStyle = Automatic;
						TestTargetID = 585AF4B51F604B480066C206;
					};
				};
			};
			buildConfigurationList = 585AF4B11F604B480066C206 /* Build configuration list for PBXProject "SeptaMaps" */;
			compatibilityVersion = "Xcode 8.0";
			developmentRegion = en;
			hasScannedForEncodings = 0;
			knownRegions = (
				en,
				Base,
			);
			mainGroup = 585AF4AD1F604B480066C206;
			productRefGroup = 585AF4B71F604B480066C206 /* Products */;
			projectDirPath = "";
			projectRoot = "";
			targets = (
				585AF4B51F604B480066C206 /* SeptaMaps */,
				585AF4C91F604B480066C206 /* SeptaMapsTests */,
			);
		};
/* End PBXProject section */

/* Begin PBXResourcesBuildPhase section */
		585AF4B41F604B480066C206 /* Resources */ = {
			isa = PBXResourcesBuildPhase;
			buildActionMask = 2147483647;
			files = (
				585AF4C41F604B480066C206 /* LaunchScreen.storyboard in Resources */,
				585AF4C11F604B480066C206 /* Assets.xcassets in Resources */,
				585AF4BF1F604B480066C206 /* Main.storyboard in Resources */,
			);
			runOnlyForDeploymentPostprocessing = 0;
		};
		585AF4C81F604B480066C206 /* Resources */ = {
			isa = PBXResourcesBuildPhase;
			buildActionMask = 2147483647;
			files = (
			);
			runOnlyForDeploymentPostprocessing = 0;
		};
/* End PBXResourcesBuildPhase section */

/* Begin PBXSourcesBuildPhase section */
		585AF4B21F604B480066C206 /* Sources */ = {
			isa = PBXSourcesBuildPhase;
			buildActionMask = 2147483647;
			files = (
				585AF4BC1F604B480066C206 /* ViewController.swift in Sources */,
				585AF4BA1F604B480066C206 /* AppDelegate.swift in Sources */,
			);
			runOnlyForDeploymentPostprocessing = 0;
		};
		585AF4C61F604B480066C206 /* Sources */ = {
			isa = PBXSourcesBuildPhase;
			buildActionMask = 2147483647;
			files = (
				585AF4CF1F604B480066C206 /* SeptaMapsTests.swift in Sources */,
			);
			runOnlyForDeploymentPostprocessing = 0;
		};
/* End PBXSourcesBuildPhase section */

/* Begin PBXTargetDependency section */
		585AF4CC1F604B480066C206 /* PBXTargetDependency */ = {
			isa = PBXTargetDependency;
			target = 585AF4B51F604B480066C206 /* SeptaMaps */;
			targetProxy = 585AF4CB1F604B480066C206 /* PBXContainerItemProxy */;
		};
/* End PBXTargetDependency section */

/* Begin PBXVariantGroup section */
		585AF4BD1F604B480066C206 /* Main.storyboard */ = {
			isa = PBXVariantGroup;
			children = (
				585AF4BE1F604B480066C206 /* Base */,
			);
			name = Main.storyboard;
			sourceTree = "<group>";
		};
		585AF4C21F604B480066C206 /* LaunchScreen.storyboard */ = {
			isa = PBXVariantGroup;
			children = (
				585AF4C31F604B480066C206 /* Base */,
			);
			name = LaunchScreen.storyboard;
			sourceTree = "<group>";
		};
/* End PBXVariantGroup section */

/* Begin XCBuildConfiguration section */
		585AF4D11F604B480066C206 /* Debug */ = {
			isa = XCBuildConfiguration;
			buildSettings = {
				ALWAYS_SEARCH_USER_PATHS = NO;
				CLANG_ANALYZER_NONNULL = YES;
				CLANG_ANALYZER_NUMBER_OBJECT_CONVERSION = YES_AGGRESSIVE;
				CLANG_CXX_LANGUAGE_STANDARD = "gnu++14";
				CLANG_CXX_LIBRARY = "libc++";
				CLANG_ENABLE_MODULES = YES;
				CLANG_ENABLE_OBJC_ARC = YES;
				CLANG_WARN_BLOCK_CAPTURE_AUTORELEASING = YES;
				CLANG_WARN_BOOL_CONVERSION = YES;
				CLANG_WARN_COMMA = YES;
				CLANG_WARN_CONSTANT_CONVERSION = YES;
				CLANG_WARN_DIRECT_OBJC_ISA_USAGE = YES_ERROR;
				CLANG_WARN_DOCUMENTATION_COMMENTS = YES;
				CLANG_WARN_EMPTY_BODY = YES;
				CLANG_WARN_ENUM_CONVERSION = YES;
				CLANG_WARN_INFINITE_RECURSION = YES;
				CLANG_WARN_INT_CONVERSION = YES;
				CLANG_WARN_NON_LITERAL_NULL_CONVERSION = YES;
				CLANG_WARN_OBJC_LITERAL_CONVERSION = YES;
				CLANG_WARN_OBJC_ROOT_CLASS = YES_ERROR;
				CLANG_WARN_RANGE_LOOP_ANALYSIS = YES;
				CLANG_WARN_STRICT_PROTOTYPES = YES;
				CLANG_WARN_SUSPICIOUS_MOVE = YES;
				CLANG_WARN_UNGUARDED_AVAILABILITY = YES_AGGRESSIVE;
				CLANG_WARN_UNREACHABLE_CODE = YES;
				CLANG_WARN__DUPLICATE_METHOD_MATCH = YES;
				CODE_SIGN_IDENTITY = "iPhone Developer";
				COPY_PHASE_STRIP = NO;
				DEBUG_INFORMATION_FORMAT = dwarf;
				ENABLE_STRICT_OBJC_MSGSEND = YES;
				ENABLE_TESTABILITY = YES;
				GCC_C_LANGUAGE_STANDARD = gnu11;
				GCC_DYNAMIC_NO_PIC = NO;
				GCC_NO_COMMON_BLOCKS = YES;
				GCC_OPTIMIZATION_LEVEL = 0;
				GCC_PREPROCESSOR_DEFINITIONS = (
					"DEBUG=1",
					"$(inherited)",
				);
				GCC_WARN_64_TO_32_BIT_CONVERSION = YES;
				GCC_WARN_ABOUT_RETURN_TYPE = YES_ERROR;
				GCC_WARN_UNDECLARED_SELECTOR = YES;
				GCC_WARN_UNINITIALIZED_AUTOS = YES_AGGRESSIVE;
				GCC_WARN_UNUSED_FUNCTION = YES;
				GCC_WARN_UNUSED_VARIABLE = YES;
				IPHONEOS_DEPLOYMENT_TARGET = 11.0;
				MTL_ENABLE_DEBUG_INFO = YES;
				ONLY_ACTIVE_ARCH = YES;
				SDKROOT = iphoneos;
				SWIFT_ACTIVE_COMPILATION_CONDITIONS = DEBUG;
				SWIFT_OPTIMIZATION_LEVEL = "-Onone";
			};
			name = Debug;
		};
		585AF4D21F604B480066C206 /* Release */ = {
			isa = XCBuildConfiguration;
			buildSettings = {
				ALWAYS_SEARCH_USER_PATHS = NO;
				CLANG_ANALYZER_NONNULL = YES;
				CLANG_ANALYZER_NUMBER_OBJECT_CONVERSION = YES_AGGRESSIVE;
				CLANG_CXX_LANGUAGE_STANDARD = "gnu++14";
				CLANG_CXX_LIBRARY = "libc++";
				CLANG_ENABLE_MODULES = YES;
				CLANG_ENABLE_OBJC_ARC = YES;
				CLANG_WARN_BLOCK_CAPTURE_AUTORELEASING = YES;
				CLANG_WARN_BOOL_CONVERSION = YES;
				CLANG_WARN_COMMA = YES;
				CLANG_WARN_CONSTANT_CONVERSION = YES;
				CLANG_WARN_DIRECT_OBJC_ISA_USAGE = YES_ERROR;
				CLANG_WARN_DOCUMENTATION_COMMENTS = YES;
				CLANG_WARN_EMPTY_BODY = YES;
				CLANG_WARN_ENUM_CONVERSION = YES;
				CLANG_WARN_INFINITE_RECURSION = YES;
				CLANG_WARN_INT_CONVERSION = YES;
				CLANG_WARN_NON_LITERAL_NULL_CONVERSION = YES;
				CLANG_WARN_OBJC_LITERAL_CONVERSION = YES;
				CLANG_WARN_OBJC_ROOT_CLASS = YES_ERROR;
				CLANG_WARN_RANGE_LOOP_ANALYSIS = YES;
				CLANG_WARN_STRICT_PROTOTYPES = YES;
				CLANG_WARN_SUSPICIOUS_MOVE = YES;
				CLANG_WARN_UNGUARDED_AVAILABILITY = YES_AGGRESSIVE;
				CLANG_WARN_UNREACHABLE_CODE = YES;
				CLANG_WARN__DUPLICATE_METHOD_MATCH = YES;
				CODE_SIGN_IDENTITY = "iPhone Developer";
				COPY_PHASE_STRIP = NO;
				DEBUG_INFORMATION_FORMAT = "dwarf-with-dsym";
				ENABLE_NS_ASSERTIONS = NO;
				ENABLE_STRICT_OBJC_MSGSEND = YES;
				GCC_C_LANGUAGE_STANDARD = gnu11;
				GCC_NO_COMMON_BLOCKS = YES;
				GCC_WARN_64_TO_32_BIT_CONVERSION = YES;
				GCC_WARN_ABOUT_RETURN_TYPE = YES_ERROR;
				GCC_WARN_UNDECLARED_SELECTOR = YES;
				GCC_WARN_UNINITIALIZED_AUTOS = YES_AGGRESSIVE;
				GCC_WARN_UNUSED_FUNCTION = YES;
				GCC_WARN_UNUSED_VARIABLE = YES;
				IPHONEOS_DEPLOYMENT_TARGET = 11.0;
				MTL_ENABLE_DEBUG_INFO = NO;
				SDKROOT = iphoneos;
				SWIFT_OPTIMIZATION_LEVEL = "-Owholemodule";
				VALIDATE_PRODUCT = YES;
			};
			name = Release;
		};
		585AF4D41F604B480066C206 /* Debug */ = {
			isa = XCBuildConfiguration;
			buildSettings = {
				ASSETCATALOG_COMPILER_APPICON_NAME = AppIcon;
				CODE_SIGN_STYLE = Automatic;
				DEVELOPMENT_TEAM = L636S9JLLY;
				INFOPLIST_FILE = SeptaMaps/Info.plist;
				LD_RUNPATH_SEARCH_PATHS = "$(inherited) @executable_path/Frameworks";
				PRODUCT_BUNDLE_IDENTIFIER = com.captech.SeptaMaps;
				PRODUCT_NAME = "$(TARGET_NAME)";
				SWIFT_VERSION = 4.0;
				TARGETED_DEVICE_FAMILY = "1,2";
			};
			name = Debug;
		};
		585AF4D51F604B480066C206 /* Release */ = {
			isa = XCBuildConfiguration;
			buildSettings = {
				ASSETCATALOG_COMPILER_APPICON_NAME = AppIcon;
				CODE_SIGN_STYLE = Automatic;
				DEVELOPMENT_TEAM = L636S9JLLY;
				INFOPLIST_FILE = SeptaMaps/Info.plist;
				LD_RUNPATH_SEARCH_PATHS = "$(inherited) @executable_path/Frameworks";
				PRODUCT_BUNDLE_IDENTIFIER = com.captech.SeptaMaps;
				PRODUCT_NAME = "$(TARGET_NAME)";
				SWIFT_VERSION = 4.0;
				TARGETED_DEVICE_FAMILY = "1,2";
			};
			name = Release;
		};
		585AF4D71F604B480066C206 /* Debug */ = {
			isa = XCBuildConfiguration;
			buildSettings = {
				ALWAYS_EMBED_SWIFT_STANDARD_LIBRARIES = YES;
				BUNDLE_LOADER = "$(TEST_HOST)";
				CODE_SIGN_STYLE = Automatic;
				DEVELOPMENT_TEAM = L636S9JLLY;
				INFOPLIST_FILE = SeptaMapsTests/Info.plist;
				LD_RUNPATH_SEARCH_PATHS = "$(inherited) @executable_path/Frameworks @loader_path/Frameworks";
				PRODUCT_BUNDLE_IDENTIFIER = com.captech.SeptaMapsTests;
				PRODUCT_NAME = "$(TARGET_NAME)";
				SWIFT_VERSION = 4.0;
				TARGETED_DEVICE_FAMILY = "1,2";
				TEST_HOST = "$(BUILT_PRODUCTS_DIR)/SeptaMaps.app/SeptaMaps";
			};
			name = Debug;
		};
		585AF4D81F604B480066C206 /* Release */ = {
			isa = XCBuildConfiguration;
			buildSettings = {
				ALWAYS_EMBED_SWIFT_STANDARD_LIBRARIES = YES;
				BUNDLE_LOADER = "$(TEST_HOST)";
				CODE_SIGN_STYLE = Automatic;
				DEVELOPMENT_TEAM = L636S9JLLY;
				INFOPLIST_FILE = SeptaMapsTests/Info.plist;
				LD_RUNPATH_SEARCH_PATHS = "$(inherited) @executable_path/Frameworks @loader_path/Frameworks";
				PRODUCT_BUNDLE_IDENTIFIER = com.captech.SeptaMapsTests;
				PRODUCT_NAME = "$(TARGET_NAME)";
				SWIFT_VERSION = 4.0;
				TARGETED_DEVICE_FAMILY = "1,2";
				TEST_HOST = "$(BUILT_PRODUCTS_DIR)/SeptaMaps.app/SeptaMaps";
			};
			name = Release;
		};
/* End XCBuildConfiguration section */

/* Begin XCConfigurationList section */
		585AF4B11F604B480066C206 /* Build configuration list for PBXProject "SeptaMaps" */ = {
			isa = XCConfigurationList;
			buildConfigurations = (
				585AF4D11F604B480066C206 /* Debug */,
				585AF4D21F604B480066C206 /* Release */,
			);
			defaultConfigurationIsVisible = 0;
			defaultConfigurationName = Release;
		};
		585AF4D31F604B480066C206 /* Build configuration list for PBXNativeTarget "SeptaMaps" */ = {
			isa = XCConfigurationList;
			buildConfigurations = (
				585AF4D41F604B480066C206 /* Debug */,
				585AF4D51F604B480066C206 /* Release */,
			);
			defaultConfigurationIsVisible = 0;
			defaultConfigurationName = Release;
		};
		585AF4D61F604B480066C206 /* Build configuration list for PBXNativeTarget "SeptaMapsTests" */ = {
			isa = XCConfigurationList;
			buildConfigurations = (
				585AF4D71F604B480066C206 /* Debug */,
				585AF4D81F604B480066C206 /* Release */,
			);
			defaultConfigurationIsVisible = 0;
			defaultConfigurationName = Release;
		};
/* End XCConfigurationList section */
	};
	rootObject = 585AF4AE1F604B480066C206 /* Project object */;
}
