// !$*UTF8*$!
{
	archiveVersion = 1;
	classes = {
	};
	objectVersion = 48;
	objects = {

/* Begin PBXBuildFile section */
		5800FF801F434905003AB7C0 /* RouteSelectedTableViewCell.swift in Sources */ = {isa = PBXBuildFile; fileRef = 5800FF7E1F434905003AB7C0 /* RouteSelectedTableViewCell.swift */; };
		5811CD741F3A8F8F00714C08 /* ReSwift.framework in Frameworks */ = {isa = PBXBuildFile; fileRef = 5811CD721F3A8D1F00714C08 /* ReSwift.framework */; };
		5814AA841F43589E00DF774A /* RouteSheduleViewModel.swift in Sources */ = {isa = PBXBuildFile; fileRef = 582F4E9B1F33B1120062A546 /* RouteSheduleViewModel.swift */; };
		5814AA891F4359CC00DF774A /* SingleStringDisplayable.swift in Sources */ = {isa = PBXBuildFile; fileRef = 5814AA861F4358D000DF774A /* SingleStringDisplayable.swift */; };
		5814AA8A1F4359D000DF774A /* TripleTextDisplayable.swift in Sources */ = {isa = PBXBuildFile; fileRef = 5814AA851F4358D000DF774A /* TripleTextDisplayable.swift */; };
		581804BB1F3F8051002184E3 /* LoggingError.swift in Sources */ = {isa = PBXBuildFile; fileRef = 581804BA1F3F8051002184E3 /* LoggingError.swift */; };
		581804BD1F3F838B002184E3 /* CodableAppState.swift in Sources */ = {isa = PBXBuildFile; fileRef = 581804BC1F3F838B002184E3 /* CodableAppState.swift */; };
		581804BF1F3F8479002184E3 /* EquatableAppState.swift in Sources */ = {isa = PBXBuildFile; fileRef = 581804BE1F3F8479002184E3 /* EquatableAppState.swift */; };
		581804C41F3F8DFE002184E3 /* NavigationReducerTests.swift in Sources */ = {isa = PBXBuildFile; fileRef = 581804C31F3F8DFE002184E3 /* NavigationReducerTests.swift */; };
		58195FE81F3FA0350053B3D3 /* BaseStateTest.swift in Sources */ = {isa = PBXBuildFile; fileRef = 58195FE71F3FA0350053B3D3 /* BaseStateTest.swift */; };
		58195FF01F3FA1C90053B3D3 /* PresentModal.json in Resources */ = {isa = PBXBuildFile; fileRef = 58195FEC1F3FA1480053B3D3 /* PresentModal.json */; };
		58195FF11F3FA1C90053B3D3 /* DismissModal.json in Resources */ = {isa = PBXBuildFile; fileRef = 58195FED1F3FA1500053B3D3 /* DismissModal.json */; };
		58195FF21F3FA1C90053B3D3 /* TransitModeSelected.json in Resources */ = {isa = PBXBuildFile; fileRef = 58195FEF1F3FA1830053B3D3 /* TransitModeSelected.json */; };
		58195FF31F3FA1C90053B3D3 /* RoutesLoaded.json in Resources */ = {isa = PBXBuildFile; fileRef = 58195FEB1F3FA1140053B3D3 /* RoutesLoaded.json */; };
		58195FF41F3FA1C90053B3D3 /* RouteSelected.json in Resources */ = {isa = PBXBuildFile; fileRef = 58195FEE1F3FA1790053B3D3 /* RouteSelected.json */; };
		581DA54A1F3BE1C8006AEC39 /* IdentifiableController.swift in Sources */ = {isa = PBXBuildFile; fileRef = 581DA5491F3BE1C8006AEC39 /* IdentifiableController.swift */; };
		581DA54F1F3BF102006AEC39 /* ViewTransitionType.swift in Sources */ = {isa = PBXBuildFile; fileRef = 581DA54E1F3BF102006AEC39 /* ViewTransitionType.swift */; };
		582531951F406E790088D056 /* DefaultPreferences.plist in Resources */ = {isa = PBXBuildFile; fileRef = 582531941F406E790088D056 /* DefaultPreferences.plist */; };
		582531981F40707C0088D056 /* DefaultPreferencesLoader.swift in Sources */ = {isa = PBXBuildFile; fileRef = 582531971F40707C0088D056 /* DefaultPreferencesLoader.swift */; };
		5825319A1F407D380088D056 /* UserDefaultsLoader.swift in Sources */ = {isa = PBXBuildFile; fileRef = 582531991F407D380088D056 /* UserDefaultsLoader.swift */; };
		5825319C1F408C2D0088D056 /* UserPreferencesStatePersister.swift in Sources */ = {isa = PBXBuildFile; fileRef = 5825319B1F408C2D0088D056 /* UserPreferencesStatePersister.swift */; };
		5825319E1F40940B0088D056 /* UserPreferencesProviderProtocol.swift in Sources */ = {isa = PBXBuildFile; fileRef = 5825319D1F40940B0088D056 /* UserPreferencesProviderProtocol.swift */; };
		58290E411F372B51000CCF3C /* AppState.swift in Sources */ = {isa = PBXBuildFile; fileRef = 58290E401F372B51000CCF3C /* AppState.swift */; };
		58290E441F372BB9000CCF3C /* AppStateReducer.swift in Sources */ = {isa = PBXBuildFile; fileRef = 58290E431F372BB9000CCF3C /* AppStateReducer.swift */; };
		58290E4C1F372CAD000CCF3C /* AppStateReducerTests.swift in Sources */ = {isa = PBXBuildFile; fileRef = 58290E491F372CAD000CCF3C /* AppStateReducerTests.swift */; };
		58290E501F372DDC000CCF3C /* NavigationActions.swift in Sources */ = {isa = PBXBuildFile; fileRef = 58290E4F1F372DDC000CCF3C /* NavigationActions.swift */; };
		58290E531F372F36000CCF3C /* ScheduleState.swift in Sources */ = {isa = PBXBuildFile; fileRef = 58290E521F372F36000CCF3C /* ScheduleState.swift */; };
		582F4EBB1F33B1120062A546 /* AppDelegate.swift in Sources */ = {isa = PBXBuildFile; fileRef = 582F4E7E1F33B1120062A546 /* AppDelegate.swift */; };
		582F4EBC1F33B1120062A546 /* DateFormatters.swift in Sources */ = {isa = PBXBuildFile; fileRef = 582F4E801F33B1120062A546 /* DateFormatters.swift */; };
		582F4EBD1F33B1120062A546 /* SingleStringCell.swift in Sources */ = {isa = PBXBuildFile; fileRef = 582F4E831F33B1120062A546 /* SingleStringCell.swift */; };
		582F4EBE1F33B1120062A546 /* about.storyboard in Resources */ = {isa = PBXBuildFile; fileRef = 582F4E861F33B1120062A546 /* about.storyboard */; };
		582F4EBF1F33B1120062A546 /* Alert.swift in Sources */ = {isa = PBXBuildFile; fileRef = 582F4E881F33B1120062A546 /* Alert.swift */; };
		582F4EC01F33B1120062A546 /* alerts.storyboard in Resources */ = {isa = PBXBuildFile; fileRef = 582F4E891F33B1120062A546 /* alerts.storyboard */; };
		582F4EC11F33B1120062A546 /* contact.storyboard in Resources */ = {isa = PBXBuildFile; fileRef = 582F4E8B1F33B1120062A546 /* contact.storyboard */; };
		582F4EC21F33B1120062A546 /* fares.storyboard in Resources */ = {isa = PBXBuildFile; fileRef = 582F4E8D1F33B1120062A546 /* fares.storyboard */; };
		582F4EC31F33B1120062A546 /* favorites.storyboard in Resources */ = {isa = PBXBuildFile; fileRef = 582F4E8F1F33B1120062A546 /* favorites.storyboard */; };
		582F4EC41F33B1120062A546 /* nextToArrive.storyboard in Resources */ = {isa = PBXBuildFile; fileRef = 582F4E911F33B1120062A546 /* nextToArrive.storyboard */; };
		582F4EC51F33B1120062A546 /* NextToArriveViewController.swift in Sources */ = {isa = PBXBuildFile; fileRef = 582F4E921F33B1120062A546 /* NextToArriveViewController.swift */; };
		582F4EC61F33B1120062A546 /* SelectRouteViewController.swift in Sources */ = {isa = PBXBuildFile; fileRef = 582F4E951F33B1120062A546 /* SelectRouteViewController.swift */; };
		582F4EC71F33B1120062A546 /* RoutesViewModel.swift in Sources */ = {isa = PBXBuildFile; fileRef = 582F4E961F33B1120062A546 /* RoutesViewModel.swift */; };
		582F4EC81F33B1120062A546 /* RouteTableViewCell.swift in Sources */ = {isa = PBXBuildFile; fileRef = 582F4E971F33B1120062A546 /* RouteTableViewCell.swift */; };
		582F4ECC1F33B1120062A546 /* ScheduleTableViewCell.swift in Sources */ = {isa = PBXBuildFile; fileRef = 582F4E9C1F33B1120062A546 /* ScheduleTableViewCell.swift */; };
		582F4ECD1F33B1120062A546 /* schedules.storyboard in Resources */ = {isa = PBXBuildFile; fileRef = 582F4E9D1F33B1120062A546 /* schedules.storyboard */; };
		582F4ED11F33B1120062A546 /* SelectedStopType.swift in Sources */ = {isa = PBXBuildFile; fileRef = 582F4EA31F33B1120062A546 /* SelectedStopType.swift */; };
		582F4ED21F33B1120062A546 /* SelectStopCellType.swift in Sources */ = {isa = PBXBuildFile; fileRef = 582F4EA41F33B1120062A546 /* SelectStopCellType.swift */; };
		582F4ED31F33B1120062A546 /* SelectStopRow.swift in Sources */ = {isa = PBXBuildFile; fileRef = 582F4EA51F33B1120062A546 /* SelectStopRow.swift */; };
		582F4ED41F33B1120062A546 /* SelectStopsFooterView.xib in Resources */ = {isa = PBXBuildFile; fileRef = 582F4EA61F33B1120062A546 /* SelectStopsFooterView.xib */; };
		582F4ED61F33B1120062A546 /* SelectStopsViewElement.swift in Sources */ = {isa = PBXBuildFile; fileRef = 582F4EA81F33B1120062A546 /* SelectStopsViewElement.swift */; };
		582F4ED81F33B1120062A546 /* SelectSchedulesViewController.swift in Sources */ = {isa = PBXBuildFile; fileRef = 582F4EAA1F33B1120062A546 /* SelectSchedulesViewController.swift */; };
		582F4ED91F33B1120062A546 /* settings.storyboard in Resources */ = {isa = PBXBuildFile; fileRef = 582F4EAC1F33B1120062A546 /* settings.storyboard */; };
		582F4EDB1F33B1120062A546 /* Assets.xcassets in Resources */ = {isa = PBXBuildFile; fileRef = 582F4EAF1F33B1120062A546 /* Assets.xcassets */; };
		582F4EDD1F33B1120062A546 /* ViewModelDelegate.swift in Sources */ = {isa = PBXBuildFile; fileRef = 582F4EB21F33B1120062A546 /* ViewModelDelegate.swift */; };
		582F4EDE1F33B1120062A546 /* Main.storyboard in Resources */ = {isa = PBXBuildFile; fileRef = 582F4EB41F33B1120062A546 /* Main.storyboard */; };
		582F4EDF1F33B1120062A546 /* MainViewController.swift in Sources */ = {isa = PBXBuildFile; fileRef = 582F4EB61F33B1120062A546 /* MainViewController.swift */; };
		582F4EE01F33B1120062A546 /* LaunchScreen.storyboard in Resources */ = {isa = PBXBuildFile; fileRef = 582F4EB81F33B1120062A546 /* LaunchScreen.storyboard */; };
		58406EB41F3A9C0900E6E04D /* SeptaSchedule.framework in Frameworks */ = {isa = PBXBuildFile; fileRef = 58ACEAE31F3A9A9B00DC2836 /* SeptaSchedule.framework */; };
		58406EB51F3A9C0E00E6E04D /* SeptaSchedule.framework in CopyFiles */ = {isa = PBXBuildFile; fileRef = 58ACEAE31F3A9A9B00DC2836 /* SeptaSchedule.framework */; settings = {ATTRIBUTES = (CodeSignOnCopy, RemoveHeadersOnCopy, ); }; };
		5840D6D31F376D9C00C8CB76 /* MainNavigationController.swift in Sources */ = {isa = PBXBuildFile; fileRef = 5840D6D21F376D9C00C8CB76 /* MainNavigationController.swift */; };
		5840D6D51F376E5E00C8CB76 /* NavigationStackState.swift in Sources */ = {isa = PBXBuildFile; fileRef = 5840D6D41F376E5E00C8CB76 /* NavigationStackState.swift */; };
		5840D6D71F37728B00C8CB76 /* NavigationController.swift in Sources */ = {isa = PBXBuildFile; fileRef = 5840D6D61F37728B00C8CB76 /* NavigationController.swift */; };
		5840D6DC1F37925A00C8CB76 /* SchedulesNavigationViewController.swift in Sources */ = {isa = PBXBuildFile; fileRef = 5840D6DB1F37925A00C8CB76 /* SchedulesNavigationViewController.swift */; };
		5840D6E01F37E5FB00C8CB76 /* ScheduleReducer.swift in Sources */ = {isa = PBXBuildFile; fileRef = 5840D6DF1F37E5FB00C8CB76 /* ScheduleReducer.swift */; };
		5840D6E31F37E9FB00C8CB76 /* UserPreferencesProvider.swift in Sources */ = {isa = PBXBuildFile; fileRef = 5840D6E21F37E9FB00C8CB76 /* UserPreferencesProvider.swift */; };
		5840D6E51F37EA1900C8CB76 /* ScheduleProvider.swift in Sources */ = {isa = PBXBuildFile; fileRef = 5840D6E41F37EA1900C8CB76 /* ScheduleProvider.swift */; };
		5840D6E71F37EAEF00C8CB76 /* UserPreferencesKeys.swift in Sources */ = {isa = PBXBuildFile; fileRef = 5840D6E61F37EAEF00C8CB76 /* UserPreferencesKeys.swift */; };
		5840D6E91F37EE6500C8CB76 /* Providers.swift in Sources */ = {isa = PBXBuildFile; fileRef = 5840D6E81F37EE6500C8CB76 /* Providers.swift */; };
		5840D6EE1F37F63800C8CB76 /* TransitModeToolbarView.swift in Sources */ = {isa = PBXBuildFile; fileRef = 5840D6ED1F37F63800C8CB76 /* TransitModeToolbarView.swift */; };
		5840D6F01F37F66B00C8CB76 /* SeptaDraw.swift in Sources */ = {isa = PBXBuildFile; fileRef = 5840D6EF1F37F66B00C8CB76 /* SeptaDraw.swift */; };
		5844CA1F1F3BD9B700651223 /* NavigationState.swift in Sources */ = {isa = PBXBuildFile; fileRef = 5844CA1E1F3BD9B700651223 /* NavigationState.swift */; };
		58470C091F3F276000F3C9B5 /* NumberFormatters.swift in Sources */ = {isa = PBXBuildFile; fileRef = 58470C081F3F276000F3C9B5 /* NumberFormatters.swift */; };
		584AC8731F437DDB0040C1B4 /* TripScheduleViewController.swift in Sources */ = {isa = PBXBuildFile; fileRef = 582F4E9A1F33B1120062A546 /* TripScheduleViewController.swift */; };
		585572861F39499D004ABCD6 /* Color+Septa.swift in Sources */ = {isa = PBXBuildFile; fileRef = 585572841F3948D3004ABCD6 /* Color+Septa.swift */; };
		585572891F395990004ABCD6 /* MockSingleCell.swift in Sources */ = {isa = PBXBuildFile; fileRef = 585572881F395990004ABCD6 /* MockSingleCell.swift */; };
		586746621F35D483000F0D32 /* RoutesViewModelTests.swift in Sources */ = {isa = PBXBuildFile; fileRef = 5867463E1F35D483000F0D32 /* RoutesViewModelTests.swift */; };
		5867466F1F35D484000F0D32 /* SelectStopsViewModelTests.swift in Sources */ = {isa = PBXBuildFile; fileRef = 5867464E1F35D483000F0D32 /* SelectStopsViewModelTests.swift */; };
		5880C19B1F3B4D1C00337DB2 /* ScheduleRequestReducer.swift in Sources */ = {isa = PBXBuildFile; fileRef = 5880C19A1F3B4D1C00337DB2 /* ScheduleRequestReducer.swift */; };
		588F27F01F39DD7B00D62425 /* UserPreferenceState.swift in Sources */ = {isa = PBXBuildFile; fileRef = 588F27EF1F39DD7B00D62425 /* UserPreferenceState.swift */; };
		588F27F41F39E05A00D62425 /* PreferenceReducers.swift in Sources */ = {isa = PBXBuildFile; fileRef = 588F27F31F39E05A00D62425 /* PreferenceReducers.swift */; };
		588F27F71F39E0BF00D62425 /* UserPreferenceActions.swift in Sources */ = {isa = PBXBuildFile; fileRef = 588F27F61F39E0BF00D62425 /* UserPreferenceActions.swift */; };
		58902EF21F41E1A000DE6F64 /* TransitMode.swift in Sources */ = {isa = PBXBuildFile; fileRef = 58902EF11F41E1A000DE6F64 /* TransitMode.swift */; };
		5892DDF11F3AAA5C000BA54B /* Crashlytics.framework in Frameworks */ = {isa = PBXBuildFile; fileRef = 5892DDEF1F3AAA5C000BA54B /* Crashlytics.framework */; };
		5892DDF21F3AAA5C000BA54B /* Fabric.framework in Frameworks */ = {isa = PBXBuildFile; fileRef = 5892DDF01F3AAA5C000BA54B /* Fabric.framework */; };
		589BCC321F3D5068002FAEDE /* SchedulesPresentationController.swift in Sources */ = {isa = PBXBuildFile; fileRef = 589BCC311F3D5068002FAEDE /* SchedulesPresentationController.swift */; };
		58B18B0F1F42469000A7F163 /* SelectStopViewModel.swift in Sources */ = {isa = PBXBuildFile; fileRef = 582F4EA01F33B1120062A546 /* SelectStopViewModel.swift */; };
		58B1FFD61F42EB2500AD8620 /* MapKit.framework in Frameworks */ = {isa = PBXBuildFile; fileRef = 58B1FFD41F42EB2400AD8620 /* MapKit.framework */; };
		58B891CB1F38B51E00BFFEFA /* ScheduleRequestReducerTests.swift in Sources */ = {isa = PBXBuildFile; fileRef = 58B891C81F38B51E00BFFEFA /* ScheduleRequestReducerTests.swift */; };
		58B8920D1F38C64C00BFFEFA /* MockPreferenceProvider.swift in Sources */ = {isa = PBXBuildFile; fileRef = 58B8920C1F38C64C00BFFEFA /* MockPreferenceProvider.swift */; };
		58B8920F1F38CBA900BFFEFA /* GenericAction.swift in Sources */ = {isa = PBXBuildFile; fileRef = 58B8920E1F38CBA900BFFEFA /* GenericAction.swift */; };
		58B892151F38EFEA00BFFEFA /* SelectSchedulesViewModel.swift in Sources */ = {isa = PBXBuildFile; fileRef = 58B892141F38EFEA00BFFEFA /* SelectSchedulesViewModel.swift */; };
		58B892171F38F7E700BFFEFA /* Strings.swift in Sources */ = {isa = PBXBuildFile; fileRef = 58B892161F38F7E700BFFEFA /* Strings.swift */; };
		58C181FF1F34C557002748E9 /* Storyboards.swift in Sources */ = {isa = PBXBuildFile; fileRef = 58C181FE1F34C557002748E9 /* Storyboards.swift */; };
		58C182041F34C5B6002748E9 /* Localizeable.strings in Resources */ = {isa = PBXBuildFile; fileRef = 58C182061F34C5B6002748E9 /* Localizeable.strings */; };
		58C2A0591F3812D600F0D6CA /* ScheduleActions.swift in Sources */ = {isa = PBXBuildFile; fileRef = 58C2A0581F3812D600F0D6CA /* ScheduleActions.swift */; };
		58C2A0611F38964E00F0D6CA /* ViewController.swift in Sources */ = {isa = PBXBuildFile; fileRef = 58C2A0601F3895E000F0D6CA /* ViewController.swift */; };
		58C2A0651F389B6400F0D6CA /* TransitModesToolBarViewController.swift in Sources */ = {isa = PBXBuildFile; fileRef = 58C2A0641F389B6400F0D6CA /* TransitModesToolBarViewController.swift */; };
		58C2A0671F38A75700F0D6CA /* ScheduleRequest.swift in Sources */ = {isa = PBXBuildFile; fileRef = 58C2A0661F38A75700F0D6CA /* ScheduleRequest.swift */; };
		58C2A0691F38AA1B00F0D6CA /* ScheduleData.swift in Sources */ = {isa = PBXBuildFile; fileRef = 58C2A0681F38AA1B00F0D6CA /* ScheduleData.swift */; };
		58DB10F41F3B8CCF00191AED /* ScheduleDataReducer.swift in Sources */ = {isa = PBXBuildFile; fileRef = 58DB10F31F3B8CCF00191AED /* ScheduleDataReducer.swift */; };
		58DB10F81F3B8DB400191AED /* NavigationReducer.swift in Sources */ = {isa = PBXBuildFile; fileRef = 58DB10F71F3B8DB400191AED /* NavigationReducer.swift */; };
		58F444FC1F3D335400A93208 /* SeptaAction.swift in Sources */ = {isa = PBXBuildFile; fileRef = 58F444FB1F3D335400A93208 /* SeptaAction.swift */; };
		58F80D431F421C1F0089501A /* SelectStopNavigationController.swift in Sources */ = {isa = PBXBuildFile; fileRef = 58F80D421F421C1F0089501A /* SelectStopNavigationController.swift */; };
		58F80D451F421C4B0089501A /* SelectStopViewController.swift in Sources */ = {isa = PBXBuildFile; fileRef = 58F80D441F421C4B0089501A /* SelectStopViewController.swift */; };
		58F80D471F421C740089501A /* SelectStopByAddressViewController.swift in Sources */ = {isa = PBXBuildFile; fileRef = 58F80D461F421C740089501A /* SelectStopByAddressViewController.swift */; };
		58FC9D9D1F3F9CB0004269DE /* InitializeNavigationState.json in Resources */ = {isa = PBXBuildFile; fileRef = 581804C51F3F8F19002184E3 /* InitializeNavigationState.json */; };
/* End PBXBuildFile section */

/* Begin PBXContainerItemProxy section */
		58406EB21F3A9AE200E6E04D /* PBXContainerItemProxy */ = {
			isa = PBXContainerItemProxy;
			containerPortal = 58ACEADD1F3A9A9B00DC2836 /* SeptaSchedule.xcodeproj */;
			proxyType = 1;
			remoteGlobalIDString = 58D9C4221F3336C6002BE2E8;
			remoteInfo = SeptaSchedule;
		};
		58ACEAE21F3A9A9B00DC2836 /* PBXContainerItemProxy */ = {
			isa = PBXContainerItemProxy;
			containerPortal = 58ACEADD1F3A9A9B00DC2836 /* SeptaSchedule.xcodeproj */;
			proxyType = 2;
			remoteGlobalIDString = 58D9C4231F3336C6002BE2E8;
			remoteInfo = SeptaSchedule;
		};
		58ACEAE41F3A9A9B00DC2836 /* PBXContainerItemProxy */ = {
			isa = PBXContainerItemProxy;
			containerPortal = 58ACEADD1F3A9A9B00DC2836 /* SeptaSchedule.xcodeproj */;
			proxyType = 2;
			remoteGlobalIDString = 58D9C42C1F3336C6002BE2E8;
			remoteInfo = SeptaScheduleTests;
		};
		58F9FB741F3387620036F3FA /* PBXContainerItemProxy */ = {
			isa = PBXContainerItemProxy;
			containerPortal = 58D9C3E81F3335BB002BE2E8 /* Project object */;
			proxyType = 1;
			remoteGlobalIDString = 58D9C3EF1F3335BB002BE2E8;
			remoteInfo = iSEPTA;
		};
/* End PBXContainerItemProxy section */

/* Begin PBXCopyFilesBuildPhase section */
		58552F9B1F335272008C1886 /* CopyFiles */ = {
			isa = PBXCopyFilesBuildPhase;
			buildActionMask = 2147483647;
			dstPath = "";
			dstSubfolderSpec = 10;
			files = (
				58406EB51F3A9C0E00E6E04D /* SeptaSchedule.framework in CopyFiles */,
			);
			runOnlyForDeploymentPostprocessing = 0;
		};
/* End PBXCopyFilesBuildPhase section */

/* Begin PBXFileReference section */
		5800FF7E1F434905003AB7C0 /* RouteSelectedTableViewCell.swift */ = {isa = PBXFileReference; fileEncoding = 4; lastKnownFileType = sourcecode.swift; path = RouteSelectedTableViewCell.swift; sourceTree = "<group>"; };
		5811CD721F3A8D1F00714C08 /* ReSwift.framework */ = {isa = PBXFileReference; lastKnownFileType = wrapper.framework; name = ReSwift.framework; path = Frameworks/ReSwift.framework; sourceTree = "<group>"; };
		5814AA851F4358D000DF774A /* TripleTextDisplayable.swift */ = {isa = PBXFileReference; fileEncoding = 4; lastKnownFileType = sourcecode.swift; path = TripleTextDisplayable.swift; sourceTree = "<group>"; };
		5814AA861F4358D000DF774A /* SingleStringDisplayable.swift */ = {isa = PBXFileReference; fileEncoding = 4; lastKnownFileType = sourcecode.swift; path = SingleStringDisplayable.swift; sourceTree = "<group>"; };
		581804BA1F3F8051002184E3 /* LoggingError.swift */ = {isa = PBXFileReference; lastKnownFileType = sourcecode.swift; path = LoggingError.swift; sourceTree = "<group>"; };
		581804BC1F3F838B002184E3 /* CodableAppState.swift */ = {isa = PBXFileReference; lastKnownFileType = sourcecode.swift; path = CodableAppState.swift; sourceTree = "<group>"; };
		581804BE1F3F8479002184E3 /* EquatableAppState.swift */ = {isa = PBXFileReference; lastKnownFileType = sourcecode.swift; path = EquatableAppState.swift; sourceTree = "<group>"; };
		581804C31F3F8DFE002184E3 /* NavigationReducerTests.swift */ = {isa = PBXFileReference; lastKnownFileType = sourcecode.swift; path = NavigationReducerTests.swift; sourceTree = "<group>"; };
		581804C51F3F8F19002184E3 /* InitializeNavigationState.json */ = {isa = PBXFileReference; lastKnownFileType = text.json; path = InitializeNavigationState.json; sourceTree = "<group>"; };
		58195FE71F3FA0350053B3D3 /* BaseStateTest.swift */ = {isa = PBXFileReference; lastKnownFileType = sourcecode.swift; path = BaseStateTest.swift; sourceTree = "<group>"; };
		58195FEB1F3FA1140053B3D3 /* RoutesLoaded.json */ = {isa = PBXFileReference; lastKnownFileType = text.json; path = RoutesLoaded.json; sourceTree = "<group>"; };
		58195FEC1F3FA1480053B3D3 /* PresentModal.json */ = {isa = PBXFileReference; lastKnownFileType = text.json; path = PresentModal.json; sourceTree = "<group>"; };
		58195FED1F3FA1500053B3D3 /* DismissModal.json */ = {isa = PBXFileReference; lastKnownFileType = text.json; path = DismissModal.json; sourceTree = "<group>"; };
		58195FEE1F3FA1790053B3D3 /* RouteSelected.json */ = {isa = PBXFileReference; lastKnownFileType = text.json; path = RouteSelected.json; sourceTree = "<group>"; };
		58195FEF1F3FA1830053B3D3 /* TransitModeSelected.json */ = {isa = PBXFileReference; lastKnownFileType = text.json; path = TransitModeSelected.json; sourceTree = "<group>"; };
		581DA5491F3BE1C8006AEC39 /* IdentifiableController.swift */ = {isa = PBXFileReference; lastKnownFileType = sourcecode.swift; path = IdentifiableController.swift; sourceTree = "<group>"; };
		581DA54E1F3BF102006AEC39 /* ViewTransitionType.swift */ = {isa = PBXFileReference; lastKnownFileType = sourcecode.swift; path = ViewTransitionType.swift; sourceTree = "<group>"; };
		582531941F406E790088D056 /* DefaultPreferences.plist */ = {isa = PBXFileReference; lastKnownFileType = text.plist.xml; path = DefaultPreferences.plist; sourceTree = "<group>"; };
		582531971F40707C0088D056 /* DefaultPreferencesLoader.swift */ = {isa = PBXFileReference; lastKnownFileType = sourcecode.swift; path = DefaultPreferencesLoader.swift; sourceTree = "<group>"; };
		582531991F407D380088D056 /* UserDefaultsLoader.swift */ = {isa = PBXFileReference; lastKnownFileType = sourcecode.swift; path = UserDefaultsLoader.swift; sourceTree = "<group>"; };
		5825319B1F408C2D0088D056 /* UserPreferencesStatePersister.swift */ = {isa = PBXFileReference; lastKnownFileType = sourcecode.swift; path = UserPreferencesStatePersister.swift; sourceTree = "<group>"; };
		5825319D1F40940B0088D056 /* UserPreferencesProviderProtocol.swift */ = {isa = PBXFileReference; lastKnownFileType = sourcecode.swift; path = UserPreferencesProviderProtocol.swift; sourceTree = "<group>"; };
		58290E401F372B51000CCF3C /* AppState.swift */ = {isa = PBXFileReference; lastKnownFileType = sourcecode.swift; path = AppState.swift; sourceTree = "<group>"; };
		58290E431F372BB9000CCF3C /* AppStateReducer.swift */ = {isa = PBXFileReference; lastKnownFileType = sourcecode.swift; path = AppStateReducer.swift; sourceTree = "<group>"; };
		58290E491F372CAD000CCF3C /* AppStateReducerTests.swift */ = {isa = PBXFileReference; fileEncoding = 4; lastKnownFileType = sourcecode.swift; path = AppStateReducerTests.swift; sourceTree = "<group>"; };
		58290E4F1F372DDC000CCF3C /* NavigationActions.swift */ = {isa = PBXFileReference; lastKnownFileType = sourcecode.swift; path = NavigationActions.swift; sourceTree = "<group>"; };
		58290E521F372F36000CCF3C /* ScheduleState.swift */ = {isa = PBXFileReference; lastKnownFileType = sourcecode.swift; path = ScheduleState.swift; sourceTree = "<group>"; };
		582F4E7E1F33B1120062A546 /* AppDelegate.swift */ = {isa = PBXFileReference; fileEncoding = 4; lastKnownFileType = sourcecode.swift; path = AppDelegate.swift; sourceTree = "<group>"; };
		582F4E801F33B1120062A546 /* DateFormatters.swift */ = {isa = PBXFileReference; fileEncoding = 4; lastKnownFileType = sourcecode.swift; path = DateFormatters.swift; sourceTree = "<group>"; };
		582F4E831F33B1120062A546 /* SingleStringCell.swift */ = {isa = PBXFileReference; fileEncoding = 4; lastKnownFileType = sourcecode.swift; path = SingleStringCell.swift; sourceTree = "<group>"; };
		582F4E861F33B1120062A546 /* about.storyboard */ = {isa = PBXFileReference; fileEncoding = 4; lastKnownFileType = file.storyboard; path = about.storyboard; sourceTree = "<group>"; };
		582F4E881F33B1120062A546 /* Alert.swift */ = {isa = PBXFileReference; fileEncoding = 4; lastKnownFileType = sourcecode.swift; path = Alert.swift; sourceTree = "<group>"; };
		582F4E891F33B1120062A546 /* alerts.storyboard */ = {isa = PBXFileReference; fileEncoding = 4; lastKnownFileType = file.storyboard; path = alerts.storyboard; sourceTree = "<group>"; };
		582F4E8B1F33B1120062A546 /* contact.storyboard */ = {isa = PBXFileReference; fileEncoding = 4; lastKnownFileType = file.storyboard; path = contact.storyboard; sourceTree = "<group>"; };
		582F4E8D1F33B1120062A546 /* fares.storyboard */ = {isa = PBXFileReference; fileEncoding = 4; lastKnownFileType = file.storyboard; path = fares.storyboard; sourceTree = "<group>"; };
		582F4E8F1F33B1120062A546 /* favorites.storyboard */ = {isa = PBXFileReference; fileEncoding = 4; lastKnownFileType = file.storyboard; path = favorites.storyboard; sourceTree = "<group>"; };
		582F4E911F33B1120062A546 /* nextToArrive.storyboard */ = {isa = PBXFileReference; fileEncoding = 4; lastKnownFileType = file.storyboard; path = nextToArrive.storyboard; sourceTree = "<group>"; };
		582F4E921F33B1120062A546 /* NextToArriveViewController.swift */ = {isa = PBXFileReference; fileEncoding = 4; lastKnownFileType = sourcecode.swift; path = NextToArriveViewController.swift; sourceTree = "<group>"; };
		582F4E951F33B1120062A546 /* SelectRouteViewController.swift */ = {isa = PBXFileReference; fileEncoding = 4; lastKnownFileType = sourcecode.swift; path = SelectRouteViewController.swift; sourceTree = "<group>"; };
		582F4E961F33B1120062A546 /* RoutesViewModel.swift */ = {isa = PBXFileReference; fileEncoding = 4; lastKnownFileType = sourcecode.swift; path = RoutesViewModel.swift; sourceTree = "<group>"; };
		582F4E971F33B1120062A546 /* RouteTableViewCell.swift */ = {isa = PBXFileReference; fileEncoding = 4; lastKnownFileType = sourcecode.swift; path = RouteTableViewCell.swift; sourceTree = "<group>"; };
		582F4E9A1F33B1120062A546 /* TripScheduleViewController.swift */ = {isa = PBXFileReference; fileEncoding = 4; lastKnownFileType = sourcecode.swift; path = TripScheduleViewController.swift; sourceTree = "<group>"; };
		582F4E9B1F33B1120062A546 /* RouteSheduleViewModel.swift */ = {isa = PBXFileReference; fileEncoding = 4; lastKnownFileType = sourcecode.swift; path = RouteSheduleViewModel.swift; sourceTree = "<group>"; };
		582F4E9C1F33B1120062A546 /* ScheduleTableViewCell.swift */ = {isa = PBXFileReference; fileEncoding = 4; lastKnownFileType = sourcecode.swift; path = ScheduleTableViewCell.swift; sourceTree = "<group>"; };
		582F4E9D1F33B1120062A546 /* schedules.storyboard */ = {isa = PBXFileReference; fileEncoding = 4; lastKnownFileType = file.storyboard; path = schedules.storyboard; sourceTree = "<group>"; };
		582F4EA01F33B1120062A546 /* SelectStopViewModel.swift */ = {isa = PBXFileReference; fileEncoding = 4; lastKnownFileType = sourcecode.swift; path = SelectStopViewModel.swift; sourceTree = "<group>"; };
		582F4EA31F33B1120062A546 /* SelectedStopType.swift */ = {isa = PBXFileReference; fileEncoding = 4; lastKnownFileType = sourcecode.swift; path = SelectedStopType.swift; sourceTree = "<group>"; };
		582F4EA41F33B1120062A546 /* SelectStopCellType.swift */ = {isa = PBXFileReference; fileEncoding = 4; lastKnownFileType = sourcecode.swift; path = SelectStopCellType.swift; sourceTree = "<group>"; };
		582F4EA51F33B1120062A546 /* SelectStopRow.swift */ = {isa = PBXFileReference; fileEncoding = 4; lastKnownFileType = sourcecode.swift; path = SelectStopRow.swift; sourceTree = "<group>"; };
		582F4EA61F33B1120062A546 /* SelectStopsFooterView.xib */ = {isa = PBXFileReference; fileEncoding = 4; lastKnownFileType = file.xib; path = SelectStopsFooterView.xib; sourceTree = "<group>"; };
		582F4EA71F33B1120062A546 /* SelectStopsViewController.swift */ = {isa = PBXFileReference; fileEncoding = 4; lastKnownFileType = sourcecode.swift; path = SelectStopsViewController.swift; sourceTree = "<group>"; };
		582F4EA81F33B1120062A546 /* SelectStopsViewElement.swift */ = {isa = PBXFileReference; fileEncoding = 4; lastKnownFileType = sourcecode.swift; path = SelectStopsViewElement.swift; sourceTree = "<group>"; };
		582F4EA91F33B1120062A546 /* SelectStopsViewModel.swift */ = {isa = PBXFileReference; fileEncoding = 4; lastKnownFileType = sourcecode.swift; path = SelectStopsViewModel.swift; sourceTree = "<group>"; };
		582F4EAA1F33B1120062A546 /* SelectSchedulesViewController.swift */ = {isa = PBXFileReference; fileEncoding = 4; lastKnownFileType = sourcecode.swift; path = SelectSchedulesViewController.swift; sourceTree = "<group>"; };
		582F4EAC1F33B1120062A546 /* settings.storyboard */ = {isa = PBXFileReference; fileEncoding = 4; lastKnownFileType = file.storyboard; path = settings.storyboard; sourceTree = "<group>"; };
		582F4EAD1F33B1120062A546 /* Info.plist */ = {isa = PBXFileReference; fileEncoding = 4; lastKnownFileType = text.plist.xml; path = Info.plist; sourceTree = "<group>"; };
		582F4EAF1F33B1120062A546 /* Assets.xcassets */ = {isa = PBXFileReference; lastKnownFileType = folder.assetcatalog; path = Assets.xcassets; sourceTree = "<group>"; };
		582F4EB21F33B1120062A546 /* ViewModelDelegate.swift */ = {isa = PBXFileReference; fileEncoding = 4; lastKnownFileType = sourcecode.swift; path = ViewModelDelegate.swift; sourceTree = "<group>"; };
		582F4EB51F33B1120062A546 /* Base */ = {isa = PBXFileReference; lastKnownFileType = file.storyboard; name = Base; path = Base.lproj/Main.storyboard; sourceTree = "<group>"; };
		582F4EB61F33B1120062A546 /* MainViewController.swift */ = {isa = PBXFileReference; fileEncoding = 4; lastKnownFileType = sourcecode.swift; path = MainViewController.swift; sourceTree = "<group>"; };
		582F4EB91F33B1120062A546 /* Base */ = {isa = PBXFileReference; lastKnownFileType = file.storyboard; name = Base; path = LaunchScreen.storyboard; sourceTree = "<group>"; };
		582F4F241F33B2400062A546 /* Septa-Bridging-Header.h */ = {isa = PBXFileReference; fileEncoding = 4; lastKnownFileType = sourcecode.c.h; path = "Septa-Bridging-Header.h"; sourceTree = "<group>"; };
		5840D6D21F376D9C00C8CB76 /* MainNavigationController.swift */ = {isa = PBXFileReference; lastKnownFileType = sourcecode.swift; path = MainNavigationController.swift; sourceTree = "<group>"; };
		5840D6D41F376E5E00C8CB76 /* NavigationStackState.swift */ = {isa = PBXFileReference; lastKnownFileType = sourcecode.swift; path = NavigationStackState.swift; sourceTree = "<group>"; };
		5840D6D61F37728B00C8CB76 /* NavigationController.swift */ = {isa = PBXFileReference; lastKnownFileType = sourcecode.swift; path = NavigationController.swift; sourceTree = "<group>"; };
		5840D6DB1F37925A00C8CB76 /* SchedulesNavigationViewController.swift */ = {isa = PBXFileReference; lastKnownFileType = sourcecode.swift; path = SchedulesNavigationViewController.swift; sourceTree = "<group>"; };
		5840D6DF1F37E5FB00C8CB76 /* ScheduleReducer.swift */ = {isa = PBXFileReference; lastKnownFileType = sourcecode.swift; path = ScheduleReducer.swift; sourceTree = "<group>"; };
		5840D6E21F37E9FB00C8CB76 /* UserPreferencesProvider.swift */ = {isa = PBXFileReference; lastKnownFileType = sourcecode.swift; path = UserPreferencesProvider.swift; sourceTree = "<group>"; };
		5840D6E41F37EA1900C8CB76 /* ScheduleProvider.swift */ = {isa = PBXFileReference; lastKnownFileType = sourcecode.swift; path = ScheduleProvider.swift; sourceTree = "<group>"; };
		5840D6E61F37EAEF00C8CB76 /* UserPreferencesKeys.swift */ = {isa = PBXFileReference; lastKnownFileType = sourcecode.swift; path = UserPreferencesKeys.swift; sourceTree = "<group>"; };
		5840D6E81F37EE6500C8CB76 /* Providers.swift */ = {isa = PBXFileReference; lastKnownFileType = sourcecode.swift; path = Providers.swift; sourceTree = "<group>"; };
		5840D6ED1F37F63800C8CB76 /* TransitModeToolbarView.swift */ = {isa = PBXFileReference; lastKnownFileType = sourcecode.swift; path = TransitModeToolbarView.swift; sourceTree = "<group>"; };
		5840D6EF1F37F66B00C8CB76 /* SeptaDraw.swift */ = {isa = PBXFileReference; fileEncoding = 4; lastKnownFileType = sourcecode.swift; path = SeptaDraw.swift; sourceTree = "<group>"; };
		5844CA1E1F3BD9B700651223 /* NavigationState.swift */ = {isa = PBXFileReference; lastKnownFileType = sourcecode.swift; path = NavigationState.swift; sourceTree = "<group>"; };
		58470C061F3F1EF300F3C9B5 /* StateLogger.swift */ = {isa = PBXFileReference; lastKnownFileType = sourcecode.swift; path = StateLogger.swift; sourceTree = "<group>"; };
		58470C081F3F276000F3C9B5 /* NumberFormatters.swift */ = {isa = PBXFileReference; lastKnownFileType = sourcecode.swift; path = NumberFormatters.swift; sourceTree = "<group>"; };
		58470C0A1F3F2AD500F3C9B5 /* StateLogEntry.swift */ = {isa = PBXFileReference; lastKnownFileType = sourcecode.swift; path = StateLogEntry.swift; sourceTree = "<group>"; };
		585572841F3948D3004ABCD6 /* Color+Septa.swift */ = {isa = PBXFileReference; lastKnownFileType = sourcecode.swift; path = "Color+Septa.swift"; sourceTree = "<group>"; };
		585572881F395990004ABCD6 /* MockSingleCell.swift */ = {isa = PBXFileReference; lastKnownFileType = sourcecode.swift; path = MockSingleCell.swift; sourceTree = "<group>"; };
		5867462C1F35D483000F0D32 /* iSEPTATests-Bridging-Header.h */ = {isa = PBXFileReference; lastKnownFileType = sourcecode.c.h; path = "iSEPTATests-Bridging-Header.h"; sourceTree = "<group>"; };
		5867463E1F35D483000F0D32 /* RoutesViewModelTests.swift */ = {isa = PBXFileReference; fileEncoding = 4; lastKnownFileType = sourcecode.swift; path = RoutesViewModelTests.swift; sourceTree = "<group>"; };
		5867464E1F35D483000F0D32 /* SelectStopsViewModelTests.swift */ = {isa = PBXFileReference; fileEncoding = 4; lastKnownFileType = sourcecode.swift; path = SelectStopsViewModelTests.swift; sourceTree = "<group>"; };
		5880C19A1F3B4D1C00337DB2 /* ScheduleRequestReducer.swift */ = {isa = PBXFileReference; lastKnownFileType = sourcecode.swift; path = ScheduleRequestReducer.swift; sourceTree = "<group>"; };
		5880C19C1F3B702500337DB2 /* Answers.framework */ = {isa = PBXFileReference; lastKnownFileType = wrapper.framework; path = Answers.framework; sourceTree = "<group>"; };
		588F27EF1F39DD7B00D62425 /* UserPreferenceState.swift */ = {isa = PBXFileReference; lastKnownFileType = sourcecode.swift; path = UserPreferenceState.swift; sourceTree = "<group>"; };
		588F27F31F39E05A00D62425 /* PreferenceReducers.swift */ = {isa = PBXFileReference; lastKnownFileType = sourcecode.swift; path = PreferenceReducers.swift; sourceTree = "<group>"; };
		588F27F61F39E0BF00D62425 /* UserPreferenceActions.swift */ = {isa = PBXFileReference; lastKnownFileType = sourcecode.swift; path = UserPreferenceActions.swift; sourceTree = "<group>"; };
		58902EF11F41E1A000DE6F64 /* TransitMode.swift */ = {isa = PBXFileReference; lastKnownFileType = sourcecode.swift; path = TransitMode.swift; sourceTree = "<group>"; };
		5892DDEF1F3AAA5C000BA54B /* Crashlytics.framework */ = {isa = PBXFileReference; lastKnownFileType = wrapper.framework; path = Crashlytics.framework; sourceTree = "<group>"; };
		5892DDF01F3AAA5C000BA54B /* Fabric.framework */ = {isa = PBXFileReference; lastKnownFileType = wrapper.framework; path = Fabric.framework; sourceTree = "<group>"; };
		589BCC311F3D5068002FAEDE /* SchedulesPresentationController.swift */ = {isa = PBXFileReference; lastKnownFileType = sourcecode.swift; path = SchedulesPresentationController.swift; sourceTree = "<group>"; };
		58ACEADD1F3A9A9B00DC2836 /* SeptaSchedule.xcodeproj */ = {isa = PBXFileReference; lastKnownFileType = "wrapper.pb-project"; name = SeptaSchedule.xcodeproj; path = ../SeptaSchedule/SeptaSchedule.xcodeproj; sourceTree = "<group>"; };
		58B1FFD41F42EB2400AD8620 /* MapKit.framework */ = {isa = PBXFileReference; lastKnownFileType = wrapper.framework; name = MapKit.framework; path = System/Library/Frameworks/MapKit.framework; sourceTree = SDKROOT; };
		58B891C81F38B51E00BFFEFA /* ScheduleRequestReducerTests.swift */ = {isa = PBXFileReference; fileEncoding = 4; lastKnownFileType = sourcecode.swift; path = ScheduleRequestReducerTests.swift; sourceTree = "<group>"; };
		58B8920C1F38C64C00BFFEFA /* MockPreferenceProvider.swift */ = {isa = PBXFileReference; lastKnownFileType = sourcecode.swift; path = MockPreferenceProvider.swift; sourceTree = "<group>"; };
		58B8920E1F38CBA900BFFEFA /* GenericAction.swift */ = {isa = PBXFileReference; lastKnownFileType = sourcecode.swift; path = GenericAction.swift; sourceTree = "<group>"; };
		58B892141F38EFEA00BFFEFA /* SelectSchedulesViewModel.swift */ = {isa = PBXFileReference; lastKnownFileType = sourcecode.swift; path = SelectSchedulesViewModel.swift; sourceTree = "<group>"; };
		58B892161F38F7E700BFFEFA /* Strings.swift */ = {isa = PBXFileReference; lastKnownFileType = sourcecode.swift; path = Strings.swift; sourceTree = "<group>"; };
		58C181FE1F34C557002748E9 /* Storyboards.swift */ = {isa = PBXFileReference; fileEncoding = 4; lastKnownFileType = sourcecode.swift; path = Storyboards.swift; sourceTree = "<group>"; };
		58C182051F34C5B6002748E9 /* en */ = {isa = PBXFileReference; lastKnownFileType = text.plist.strings; name = en; path = en.lproj/Localizeable.strings; sourceTree = "<group>"; };
		58C2A0581F3812D600F0D6CA /* ScheduleActions.swift */ = {isa = PBXFileReference; lastKnownFileType = sourcecode.swift; path = ScheduleActions.swift; sourceTree = "<group>"; };
		58C2A0601F3895E000F0D6CA /* ViewController.swift */ = {isa = PBXFileReference; lastKnownFileType = sourcecode.swift; path = ViewController.swift; sourceTree = "<group>"; };
		58C2A0641F389B6400F0D6CA /* TransitModesToolBarViewController.swift */ = {isa = PBXFileReference; lastKnownFileType = sourcecode.swift; path = TransitModesToolBarViewController.swift; sourceTree = "<group>"; };
		58C2A0661F38A75700F0D6CA /* ScheduleRequest.swift */ = {isa = PBXFileReference; lastKnownFileType = sourcecode.swift; path = ScheduleRequest.swift; sourceTree = "<group>"; };
		58C2A0681F38AA1B00F0D6CA /* ScheduleData.swift */ = {isa = PBXFileReference; lastKnownFileType = sourcecode.swift; path = ScheduleData.swift; sourceTree = "<group>"; };
		58D9C3F01F3335BB002BE2E8 /* Septa.app */ = {isa = PBXFileReference; explicitFileType = wrapper.application; includeInIndex = 0; path = Septa.app; sourceTree = BUILT_PRODUCTS_DIR; };
		58D9C4071F3335BB002BE2E8 /* iSEPTATests.xctest */ = {isa = PBXFileReference; explicitFileType = wrapper.cfbundle; includeInIndex = 0; path = iSEPTATests.xctest; sourceTree = BUILT_PRODUCTS_DIR; };
		58D9C40D1F3335BB002BE2E8 /* Info.plist */ = {isa = PBXFileReference; lastKnownFileType = text.plist.xml; path = Info.plist; sourceTree = "<group>"; };
		58DB10F31F3B8CCF00191AED /* ScheduleDataReducer.swift */ = {isa = PBXFileReference; lastKnownFileType = sourcecode.swift; path = ScheduleDataReducer.swift; sourceTree = "<group>"; };
		58DB10F71F3B8DB400191AED /* NavigationReducer.swift */ = {isa = PBXFileReference; lastKnownFileType = sourcecode.swift; path = NavigationReducer.swift; sourceTree = "<group>"; };
		58F444FB1F3D335400A93208 /* SeptaAction.swift */ = {isa = PBXFileReference; lastKnownFileType = sourcecode.swift; path = SeptaAction.swift; sourceTree = "<group>"; };
		58F80D421F421C1F0089501A /* SelectStopNavigationController.swift */ = {isa = PBXFileReference; lastKnownFileType = sourcecode.swift; path = SelectStopNavigationController.swift; sourceTree = "<group>"; };
		58F80D441F421C4B0089501A /* SelectStopViewController.swift */ = {isa = PBXFileReference; lastKnownFileType = sourcecode.swift; path = SelectStopViewController.swift; sourceTree = "<group>"; };
		58F80D461F421C740089501A /* SelectStopByAddressViewController.swift */ = {isa = PBXFileReference; lastKnownFileType = sourcecode.swift; path = SelectStopByAddressViewController.swift; sourceTree = "<group>"; };
/* End PBXFileReference section */

/* Begin PBXFrameworksBuildPhase section */
		58D9C3ED1F3335BB002BE2E8 /* Frameworks */ = {
			isa = PBXFrameworksBuildPhase;
			buildActionMask = 2147483647;
			files = (
				58B1FFD61F42EB2500AD8620 /* MapKit.framework in Frameworks */,
				5811CD741F3A8F8F00714C08 /* ReSwift.framework in Frameworks */,
				5892DDF11F3AAA5C000BA54B /* Crashlytics.framework in Frameworks */,
				58406EB41F3A9C0900E6E04D /* SeptaSchedule.framework in Frameworks */,
				5892DDF21F3AAA5C000BA54B /* Fabric.framework in Frameworks */,
			);
			runOnlyForDeploymentPostprocessing = 0;
		};
		58D9C4041F3335BB002BE2E8 /* Frameworks */ = {
			isa = PBXFrameworksBuildPhase;
			buildActionMask = 2147483647;
			files = (
			);
			runOnlyForDeploymentPostprocessing = 0;
		};
/* End PBXFrameworksBuildPhase section */

/* Begin PBXGroup section */
		580041F81F3504D800691FDC /* Info */ = {
			isa = PBXGroup;
			children = (
				582F4EAD1F33B1120062A546 /* Info.plist */,
				582F4F241F33B2400062A546 /* Septa-Bridging-Header.h */,
				582F4E7E1F33B1120062A546 /* AppDelegate.swift */,
			);
			path = Info;
			sourceTree = "<group>";
		};
		581804C21F3F8DE5002184E3 /* Navigation */ = {
			isa = PBXGroup;
			children = (
			);
			path = Navigation;
			sourceTree = "<group>";
		};
		58195FEA1F3FA05D0053B3D3 /* Navigation */ = {
			isa = PBXGroup;
			children = (
				58195FEC1F3FA1480053B3D3 /* PresentModal.json */,
				58195FED1F3FA1500053B3D3 /* DismissModal.json */,
				581804C51F3F8F19002184E3 /* InitializeNavigationState.json */,
				581804C31F3F8DFE002184E3 /* NavigationReducerTests.swift */,
			);
			path = Navigation;
			sourceTree = "<group>";
		};
		58290E511F372F27000CCF3C /* App State */ = {
			isa = PBXGroup;
			children = (
				58DB10EF1F3B889700191AED /* Main */,
				58C2A05F1F38955E00F0D6CA /* Schedule */,
				58C2A05A1F3892E300F0D6CA /* Navigation */,
				588F27F11F39DDBF00D62425 /* UserPreference */,
			);
			path = "App State";
			sourceTree = "<group>";
		};
		582F4E7F1F33B1120062A546 /* Utlities */ = {
			isa = PBXGroup;
			children = (
				582F4E801F33B1120062A546 /* DateFormatters.swift */,
				58470C081F3F276000F3C9B5 /* NumberFormatters.swift */,
				58470C061F3F1EF300F3C9B5 /* StateLogger.swift */,
				58470C0A1F3F2AD500F3C9B5 /* StateLogEntry.swift */,
				581804BA1F3F8051002184E3 /* LoggingError.swift */,
			);
			path = Utlities;
			sourceTree = "<group>";
		};
		582F4E811F33B1120062A546 /* Common Views */ = {
			isa = PBXGroup;
			children = (
				582F4EB01F33B1120062A546 /* View Models */,
				5840D6EA1F37F60D00C8CB76 /* Toolbars */,
				582F4E821F33B1120062A546 /* Cells */,
				581DA5491F3BE1C8006AEC39 /* IdentifiableController.swift */,
			);
			path = "Common Views";
			sourceTree = "<group>";
		};
		582F4E821F33B1120062A546 /* Cells */ = {
			isa = PBXGroup;
			children = (
				5814AA861F4358D000DF774A /* SingleStringDisplayable.swift */,
				5814AA851F4358D000DF774A /* TripleTextDisplayable.swift */,
				582F4E831F33B1120062A546 /* SingleStringCell.swift */,
			);
			path = Cells;
			sourceTree = "<group>";
		};
		582F4E841F33B1120062A546 /* Features */ = {
			isa = PBXGroup;
			children = (
				582F4E851F33B1120062A546 /* About */,
				582F4E871F33B1120062A546 /* Alerts */,
				582F4E8A1F33B1120062A546 /* Contact */,
				582F4E8C1F33B1120062A546 /* FaresAndTransitInfo */,
				582F4E8E1F33B1120062A546 /* Favorites */,
				582F4E901F33B1120062A546 /* NextToArrive */,
				582F4E931F33B1120062A546 /* Schedules */,
				582F4EAB1F33B1120062A546 /* Settings */,
			);
			path = Features;
			sourceTree = "<group>";
		};
		582F4E851F33B1120062A546 /* About */ = {
			isa = PBXGroup;
			children = (
				582F4E861F33B1120062A546 /* about.storyboard */,
			);
			path = About;
			sourceTree = "<group>";
		};
		582F4E871F33B1120062A546 /* Alerts */ = {
			isa = PBXGroup;
			children = (
				582F4E881F33B1120062A546 /* Alert.swift */,
				582F4E891F33B1120062A546 /* alerts.storyboard */,
			);
			path = Alerts;
			sourceTree = "<group>";
		};
		582F4E8A1F33B1120062A546 /* Contact */ = {
			isa = PBXGroup;
			children = (
				582F4E8B1F33B1120062A546 /* contact.storyboard */,
			);
			path = Contact;
			sourceTree = "<group>";
		};
		582F4E8C1F33B1120062A546 /* FaresAndTransitInfo */ = {
			isa = PBXGroup;
			children = (
				582F4E8D1F33B1120062A546 /* fares.storyboard */,
			);
			path = FaresAndTransitInfo;
			sourceTree = "<group>";
		};
		582F4E8E1F33B1120062A546 /* Favorites */ = {
			isa = PBXGroup;
			children = (
				582F4E8F1F33B1120062A546 /* favorites.storyboard */,
			);
			path = Favorites;
			sourceTree = "<group>";
		};
		582F4E901F33B1120062A546 /* NextToArrive */ = {
			isa = PBXGroup;
			children = (
				582F4E911F33B1120062A546 /* nextToArrive.storyboard */,
				582F4E921F33B1120062A546 /* NextToArriveViewController.swift */,
			);
			path = NextToArrive;
			sourceTree = "<group>";
		};
		582F4E931F33B1120062A546 /* Schedules */ = {
			isa = PBXGroup;
			children = (
				5868897A1F42973C00B2920A /* SelectStop */,
				58B18B0D1F42424C00A7F163 /* SelectSchedule */,
				582F4E941F33B1120062A546 /* Routes */,
				582F4E9E1F33B1120062A546 /* SelectStop */,
				582F4E981F33B1120062A546 /* TripSchedule */,
				582F4E9D1F33B1120062A546 /* schedules.storyboard */,
				582F4EA11F33B1120062A546 /* SelectStops old */,
			);
			path = Schedules;
			sourceTree = "<group>";
		};
		582F4E941F33B1120062A546 /* Routes */ = {
			isa = PBXGroup;
			children = (
				582F4E951F33B1120062A546 /* SelectRouteViewController.swift */,
				582F4E961F33B1120062A546 /* RoutesViewModel.swift */,
				582F4E971F33B1120062A546 /* RouteTableViewCell.swift */,
			);
			path = Routes;
			sourceTree = "<group>";
		};
		582F4E981F33B1120062A546 /* TripSchedule */ = {
			isa = PBXGroup;
			children = (
				582F4E9A1F33B1120062A546 /* TripScheduleViewController.swift */,
				582F4E9B1F33B1120062A546 /* RouteSheduleViewModel.swift */,
				582F4E9C1F33B1120062A546 /* ScheduleTableViewCell.swift */,
			);
			path = TripSchedule;
			sourceTree = "<group>";
		};
		582F4E9E1F33B1120062A546 /* SelectStop */ = {
			isa = PBXGroup;
			children = (
				582F4EA01F33B1120062A546 /* SelectStopViewModel.swift */,
				58F80D421F421C1F0089501A /* SelectStopNavigationController.swift */,
				58F80D441F421C4B0089501A /* SelectStopViewController.swift */,
				58F80D461F421C740089501A /* SelectStopByAddressViewController.swift */,
			);
			path = SelectStop;
			sourceTree = "<group>";
		};
		582F4EA11F33B1120062A546 /* SelectStops old */ = {
			isa = PBXGroup;
			children = (
				582F4EA31F33B1120062A546 /* SelectedStopType.swift */,
				582F4EA41F33B1120062A546 /* SelectStopCellType.swift */,
				582F4EA51F33B1120062A546 /* SelectStopRow.swift */,
				582F4EA61F33B1120062A546 /* SelectStopsFooterView.xib */,
				582F4EA71F33B1120062A546 /* SelectStopsViewController.swift */,
				582F4EA81F33B1120062A546 /* SelectStopsViewElement.swift */,
				582F4EA91F33B1120062A546 /* SelectStopsViewModel.swift */,
			);
			path = "SelectStops old";
			sourceTree = "<group>";
		};
		582F4EAB1F33B1120062A546 /* Settings */ = {
			isa = PBXGroup;
			children = (
				582F4EAC1F33B1120062A546 /* settings.storyboard */,
			);
			path = Settings;
			sourceTree = "<group>";
		};
		582F4EAE1F33B1120062A546 /* Assets */ = {
			isa = PBXGroup;
			children = (
				585572841F3948D3004ABCD6 /* Color+Septa.swift */,
				582F4EAF1F33B1120062A546 /* Assets.xcassets */,
			);
			path = Assets;
			sourceTree = "<group>";
		};
		582F4EB01F33B1120062A546 /* View Models */ = {
			isa = PBXGroup;
			children = (
				582F4EB21F33B1120062A546 /* ViewModelDelegate.swift */,
			);
			path = "View Models";
			sourceTree = "<group>";
		};
		582F4EB31F33B1120062A546 /* Main */ = {
			isa = PBXGroup;
			children = (
				58C181FE1F34C557002748E9 /* Storyboards.swift */,
				582F4EB41F33B1120062A546 /* Main.storyboard */,
				582F4EB61F33B1120062A546 /* MainViewController.swift */,
				58C182061F34C5B6002748E9 /* Localizeable.strings */,
				5840D6D21F376D9C00C8CB76 /* MainNavigationController.swift */,
				58B892161F38F7E700BFFEFA /* Strings.swift */,
			);
			path = Main;
			sourceTree = "<group>";
		};
		582F4EB71F33B1120062A546 /* Base.lproj */ = {
			isa = PBXGroup;
			children = (
				582F4EB81F33B1120062A546 /* LaunchScreen.storyboard */,
			);
			path = Base.lproj;
			sourceTree = "<group>";
		};
		5840D6E11F37E9E300C8CB76 /* State Providers */ = {
			isa = PBXGroup;
			children = (
				58B8920A1F38C27700BFFEFA /* UserPreferences */,
				5840D6E41F37EA1900C8CB76 /* ScheduleProvider.swift */,
				5840D6E81F37EE6500C8CB76 /* Providers.swift */,
			);
			path = "State Providers";
			sourceTree = "<group>";
		};
		5840D6EA1F37F60D00C8CB76 /* Toolbars */ = {
			isa = PBXGroup;
			children = (
				5840D6EF1F37F66B00C8CB76 /* SeptaDraw.swift */,
				5840D6ED1F37F63800C8CB76 /* TransitModeToolbarView.swift */,
			);
			path = Toolbars;
			sourceTree = "<group>";
		};
		5868897A1F42973C00B2920A /* SelectStop */ = {
			isa = PBXGroup;
			children = (
			);
			name = SelectStop;
			path = "New Group";
			sourceTree = "<group>";
		};
		588F27F11F39DDBF00D62425 /* UserPreference */ = {
			isa = PBXGroup;
			children = (
				588F27F81F39E14300D62425 /* StateObjects */,
				588F27F51F39E0AE00D62425 /* Actions */,
				588F27F21F39E03A00D62425 /* Reducers */,
				582531941F406E790088D056 /* DefaultPreferences.plist */,
			);
			path = UserPreference;
			sourceTree = "<group>";
		};
		588F27F21F39E03A00D62425 /* Reducers */ = {
			isa = PBXGroup;
			children = (
				588F27F31F39E05A00D62425 /* PreferenceReducers.swift */,
			);
			path = Reducers;
			sourceTree = "<group>";
		};
		588F27F51F39E0AE00D62425 /* Actions */ = {
			isa = PBXGroup;
			children = (
				588F27F61F39E0BF00D62425 /* UserPreferenceActions.swift */,
			);
			path = Actions;
			sourceTree = "<group>";
		};
		588F27F81F39E14300D62425 /* StateObjects */ = {
			isa = PBXGroup;
			children = (
				588F27EF1F39DD7B00D62425 /* UserPreferenceState.swift */,
			);
			path = StateObjects;
			sourceTree = "<group>";
		};
		588F27F91F39E15500D62425 /* StateObjects */ = {
			isa = PBXGroup;
			children = (
				58290E521F372F36000CCF3C /* ScheduleState.swift */,
				58C2A0681F38AA1B00F0D6CA /* ScheduleData.swift */,
				58C2A0661F38A75700F0D6CA /* ScheduleRequest.swift */,
				58902EF11F41E1A000DE6F64 /* TransitMode.swift */,
			);
			path = StateObjects;
			sourceTree = "<group>";
		};
		588F27FA1F39E15C00D62425 /* Actions */ = {
			isa = PBXGroup;
			children = (
				58C2A0581F3812D600F0D6CA /* ScheduleActions.swift */,
			);
			path = Actions;
			sourceTree = "<group>";
		};
		588F27FB1F39E16200D62425 /* Reducers */ = {
			isa = PBXGroup;
			children = (
				5840D6DF1F37E5FB00C8CB76 /* ScheduleReducer.swift */,
				58DB10F11F3B891D00191AED /* SubReducers */,
			);
			path = Reducers;
			sourceTree = "<group>";
		};
		588F27FC1F39E18A00D62425 /* StateObjects */ = {
			isa = PBXGroup;
			children = (
				58DB10F21F3B8B8200191AED /* Enums */,
				5840D6D41F376E5E00C8CB76 /* NavigationStackState.swift */,
				5844CA1E1F3BD9B700651223 /* NavigationState.swift */,
			);
			path = StateObjects;
			sourceTree = "<group>";
		};
		588F27FD1F39E19600D62425 /* Actions */ = {
			isa = PBXGroup;
			children = (
				58290E4F1F372DDC000CCF3C /* NavigationActions.swift */,
				581DA54E1F3BF102006AEC39 /* ViewTransitionType.swift */,
			);
			path = Actions;
			sourceTree = "<group>";
		};
		588F27FF1F39E29200D62425 /* App State */ = {
			isa = PBXGroup;
			children = (
				58195FEA1F3FA05D0053B3D3 /* Navigation */,
				58290E491F372CAD000CCF3C /* AppStateReducerTests.swift */,
				588F28021F39E2BC00D62425 /* Schedule */,
				58195FE71F3FA0350053B3D3 /* BaseStateTest.swift */,
			);
			path = "App State";
			sourceTree = "<group>";
		};
		588F28021F39E2BC00D62425 /* Schedule */ = {
			isa = PBXGroup;
			children = (
				58195FEF1F3FA1830053B3D3 /* TransitModeSelected.json */,
				58195FEB1F3FA1140053B3D3 /* RoutesLoaded.json */,
				58195FEE1F3FA1790053B3D3 /* RouteSelected.json */,
				58B891C81F38B51E00BFFEFA /* ScheduleRequestReducerTests.swift */,
			);
			path = Schedule;
			sourceTree = "<group>";
		};
		588F28031F39E2D600D62425 /* ViewModel */ = {
			isa = PBXGroup;
			children = (
				581804C21F3F8DE5002184E3 /* Navigation */,
				5867463E1F35D483000F0D32 /* RoutesViewModelTests.swift */,
				5867464E1F35D483000F0D32 /* SelectStopsViewModelTests.swift */,
			);
			path = ViewModel;
			sourceTree = "<group>";
		};
		58ACEADE1F3A9A9B00DC2836 /* Products */ = {
			isa = PBXGroup;
			children = (
				58ACEAE31F3A9A9B00DC2836 /* SeptaSchedule.framework */,
				58ACEAE51F3A9A9B00DC2836 /* SeptaScheduleTests.xctest */,
			);
			name = Products;
			sourceTree = "<group>";
		};
		58B18B0D1F42424C00A7F163 /* SelectSchedule */ = {
			isa = PBXGroup;
			children = (
				5800FF7E1F434905003AB7C0 /* RouteSelectedTableViewCell.swift */,
				582F4EAA1F33B1120062A546 /* SelectSchedulesViewController.swift */,
				58B892141F38EFEA00BFFEFA /* SelectSchedulesViewModel.swift */,
				58C2A0641F389B6400F0D6CA /* TransitModesToolBarViewController.swift */,
				5840D6DB1F37925A00C8CB76 /* SchedulesNavigationViewController.swift */,
				589BCC311F3D5068002FAEDE /* SchedulesPresentationController.swift */,
			);
			path = SelectSchedule;
			sourceTree = "<group>";
		};
		58B8920A1F38C27700BFFEFA /* UserPreferences */ = {
			isa = PBXGroup;
			children = (
				5840D6E21F37E9FB00C8CB76 /* UserPreferencesProvider.swift */,
				5825319D1F40940B0088D056 /* UserPreferencesProviderProtocol.swift */,
				582531971F40707C0088D056 /* DefaultPreferencesLoader.swift */,
				5825319B1F408C2D0088D056 /* UserPreferencesStatePersister.swift */,
				5840D6E61F37EAEF00C8CB76 /* UserPreferencesKeys.swift */,
				582531991F407D380088D056 /* UserDefaultsLoader.swift */,
			);
			path = UserPreferences;
			sourceTree = "<group>";
		};
		58B8920B1F38C63B00BFFEFA /* MockObjects */ = {
			isa = PBXGroup;
			children = (
				58B8920C1F38C64C00BFFEFA /* MockPreferenceProvider.swift */,
				58B8920E1F38CBA900BFFEFA /* GenericAction.swift */,
				585572881F395990004ABCD6 /* MockSingleCell.swift */,
			);
			path = MockObjects;
			sourceTree = "<group>";
		};
		58C2A05A1F3892E300F0D6CA /* Navigation */ = {
			isa = PBXGroup;
			children = (
				58DB10F51F3B8D9000191AED /* Reducers */,
				588F27FD1F39E19600D62425 /* Actions */,
				588F27FC1F39E18A00D62425 /* StateObjects */,
			);
			path = Navigation;
			sourceTree = "<group>";
		};
		58C2A05F1F38955E00F0D6CA /* Schedule */ = {
			isa = PBXGroup;
			children = (
				588F27FB1F39E16200D62425 /* Reducers */,
				588F27FA1F39E15C00D62425 /* Actions */,
				588F27F91F39E15500D62425 /* StateObjects */,
			);
			path = Schedule;
			sourceTree = "<group>";
		};
		58D9C3E71F3335BB002BE2E8 = {
			isa = PBXGroup;
			children = (
				5880C19C1F3B702500337DB2 /* Answers.framework */,
				5892DDEF1F3AAA5C000BA54B /* Crashlytics.framework */,
				5892DDF01F3AAA5C000BA54B /* Fabric.framework */,
				58ACEADD1F3A9A9B00DC2836 /* SeptaSchedule.xcodeproj */,
				58D9C3F21F3335BB002BE2E8 /* iSEPTA */,
				58D9C40A1F3335BB002BE2E8 /* iSEPTATests */,
				58D9C3F11F3335BB002BE2E8 /* Products */,
				58D9C4161F33362C002BE2E8 /* Frameworks */,
			);
			sourceTree = "<group>";
		};
		58D9C3F11F3335BB002BE2E8 /* Products */ = {
			isa = PBXGroup;
			children = (
				58D9C3F01F3335BB002BE2E8 /* Septa.app */,
				58D9C4071F3335BB002BE2E8 /* iSEPTATests.xctest */,
			);
			name = Products;
			sourceTree = "<group>";
		};
		58D9C3F21F3335BB002BE2E8 /* iSEPTA */ = {
			isa = PBXGroup;
			children = (
				5840D6E11F37E9E300C8CB76 /* State Providers */,
				58290E511F372F27000CCF3C /* App State */,
				580041F81F3504D800691FDC /* Info */,
				582F4EAE1F33B1120062A546 /* Assets */,
				582F4EB71F33B1120062A546 /* Base.lproj */,
				582F4E841F33B1120062A546 /* Features */,
				582F4EB31F33B1120062A546 /* Main */,
				582F4E7F1F33B1120062A546 /* Utlities */,
				582F4E811F33B1120062A546 /* Common Views */,
			);
			path = iSEPTA;
			sourceTree = "<group>";
		};
		58D9C40A1F3335BB002BE2E8 /* iSEPTATests */ = {
			isa = PBXGroup;
			children = (
				588F28031F39E2D600D62425 /* ViewModel */,
				588F27FF1F39E29200D62425 /* App State */,
				58B8920B1F38C63B00BFFEFA /* MockObjects */,
				58D9C40D1F3335BB002BE2E8 /* Info.plist */,
				5867462C1F35D483000F0D32 /* iSEPTATests-Bridging-Header.h */,
			);
			path = iSEPTATests;
			sourceTree = "<group>";
		};
		58D9C4161F33362C002BE2E8 /* Frameworks */ = {
			isa = PBXGroup;
			children = (
				58B1FFD41F42EB2400AD8620 /* MapKit.framework */,
				5811CD721F3A8D1F00714C08 /* ReSwift.framework */,
			);
			name = Frameworks;
			sourceTree = "<group>";
		};
		58DB10EF1F3B889700191AED /* Main */ = {
			isa = PBXGroup;
			children = (
				58290E401F372B51000CCF3C /* AppState.swift */,
				581804BC1F3F838B002184E3 /* CodableAppState.swift */,
				581804BE1F3F8479002184E3 /* EquatableAppState.swift */,
				58290E431F372BB9000CCF3C /* AppStateReducer.swift */,
				58F444FB1F3D335400A93208 /* SeptaAction.swift */,
			);
			path = Main;
			sourceTree = "<group>";
		};
		58DB10F11F3B891D00191AED /* SubReducers */ = {
			isa = PBXGroup;
			children = (
				5880C19A1F3B4D1C00337DB2 /* ScheduleRequestReducer.swift */,
				58DB10F31F3B8CCF00191AED /* ScheduleDataReducer.swift */,
			);
			path = SubReducers;
			sourceTree = "<group>";
		};
		58DB10F21F3B8B8200191AED /* Enums */ = {
			isa = PBXGroup;
			children = (
				58C2A0601F3895E000F0D6CA /* ViewController.swift */,
				5840D6D61F37728B00C8CB76 /* NavigationController.swift */,
			);
			path = Enums;
			sourceTree = "<group>";
		};
		58DB10F51F3B8D9000191AED /* Reducers */ = {
			isa = PBXGroup;
			children = (
				58DB10F61F3B8D9B00191AED /* New Group */,
				58DB10F71F3B8DB400191AED /* NavigationReducer.swift */,
			);
			path = Reducers;
			sourceTree = "<group>";
		};
		58DB10F61F3B8D9B00191AED /* New Group */ = {
			isa = PBXGroup;
			children = (
			);
			path = "New Group";
			sourceTree = "<group>";
		};
/* End PBXGroup section */

/* Begin PBXNativeTarget section */
		58D9C3EF1F3335BB002BE2E8 /* iSEPTA */ = {
			isa = PBXNativeTarget;
			buildConfigurationList = 58D9C4101F3335BB002BE2E8 /* Build configuration list for PBXNativeTarget "iSEPTA" */;
			buildPhases = (
				58D9C3EC1F3335BB002BE2E8 /* Sources */,
				58D9C3ED1F3335BB002BE2E8 /* Frameworks */,
				58D9C3EE1F3335BB002BE2E8 /* Resources */,
				585F585A1F3377EF00D3ED6C /* Copy Carthage Frameworks */,
				58552F9B1F335272008C1886 /* CopyFiles */,
				5892DDE71F3AA3CA000BA54B /* Crashlytics */,
			);
			buildRules = (
			);
			dependencies = (
				58406EB31F3A9AE200E6E04D /* PBXTargetDependency */,
			);
			name = iSEPTA;
			productName = iSEPTA;
			productReference = 58D9C3F01F3335BB002BE2E8 /* Septa.app */;
			productType = "com.apple.product-type.application";
		};
		58D9C4061F3335BB002BE2E8 /* iSEPTATests */ = {
			isa = PBXNativeTarget;
			buildConfigurationList = 58D9C4131F3335BB002BE2E8 /* Build configuration list for PBXNativeTarget "iSEPTATests" */;
			buildPhases = (
				58D9C4031F3335BB002BE2E8 /* Sources */,
				58D9C4041F3335BB002BE2E8 /* Frameworks */,
				58D9C4051F3335BB002BE2E8 /* Resources */,
			);
			buildRules = (
			);
			dependencies = (
				58F9FB751F3387620036F3FA /* PBXTargetDependency */,
			);
			name = iSEPTATests;
			productName = iSEPTATests;
			productReference = 58D9C4071F3335BB002BE2E8 /* iSEPTATests.xctest */;
			productType = "com.apple.product-type.bundle.unit-test";
		};
/* End PBXNativeTarget section */

/* Begin PBXProject section */
		58D9C3E81F3335BB002BE2E8 /* Project object */ = {
			isa = PBXProject;
			attributes = {
				LastSwiftUpdateCheck = 0900;
				LastUpgradeCheck = 0900;
				ORGANIZATIONNAME = "Mark Broski";
				TargetAttributes = {
					58D9C3EF1F3335BB002BE2E8 = {
						CreatedOnToolsVersion = 9.0;
						LastSwiftMigration = 0900;
						ProvisioningStyle = Manual;
					};
					58D9C4061F3335BB002BE2E8 = {
						CreatedOnToolsVersion = 9.0;
						LastSwiftMigration = 0900;
						TestTargetID = 58D9C3EF1F3335BB002BE2E8;
					};
				};
			};
			buildConfigurationList = 58D9C3EB1F3335BB002BE2E8 /* Build configuration list for PBXProject "iSEPTA" */;
			compatibilityVersion = "Xcode 8.0";
			developmentRegion = en;
			hasScannedForEncodings = 0;
			knownRegions = (
				en,
				Base,
			);
			mainGroup = 58D9C3E71F3335BB002BE2E8;
			productRefGroup = 58D9C3F11F3335BB002BE2E8 /* Products */;
			projectDirPath = "";
			projectReferences = (
				{
					ProductGroup = 58ACEADE1F3A9A9B00DC2836 /* Products */;
					ProjectRef = 58ACEADD1F3A9A9B00DC2836 /* SeptaSchedule.xcodeproj */;
				},
			);
			projectRoot = "";
			targets = (
				58D9C3EF1F3335BB002BE2E8 /* iSEPTA */,
				58D9C4061F3335BB002BE2E8 /* iSEPTATests */,
			);
		};
/* End PBXProject section */

/* Begin PBXReferenceProxy section */
		58ACEAE31F3A9A9B00DC2836 /* SeptaSchedule.framework */ = {
			isa = PBXReferenceProxy;
			fileType = wrapper.framework;
			path = SeptaSchedule.framework;
			remoteRef = 58ACEAE21F3A9A9B00DC2836 /* PBXContainerItemProxy */;
			sourceTree = BUILT_PRODUCTS_DIR;
		};
		58ACEAE51F3A9A9B00DC2836 /* SeptaScheduleTests.xctest */ = {
			isa = PBXReferenceProxy;
			fileType = wrapper.cfbundle;
			path = SeptaScheduleTests.xctest;
			remoteRef = 58ACEAE41F3A9A9B00DC2836 /* PBXContainerItemProxy */;
			sourceTree = BUILT_PRODUCTS_DIR;
		};
/* End PBXReferenceProxy section */

/* Begin PBXResourcesBuildPhase section */
		58D9C3EE1F3335BB002BE2E8 /* Resources */ = {
			isa = PBXResourcesBuildPhase;
			buildActionMask = 2147483647;
			files = (
				582F4EC21F33B1120062A546 /* fares.storyboard in Resources */,
				582F4EBE1F33B1120062A546 /* about.storyboard in Resources */,
				582F4ED41F33B1120062A546 /* SelectStopsFooterView.xib in Resources */,
				582F4ECD1F33B1120062A546 /* schedules.storyboard in Resources */,
				582F4EC01F33B1120062A546 /* alerts.storyboard in Resources */,
				582F4EC41F33B1120062A546 /* nextToArrive.storyboard in Resources */,
				582F4EDE1F33B1120062A546 /* Main.storyboard in Resources */,
				582F4EC31F33B1120062A546 /* favorites.storyboard in Resources */,
				58C182041F34C5B6002748E9 /* Localizeable.strings in Resources */,
				582F4EC11F33B1120062A546 /* contact.storyboard in Resources */,
				582531951F406E790088D056 /* DefaultPreferences.plist in Resources */,
				582F4EE01F33B1120062A546 /* LaunchScreen.storyboard in Resources */,
				582F4EDB1F33B1120062A546 /* Assets.xcassets in Resources */,
				582F4ED91F33B1120062A546 /* settings.storyboard in Resources */,
			);
			runOnlyForDeploymentPostprocessing = 0;
		};
		58D9C4051F3335BB002BE2E8 /* Resources */ = {
			isa = PBXResourcesBuildPhase;
			buildActionMask = 2147483647;
			files = (
				58195FF01F3FA1C90053B3D3 /* PresentModal.json in Resources */,
				58195FF11F3FA1C90053B3D3 /* DismissModal.json in Resources */,
				58195FF21F3FA1C90053B3D3 /* TransitModeSelected.json in Resources */,
				58195FF31F3FA1C90053B3D3 /* RoutesLoaded.json in Resources */,
				58195FF41F3FA1C90053B3D3 /* RouteSelected.json in Resources */,
				58FC9D9D1F3F9CB0004269DE /* InitializeNavigationState.json in Resources */,
			);
			runOnlyForDeploymentPostprocessing = 0;
		};
/* End PBXResourcesBuildPhase section */

/* Begin PBXShellScriptBuildPhase section */
		585F585A1F3377EF00D3ED6C /* Copy Carthage Frameworks */ = {
			isa = PBXShellScriptBuildPhase;
			buildActionMask = 2147483647;
			files = (
			);
			inputPaths = (
				"$(SRCROOT)/Frameworks/ReSwift.framework",
				"$(SRCROOT)/Frameworks/Zip.framework",
				"$(SRCROOT)/Frameworks/SQLite.framework",
			);
			name = "Copy Carthage Frameworks";
			outputPaths = (
				"$(BUILT_PRODUCTS_DIR)/$(FRAMEWORKS_FOLDER_PATH)/ReSwift.framework",
				"$(BUILT_PRODUCTS_DIR)/$(FRAMEWORKS_FOLDER_PATH)/Zip.framework",
				"$(BUILT_PRODUCTS_DIR)/$(FRAMEWORKS_FOLDER_PATH)/SQLite.framework",
			);
			runOnlyForDeploymentPostprocessing = 0;
			shellPath = /bin/sh;
			shellScript = "carthage copy-frameworks";
		};
		5892DDE71F3AA3CA000BA54B /* Crashlytics */ = {
			isa = PBXShellScriptBuildPhase;
			buildActionMask = 2147483647;
			files = (
			);
			inputPaths = (
			);
			name = Crashlytics;
			outputPaths = (
			);
			runOnlyForDeploymentPostprocessing = 0;
			shellPath = /bin/sh;
			shellScript = "\"${PROJECT_DIR}/Fabric.framework/run\" 573b4f7ab920a4fcd9f2da4d08fae80cefad40fe ee0c297d8103d2326ae8b9b2ebfe34df4f517b2d85ad6183b2fef9aad7cc7119\n\n";
		};
/* End PBXShellScriptBuildPhase section */

/* Begin PBXSourcesBuildPhase section */
		58D9C3EC1F3335BB002BE2E8 /* Sources */ = {
			isa = PBXSourcesBuildPhase;
			buildActionMask = 2147483647;
			files = (
				58C2A0651F389B6400F0D6CA /* TransitModesToolBarViewController.swift in Sources */,
				58470C091F3F276000F3C9B5 /* NumberFormatters.swift in Sources */,
				588F27F01F39DD7B00D62425 /* UserPreferenceState.swift in Sources */,
				5825319A1F407D380088D056 /* UserDefaultsLoader.swift in Sources */,
				581804BF1F3F8479002184E3 /* EquatableAppState.swift in Sources */,
				582F4EDD1F33B1120062A546 /* ViewModelDelegate.swift in Sources */,
				582F4ED31F33B1120062A546 /* SelectStopRow.swift in Sources */,
				582F4EBC1F33B1120062A546 /* DateFormatters.swift in Sources */,
				582F4EC81F33B1120062A546 /* RouteTableViewCell.swift in Sources */,
				582F4ED11F33B1120062A546 /* SelectedStopType.swift in Sources */,
				5840D6D31F376D9C00C8CB76 /* MainNavigationController.swift in Sources */,
				5840D6EE1F37F63800C8CB76 /* TransitModeToolbarView.swift in Sources */,
				582531981F40707C0088D056 /* DefaultPreferencesLoader.swift in Sources */,
				58B892151F38EFEA00BFFEFA /* SelectSchedulesViewModel.swift in Sources */,
				582F4ECC1F33B1120062A546 /* ScheduleTableViewCell.swift in Sources */,
				585572861F39499D004ABCD6 /* Color+Septa.swift in Sources */,
				582F4EBB1F33B1120062A546 /* AppDelegate.swift in Sources */,
				5844CA1F1F3BD9B700651223 /* NavigationState.swift in Sources */,
				582F4ED21F33B1120062A546 /* SelectStopCellType.swift in Sources */,
				582F4EBD1F33B1120062A546 /* SingleStringCell.swift in Sources */,
				582F4EBF1F33B1120062A546 /* Alert.swift in Sources */,
				582F4EC51F33B1120062A546 /* NextToArriveViewController.swift in Sources */,
				588F27F71F39E0BF00D62425 /* UserPreferenceActions.swift in Sources */,
				58C2A0671F38A75700F0D6CA /* ScheduleRequest.swift in Sources */,
				5840D6E71F37EAEF00C8CB76 /* UserPreferencesKeys.swift in Sources */,
				582F4EDF1F33B1120062A546 /* MainViewController.swift in Sources */,
				58F80D431F421C1F0089501A /* SelectStopNavigationController.swift in Sources */,
				5840D6D51F376E5E00C8CB76 /* NavigationStackState.swift in Sources */,
				5840D6E91F37EE6500C8CB76 /* Providers.swift in Sources */,
				581804BB1F3F8051002184E3 /* LoggingError.swift in Sources */,
				582F4ED81F33B1120062A546 /* SelectSchedulesViewController.swift in Sources */,
				5814AA891F4359CC00DF774A /* SingleStringDisplayable.swift in Sources */,
				582F4EC71F33B1120062A546 /* RoutesViewModel.swift in Sources */,
				5880C19B1F3B4D1C00337DB2 /* ScheduleRequestReducer.swift in Sources */,
				5840D6E51F37EA1900C8CB76 /* ScheduleProvider.swift in Sources */,
				5814AA841F43589E00DF774A /* RouteSheduleViewModel.swift in Sources */,
				5814AA8A1F4359D000DF774A /* TripleTextDisplayable.swift in Sources */,
				58290E441F372BB9000CCF3C /* AppStateReducer.swift in Sources */,
				58F80D451F421C4B0089501A /* SelectStopViewController.swift in Sources */,
				5840D6D71F37728B00C8CB76 /* NavigationController.swift in Sources */,
				58902EF21F41E1A000DE6F64 /* TransitMode.swift in Sources */,
				58C2A0691F38AA1B00F0D6CA /* ScheduleData.swift in Sources */,
				58F80D471F421C740089501A /* SelectStopByAddressViewController.swift in Sources */,
				58290E531F372F36000CCF3C /* ScheduleState.swift in Sources */,
				5840D6E31F37E9FB00C8CB76 /* UserPreferencesProvider.swift in Sources */,
				58C2A0611F38964E00F0D6CA /* ViewController.swift in Sources */,
				58DB10F41F3B8CCF00191AED /* ScheduleDataReducer.swift in Sources */,
				582F4ED61F33B1120062A546 /* SelectStopsViewElement.swift in Sources */,
				589BCC321F3D5068002FAEDE /* SchedulesPresentationController.swift in Sources */,
				581DA54A1F3BE1C8006AEC39 /* IdentifiableController.swift in Sources */,
				581DA54F1F3BF102006AEC39 /* ViewTransitionType.swift in Sources */,
				5840D6E01F37E5FB00C8CB76 /* ScheduleReducer.swift in Sources */,
				58290E411F372B51000CCF3C /* AppState.swift in Sources */,
				5825319E1F40940B0088D056 /* UserPreferencesProviderProtocol.swift in Sources */,
				58DB10F81F3B8DB400191AED /* NavigationReducer.swift in Sources */,
				584AC8731F437DDB0040C1B4 /* TripScheduleViewController.swift in Sources */,
				58290E501F372DDC000CCF3C /* NavigationActions.swift in Sources */,
				58C2A0591F3812D600F0D6CA /* ScheduleActions.swift in Sources */,
				5825319C1F408C2D0088D056 /* UserPreferencesStatePersister.swift in Sources */,
				5840D6DC1F37925A00C8CB76 /* SchedulesNavigationViewController.swift in Sources */,
				58C181FF1F34C557002748E9 /* Storyboards.swift in Sources */,
				58F444FC1F3D335400A93208 /* SeptaAction.swift in Sources */,
				582F4EC61F33B1120062A546 /* SelectRouteViewController.swift in Sources */,
				5800FF801F434905003AB7C0 /* RouteSelectedTableViewCell.swift in Sources */,
				58B18B0F1F42469000A7F163 /* SelectStopViewModel.swift in Sources */,
				5840D6F01F37F66B00C8CB76 /* SeptaDraw.swift in Sources */,
				581804BD1F3F838B002184E3 /* CodableAppState.swift in Sources */,
				588F27F41F39E05A00D62425 /* PreferenceReducers.swift in Sources */,
				58B892171F38F7E700BFFEFA /* Strings.swift in Sources */,
			);
			runOnlyForDeploymentPostprocessing = 0;
		};
		58D9C4031F3335BB002BE2E8 /* Sources */ = {
			isa = PBXSourcesBuildPhase;
			buildActionMask = 2147483647;
			files = (
				586746621F35D483000F0D32 /* RoutesViewModelTests.swift in Sources */,
				58B891CB1F38B51E00BFFEFA /* ScheduleRequestReducerTests.swift in Sources */,
				58290E4C1F372CAD000CCF3C /* AppStateReducerTests.swift in Sources */,
				58195FE81F3FA0350053B3D3 /* BaseStateTest.swift in Sources */,
				585572891F395990004ABCD6 /* MockSingleCell.swift in Sources */,
				581804C41F3F8DFE002184E3 /* NavigationReducerTests.swift in Sources */,
				58B8920F1F38CBA900BFFEFA /* GenericAction.swift in Sources */,
				5867466F1F35D484000F0D32 /* SelectStopsViewModelTests.swift in Sources */,
				58B8920D1F38C64C00BFFEFA /* MockPreferenceProvider.swift in Sources */,
			);
			runOnlyForDeploymentPostprocessing = 0;
		};
/* End PBXSourcesBuildPhase section */

/* Begin PBXTargetDependency section */
		58406EB31F3A9AE200E6E04D /* PBXTargetDependency */ = {
			isa = PBXTargetDependency;
			name = SeptaSchedule;
			targetProxy = 58406EB21F3A9AE200E6E04D /* PBXContainerItemProxy */;
		};
		58F9FB751F3387620036F3FA /* PBXTargetDependency */ = {
			isa = PBXTargetDependency;
			target = 58D9C3EF1F3335BB002BE2E8 /* iSEPTA */;
			targetProxy = 58F9FB741F3387620036F3FA /* PBXContainerItemProxy */;
		};
/* End PBXTargetDependency section */

/* Begin PBXVariantGroup section */
		582F4EB41F33B1120062A546 /* Main.storyboard */ = {
			isa = PBXVariantGroup;
			children = (
				582F4EB51F33B1120062A546 /* Base */,
			);
			name = Main.storyboard;
			sourceTree = "<group>";
		};
		582F4EB81F33B1120062A546 /* LaunchScreen.storyboard */ = {
			isa = PBXVariantGroup;
			children = (
				582F4EB91F33B1120062A546 /* Base */,
			);
			name = LaunchScreen.storyboard;
			sourceTree = "<group>";
		};
		58C182061F34C5B6002748E9 /* Localizeable.strings */ = {
			isa = PBXVariantGroup;
			children = (
				58C182051F34C5B6002748E9 /* en */,
			);
			name = Localizeable.strings;
			sourceTree = "<group>";
		};
/* End PBXVariantGroup section */

/* Begin XCBuildConfiguration section */
		58D9C40E1F3335BB002BE2E8 /* Debug */ = {
			isa = XCBuildConfiguration;
			buildSettings = {
				ALWAYS_SEARCH_USER_PATHS = NO;
				CLANG_ANALYZER_NONNULL = YES;
				CLANG_ANALYZER_NUMBER_OBJECT_CONVERSION = YES_AGGRESSIVE;
				CLANG_CXX_LANGUAGE_STANDARD = "gnu++14";
				CLANG_CXX_LIBRARY = "libc++";
				CLANG_ENABLE_MODULES = YES;
				CLANG_ENABLE_OBJC_ARC = YES;
				CLANG_WARN_BLOCK_CAPTURE_AUTORELEASING = YES;
				CLANG_WARN_BOOL_CONVERSION = YES;
				CLANG_WARN_COMMA = YES;
				CLANG_WARN_CONSTANT_CONVERSION = YES;
				CLANG_WARN_DIRECT_OBJC_ISA_USAGE = YES_ERROR;
				CLANG_WARN_DOCUMENTATION_COMMENTS = YES;
				CLANG_WARN_EMPTY_BODY = YES;
				CLANG_WARN_ENUM_CONVERSION = YES;
				CLANG_WARN_INFINITE_RECURSION = YES;
				CLANG_WARN_INT_CONVERSION = YES;
				CLANG_WARN_NON_LITERAL_NULL_CONVERSION = YES;
				CLANG_WARN_OBJC_LITERAL_CONVERSION = YES;
				CLANG_WARN_OBJC_ROOT_CLASS = YES_ERROR;
				CLANG_WARN_RANGE_LOOP_ANALYSIS = YES;
				CLANG_WARN_STRICT_PROTOTYPES = YES;
				CLANG_WARN_SUSPICIOUS_MOVE = YES;
				CLANG_WARN_UNGUARDED_AVAILABILITY = YES_AGGRESSIVE;
				CLANG_WARN_UNREACHABLE_CODE = YES;
				CLANG_WARN__DUPLICATE_METHOD_MATCH = YES;
				CODE_SIGN_IDENTITY = "iPhone Developer";
				COPY_PHASE_STRIP = NO;
				DEBUG_INFORMATION_FORMAT = dwarf;
				ENABLE_STRICT_OBJC_MSGSEND = YES;
				ENABLE_TESTABILITY = YES;
				GCC_C_LANGUAGE_STANDARD = gnu11;
				GCC_DYNAMIC_NO_PIC = NO;
				GCC_NO_COMMON_BLOCKS = YES;
				GCC_OPTIMIZATION_LEVEL = 0;
				GCC_PREPROCESSOR_DEFINITIONS = (
					"DEBUG=1",
					"$(inherited)",
				);
				GCC_WARN_64_TO_32_BIT_CONVERSION = YES;
				GCC_WARN_ABOUT_RETURN_TYPE = YES_ERROR;
				GCC_WARN_UNDECLARED_SELECTOR = YES;
				GCC_WARN_UNINITIALIZED_AUTOS = YES_AGGRESSIVE;
				GCC_WARN_UNUSED_FUNCTION = YES;
				GCC_WARN_UNUSED_VARIABLE = YES;
				IPHONEOS_DEPLOYMENT_TARGET = 11.0;
				MTL_ENABLE_DEBUG_INFO = YES;
				ONLY_ACTIVE_ARCH = YES;
				SDKROOT = iphoneos;
				SWIFT_ACTIVE_COMPILATION_CONDITIONS = DEBUG;
				SWIFT_OPTIMIZATION_LEVEL = "-Onone";
			};
			name = Debug;
		};
		58D9C40F1F3335BB002BE2E8 /* Release */ = {
			isa = XCBuildConfiguration;
			buildSettings = {
				ALWAYS_SEARCH_USER_PATHS = NO;
				CLANG_ANALYZER_NONNULL = YES;
				CLANG_ANALYZER_NUMBER_OBJECT_CONVERSION = YES_AGGRESSIVE;
				CLANG_CXX_LANGUAGE_STANDARD = "gnu++14";
				CLANG_CXX_LIBRARY = "libc++";
				CLANG_ENABLE_MODULES = YES;
				CLANG_ENABLE_OBJC_ARC = YES;
				CLANG_WARN_BLOCK_CAPTURE_AUTORELEASING = YES;
				CLANG_WARN_BOOL_CONVERSION = YES;
				CLANG_WARN_COMMA = YES;
				CLANG_WARN_CONSTANT_CONVERSION = YES;
				CLANG_WARN_DIRECT_OBJC_ISA_USAGE = YES_ERROR;
				CLANG_WARN_DOCUMENTATION_COMMENTS = YES;
				CLANG_WARN_EMPTY_BODY = YES;
				CLANG_WARN_ENUM_CONVERSION = YES;
				CLANG_WARN_INFINITE_RECURSION = YES;
				CLANG_WARN_INT_CONVERSION = YES;
				CLANG_WARN_NON_LITERAL_NULL_CONVERSION = YES;
				CLANG_WARN_OBJC_LITERAL_CONVERSION = YES;
				CLANG_WARN_OBJC_ROOT_CLASS = YES_ERROR;
				CLANG_WARN_RANGE_LOOP_ANALYSIS = YES;
				CLANG_WARN_STRICT_PROTOTYPES = YES;
				CLANG_WARN_SUSPICIOUS_MOVE = YES;
				CLANG_WARN_UNGUARDED_AVAILABILITY = YES_AGGRESSIVE;
				CLANG_WARN_UNREACHABLE_CODE = YES;
				CLANG_WARN__DUPLICATE_METHOD_MATCH = YES;
				CODE_SIGN_IDENTITY = "iPhone Developer";
				COPY_PHASE_STRIP = NO;
				DEBUG_INFORMATION_FORMAT = "dwarf-with-dsym";
				ENABLE_NS_ASSERTIONS = NO;
				ENABLE_STRICT_OBJC_MSGSEND = YES;
				GCC_C_LANGUAGE_STANDARD = gnu11;
				GCC_NO_COMMON_BLOCKS = YES;
				GCC_WARN_64_TO_32_BIT_CONVERSION = YES;
				GCC_WARN_ABOUT_RETURN_TYPE = YES_ERROR;
				GCC_WARN_UNDECLARED_SELECTOR = YES;
				GCC_WARN_UNINITIALIZED_AUTOS = YES_AGGRESSIVE;
				GCC_WARN_UNUSED_FUNCTION = YES;
				GCC_WARN_UNUSED_VARIABLE = YES;
				IPHONEOS_DEPLOYMENT_TARGET = 11.0;
				MTL_ENABLE_DEBUG_INFO = NO;
				SDKROOT = iphoneos;
				SWIFT_OPTIMIZATION_LEVEL = "-Owholemodule";
				VALIDATE_PRODUCT = YES;
			};
			name = Release;
		};
		58D9C4111F3335BB002BE2E8 /* Debug */ = {
			isa = XCBuildConfiguration;
			buildSettings = {
				ASSETCATALOG_COMPILER_APPICON_NAME = AppIcon;
				CLANG_ENABLE_MODULES = YES;
				CODE_SIGN_IDENTITY = "iPhone Developer";
				CODE_SIGN_STYLE = Manual;
				DEVELOPMENT_TEAM = L636S9JLLY;
				ENABLE_BITCODE = NO;
				FRAMEWORK_SEARCH_PATHS = (
					"$(inherited)",
					"$(PROJECT_DIR)/Frameworks",
					"$(PROJECT_DIR)",
				);
				INFOPLIST_FILE = iSEPTA/Info/Info.plist;
				IPHONEOS_DEPLOYMENT_TARGET = 9.3;
				LD_RUNPATH_SEARCH_PATHS = "$(inherited) @executable_path/Frameworks";
				ONLY_ACTIVE_ARCH = YES;
				PRODUCT_BUNDLE_IDENTIFIER = org.septa.iSEPTA.beta;
				PRODUCT_MODULE_NAME = Septa;
				PRODUCT_NAME = Septa;
				PROVISIONING_PROFILE = "f2f0b75e-dc62-40ce-8b12-b2c0e313ba3d";
				PROVISIONING_PROFILE_SPECIFIER = BroskiDevelopment;
				SWIFT_OPTIMIZATION_LEVEL = "-Onone";
				SWIFT_VERSION = 4.0;
				TARGETED_DEVICE_FAMILY = "1,2";
			};
			name = Debug;
		};
		58D9C4121F3335BB002BE2E8 /* Release */ = {
			isa = XCBuildConfiguration;
			buildSettings = {
				ASSETCATALOG_COMPILER_APPICON_NAME = AppIcon;
				CLANG_ENABLE_MODULES = YES;
				CODE_SIGN_IDENTITY = "iPhone Developer";
				"CODE_SIGN_IDENTITY[sdk=iphoneos*]" = "iPhone Distribution";
				CODE_SIGN_STYLE = Manual;
				DEVELOPMENT_TEAM = L636S9JLLY;
				ENABLE_BITCODE = NO;
				FRAMEWORK_SEARCH_PATHS = (
					"$(inherited)",
					"$(PROJECT_DIR)/Frameworks",
					"$(PROJECT_DIR)",
				);
				INFOPLIST_FILE = iSEPTA/Info/Info.plist;
				IPHONEOS_DEPLOYMENT_TARGET = 9.3;
				LD_RUNPATH_SEARCH_PATHS = "$(inherited) @executable_path/Frameworks";
				PRODUCT_BUNDLE_IDENTIFIER = org.septa.iSEPTA.beta;
				PRODUCT_MODULE_NAME = Septa;
				PRODUCT_NAME = Septa;
				PROVISIONING_PROFILE = "e8f99a1f-7b28-4307-b225-0aab2947e61a";
				PROVISIONING_PROFILE_SPECIFIER = CapTechBetaTesting;
				SWIFT_VERSION = 4.0;
				TARGETED_DEVICE_FAMILY = "1,2";
			};
			name = Release;
		};
		58D9C4141F3335BB002BE2E8 /* Debug */ = {
			isa = XCBuildConfiguration;
			buildSettings = {
				ALWAYS_EMBED_SWIFT_STANDARD_LIBRARIES = YES;
				BUNDLE_LOADER = "$(TEST_HOST)";
				CLANG_ENABLE_MODULES = YES;
				DEBUG_INFORMATION_FORMAT = "dwarf-with-dsym";
				DEVELOPMENT_TEAM = L636S9JLLY;
				FRAMEWORK_SEARCH_PATHS = "$(PROJECT_DIR)/Frameworks/**";
				INFOPLIST_FILE = iSEPTATests/Info.plist;
				LD_RUNPATH_SEARCH_PATHS = "$(inherited) @executable_path/Frameworks @loader_path/Frameworks";
				PRODUCT_BUNDLE_IDENTIFIER = org.septa.iSEPTATests;
				PRODUCT_NAME = "$(TARGET_NAME)";
				SWIFT_OBJC_BRIDGING_HEADER = "iSEPTATests/iSEPTATests-Bridging-Header.h";
				SWIFT_OPTIMIZATION_LEVEL = "-Onone";
				SWIFT_VERSION = 4.0;
				TARGETED_DEVICE_FAMILY = "1,2";
				TEST_HOST = "$(BUILT_PRODUCTS_DIR)/Septa.app/Septa";
			};
			name = Debug;
		};
		58D9C4151F3335BB002BE2E8 /* Release */ = {
			isa = XCBuildConfiguration;
			buildSettings = {
				ALWAYS_EMBED_SWIFT_STANDARD_LIBRARIES = YES;
				BUNDLE_LOADER = "$(TEST_HOST)";
				CLANG_ENABLE_MODULES = YES;
				DEVELOPMENT_TEAM = L636S9JLLY;
				FRAMEWORK_SEARCH_PATHS = "$(PROJECT_DIR)/Frameworks/**";
				INFOPLIST_FILE = iSEPTATests/Info.plist;
				LD_RUNPATH_SEARCH_PATHS = "$(inherited) @executable_path/Frameworks @loader_path/Frameworks";
				PRODUCT_BUNDLE_IDENTIFIER = org.septa.iSEPTATests;
				PRODUCT_NAME = "$(TARGET_NAME)";
				SWIFT_OBJC_BRIDGING_HEADER = "iSEPTATests/iSEPTATests-Bridging-Header.h";
				SWIFT_VERSION = 4.0;
				TARGETED_DEVICE_FAMILY = "1,2";
				TEST_HOST = "$(BUILT_PRODUCTS_DIR)/Septa.app/Septa";
			};
			name = Release;
		};
/* End XCBuildConfiguration section */

/* Begin XCConfigurationList section */
		58D9C3EB1F3335BB002BE2E8 /* Build configuration list for PBXProject "iSEPTA" */ = {
			isa = XCConfigurationList;
			buildConfigurations = (
				58D9C40E1F3335BB002BE2E8 /* Debug */,
				58D9C40F1F3335BB002BE2E8 /* Release */,
			);
			defaultConfigurationIsVisible = 0;
			defaultConfigurationName = Release;
		};
		58D9C4101F3335BB002BE2E8 /* Build configuration list for PBXNativeTarget "iSEPTA" */ = {
			isa = XCConfigurationList;
			buildConfigurations = (
				58D9C4111F3335BB002BE2E8 /* Debug */,
				58D9C4121F3335BB002BE2E8 /* Release */,
			);
			defaultConfigurationIsVisible = 0;
			defaultConfigurationName = Release;
		};
		58D9C4131F3335BB002BE2E8 /* Build configuration list for PBXNativeTarget "iSEPTATests" */ = {
			isa = XCConfigurationList;
			buildConfigurations = (
				58D9C4141F3335BB002BE2E8 /* Debug */,
				58D9C4151F3335BB002BE2E8 /* Release */,
			);
			defaultConfigurationIsVisible = 0;
			defaultConfigurationName = Release;
		};
/* End XCConfigurationList section */
	};
	rootObject = 58D9C3E81F3335BB002BE2E8 /* Project object */;
}
