// !$*UTF8*$!
{
	archiveVersion = 1;
	classes = {
	};
	objectVersion = 48;
	objects = {

/* Begin PBXBuildFile section */
		5851E0E71F2A8E3C009087CE /* AppDelegate.swift in Sources */ = {isa = PBXBuildFile; fileRef = 5851E0E61F2A8E3C009087CE /* AppDelegate.swift */; };
		5851E0E91F2A8E3C009087CE /* ViewController.swift in Sources */ = {isa = PBXBuildFile; fileRef = 5851E0E81F2A8E3C009087CE /* ViewController.swift */; };
		5851E0EC1F2A8E3C009087CE /* Main.storyboard in Resources */ = {isa = PBXBuildFile; fileRef = 5851E0EA1F2A8E3C009087CE /* Main.storyboard */; };
		5851E0EF1F2A8E3C009087CE /* TestCoreData2.xcdatamodeld in Sources */ = {isa = PBXBuildFile; fileRef = 5851E0ED1F2A8E3C009087CE /* TestCoreData2.xcdatamodeld */; };
		5851E0F11F2A8E3C009087CE /* Assets.xcassets in Resources */ = {isa = PBXBuildFile; fileRef = 5851E0F01F2A8E3C009087CE /* Assets.xcassets */; };
		5851E0F41F2A8E3C009087CE /* LaunchScreen.storyboard in Resources */ = {isa = PBXBuildFile; fileRef = 5851E0F21F2A8E3C009087CE /* LaunchScreen.storyboard */; };
		5851E0FF1F2A8E3C009087CE /* TestCoreData2Tests.swift in Sources */ = {isa = PBXBuildFile; fileRef = 5851E0FE1F2A8E3C009087CE /* TestCoreData2Tests.swift */; };
/* End PBXBuildFile section */

/* Begin PBXContainerItemProxy section */
		5851E0FB1F2A8E3C009087CE /* PBXContainerItemProxy */ = {
			isa = PBXContainerItemProxy;
			containerPortal = 5851E0DB1F2A8E3C009087CE /* Project object */;
			proxyType = 1;
			remoteGlobalIDString = 5851E0E21F2A8E3C009087CE;
			remoteInfo = TestCoreData2;
		};
/* End PBXContainerItemProxy section */

/* Begin PBXFileReference section */
		5851E0E31F2A8E3C009087CE /* TestCoreData2.app */ = {isa = PBXFileReference; explicitFileType = wrapper.application; includeInIndex = 0; path = TestCoreData2.app; sourceTree = BUILT_PRODUCTS_DIR; };
		5851E0E61F2A8E3C009087CE /* AppDelegate.swift */ = {isa = PBXFileReference; lastKnownFileType = sourcecode.swift; path = AppDelegate.swift; sourceTree = "<group>"; };
		5851E0E81F2A8E3C009087CE /* ViewController.swift */ = {isa = PBXFileReference; lastKnownFileType = sourcecode.swift; path = ViewController.swift; sourceTree = "<group>"; };
		5851E0EB1F2A8E3C009087CE /* Base */ = {isa = PBXFileReference; lastKnownFileType = file.storyboard; name = Base; path = Base.lproj/Main.storyboard; sourceTree = "<group>"; };
		5851E0EE1F2A8E3C009087CE /* TestCoreData2.xcdatamodel */ = {isa = PBXFileReference; lastKnownFileType = wrapper.xcdatamodel; path = TestCoreData2.xcdatamodel; sourceTree = "<group>"; };
		5851E0F01F2A8E3C009087CE /* Assets.xcassets */ = {isa = PBXFileReference; lastKnownFileType = folder.assetcatalog; path = Assets.xcassets; sourceTree = "<group>"; };
		5851E0F31F2A8E3C009087CE /* Base */ = {isa = PBXFileReference; lastKnownFileType = file.storyboard; name = Base; path = Base.lproj/LaunchScreen.storyboard; sourceTree = "<group>"; };
		5851E0F51F2A8E3C009087CE /* Info.plist */ = {isa = PBXFileReference; lastKnownFileType = text.plist.xml; path = Info.plist; sourceTree = "<group>"; };
		5851E0FA1F2A8E3C009087CE /* TestCoreData2Tests.xctest */ = {isa = PBXFileReference; explicitFileType = wrapper.cfbundle; includeInIndex = 0; path = TestCoreData2Tests.xctest; sourceTree = BUILT_PRODUCTS_DIR; };
		5851E0FE1F2A8E3C009087CE /* TestCoreData2Tests.swift */ = {isa = PBXFileReference; lastKnownFileType = sourcecode.swift; path = TestCoreData2Tests.swift; sourceTree = "<group>"; };
		5851E1001F2A8E3C009087CE /* Info.plist */ = {isa = PBXFileReference; lastKnownFileType = text.plist.xml; path = Info.plist; sourceTree = "<group>"; };
/* End PBXFileReference section */

/* Begin PBXFrameworksBuildPhase section */
		5851E0E01F2A8E3C009087CE /* Frameworks */ = {
			isa = PBXFrameworksBuildPhase;
			buildActionMask = 2147483647;
			files = (
			);
			runOnlyForDeploymentPostprocessing = 0;
		};
		5851E0F71F2A8E3C009087CE /* Frameworks */ = {
			isa = PBXFrameworksBuildPhase;
			buildActionMask = 2147483647;
			files = (
			);
			runOnlyForDeploymentPostprocessing = 0;
		};
/* End PBXFrameworksBuildPhase section */

/* Begin PBXGroup section */
		5851E0DA1F2A8E3C009087CE = {
			isa = PBXGroup;
			children = (
				5851E0E51F2A8E3C009087CE /* TestCoreData2 */,
				5851E0FD1F2A8E3C009087CE /* TestCoreData2Tests */,
				5851E0E41F2A8E3C009087CE /* Products */,
			);
			sourceTree = "<group>";
		};
		5851E0E41F2A8E3C009087CE /* Products */ = {
			isa = PBXGroup;
			children = (
				5851E0E31F2A8E3C009087CE /* TestCoreData2.app */,
				5851E0FA1F2A8E3C009087CE /* TestCoreData2Tests.xctest */,
			);
			name = Products;
			sourceTree = "<group>";
		};
		5851E0E51F2A8E3C009087CE /* TestCoreData2 */ = {
			isa = PBXGroup;
			children = (
				5851E0E61F2A8E3C009087CE /* AppDelegate.swift */,
				5851E0E81F2A8E3C009087CE /* ViewController.swift */,
				5851E0EA1F2A8E3C009087CE /* Main.storyboard */,
				5851E0F01F2A8E3C009087CE /* Assets.xcassets */,
				5851E0F21F2A8E3C009087CE /* LaunchScreen.storyboard */,
				5851E0F51F2A8E3C009087CE /* Info.plist */,
				5851E0ED1F2A8E3C009087CE /* TestCoreData2.xcdatamodeld */,
			);
			path = TestCoreData2;
			sourceTree = "<group>";
		};
		5851E0FD1F2A8E3C009087CE /* TestCoreData2Tests */ = {
			isa = PBXGroup;
			children = (
				5851E0FE1F2A8E3C009087CE /* TestCoreData2Tests.swift */,
				5851E1001F2A8E3C009087CE /* Info.plist */,
			);
			path = TestCoreData2Tests;
			sourceTree = "<group>";
		};
/* End PBXGroup section */

/* Begin PBXNativeTarget section */
		5851E0E21F2A8E3C009087CE /* TestCoreData2 */ = {
			isa = PBXNativeTarget;
			buildConfigurationList = 5851E1031F2A8E3C009087CE /* Build configuration list for PBXNativeTarget "TestCoreData2" */;
			buildPhases = (
				5851E0DF1F2A8E3C009087CE /* Sources */,
				5851E0E01F2A8E3C009087CE /* Frameworks */,
				5851E0E11F2A8E3C009087CE /* Resources */,
			);
			buildRules = (
			);
			dependencies = (
			);
			name = TestCoreData2;
			productName = TestCoreData2;
			productReference = 5851E0E31F2A8E3C009087CE /* TestCoreData2.app */;
			productType = "com.apple.product-type.application";
		};
		5851E0F91F2A8E3C009087CE /* TestCoreData2Tests */ = {
			isa = PBXNativeTarget;
			buildConfigurationList = 5851E1061F2A8E3C009087CE /* Build configuration list for PBXNativeTarget "TestCoreData2Tests" */;
			buildPhases = (
				5851E0F61F2A8E3C009087CE /* Sources */,
				5851E0F71F2A8E3C009087CE /* Frameworks */,
				5851E0F81F2A8E3C009087CE /* Resources */,
			);
			buildRules = (
			);
			dependencies = (
				5851E0FC1F2A8E3C009087CE /* PBXTargetDependency */,
			);
			name = TestCoreData2Tests;
			productName = TestCoreData2Tests;
			productReference = 5851E0FA1F2A8E3C009087CE /* TestCoreData2Tests.xctest */;
			productType = "com.apple.product-type.bundle.unit-test";
		};
/* End PBXNativeTarget section */

/* Begin PBXProject section */
		5851E0DB1F2A8E3C009087CE /* Project object */ = {
			isa = PBXProject;
			attributes = {
				LastSwiftUpdateCheck = 0900;
				LastUpgradeCheck = 0900;
				ORGANIZATIONNAME = "Mark Broski";
				TargetAttributes = {
					5851E0E21F2A8E3C009087CE = {
						CreatedOnToolsVersion = 9.0;
					};
					5851E0F91F2A8E3C009087CE = {
						CreatedOnToolsVersion = 9.0;
						TestTargetID = 5851E0E21F2A8E3C009087CE;
					};
				};
			};
			buildConfigurationList = 5851E0DE1F2A8E3C009087CE /* Build configuration list for PBXProject "TestCoreData2" */;
			compatibilityVersion = "Xcode 8.0";
			developmentRegion = en;
			hasScannedForEncodings = 0;
			knownRegions = (
				en,
				Base,
			);
			mainGroup = 5851E0DA1F2A8E3C009087CE;
			productRefGroup = 5851E0E41F2A8E3C009087CE /* Products */;
			projectDirPath = "";
			projectRoot = "";
			targets = (
				5851E0E21F2A8E3C009087CE /* TestCoreData2 */,
				5851E0F91F2A8E3C009087CE /* TestCoreData2Tests */,
			);
		};
/* End PBXProject section */

/* Begin PBXResourcesBuildPhase section */
		5851E0E11F2A8E3C009087CE /* Resources */ = {
			isa = PBXResourcesBuildPhase;
			buildActionMask = 2147483647;
			files = (
				5851E0F41F2A8E3C009087CE /* LaunchScreen.storyboard in Resources */,
				5851E0F11F2A8E3C009087CE /* Assets.xcassets in Resources */,
				5851E0EC1F2A8E3C009087CE /* Main.storyboard in Resources */,
			);
			runOnlyForDeploymentPostprocessing = 0;
		};
		5851E0F81F2A8E3C009087CE /* Resources */ = {
			isa = PBXResourcesBuildPhase;
			buildActionMask = 2147483647;
			files = (
			);
			runOnlyForDeploymentPostprocessing = 0;
		};
/* End PBXResourcesBuildPhase section */

/* Begin PBXSourcesBuildPhase section */
		5851E0DF1F2A8E3C009087CE /* Sources */ = {
			isa = PBXSourcesBuildPhase;
			buildActionMask = 2147483647;
			files = (
				5851E0EF1F2A8E3C009087CE /* TestCoreData2.xcdatamodeld in Sources */,
				5851E0E91F2A8E3C009087CE /* ViewController.swift in Sources */,
				5851E0E71F2A8E3C009087CE /* AppDelegate.swift in Sources */,
			);
			runOnlyForDeploymentPostprocessing = 0;
		};
		5851E0F61F2A8E3C009087CE /* Sources */ = {
			isa = PBXSourcesBuildPhase;
			buildActionMask = 2147483647;
			files = (
				5851E0FF1F2A8E3C009087CE /* TestCoreData2Tests.swift in Sources */,
			);
			runOnlyForDeploymentPostprocessing = 0;
		};
/* End PBXSourcesBuildPhase section */

/* Begin PBXTargetDependency section */
		5851E0FC1F2A8E3C009087CE /* PBXTargetDependency */ = {
			isa = PBXTargetDependency;
			target = 5851E0E21F2A8E3C009087CE /* TestCoreData2 */;
			targetProxy = 5851E0FB1F2A8E3C009087CE /* PBXContainerItemProxy */;
		};
/* End PBXTargetDependency section */

/* Begin PBXVariantGroup section */
		5851E0EA1F2A8E3C009087CE /* Main.storyboard */ = {
			isa = PBXVariantGroup;
			children = (
				5851E0EB1F2A8E3C009087CE /* Base */,
			);
			name = Main.storyboard;
			sourceTree = "<group>";
		};
		5851E0F21F2A8E3C009087CE /* LaunchScreen.storyboard */ = {
			isa = PBXVariantGroup;
			children = (
				5851E0F31F2A8E3C009087CE /* Base */,
			);
			name = LaunchScreen.storyboard;
			sourceTree = "<group>";
		};
/* End PBXVariantGroup section */

/* Begin XCBuildConfiguration section */
		5851E1011F2A8E3C009087CE /* Debug */ = {
			isa = XCBuildConfiguration;
			buildSettings = {
				ALWAYS_SEARCH_USER_PATHS = NO;
				CLANG_ANALYZER_NONNULL = YES;
				CLANG_ANALYZER_NUMBER_OBJECT_CONVERSION = YES_AGGRESSIVE;
				CLANG_CXX_LANGUAGE_STANDARD = "gnu++14";
				CLANG_CXX_LIBRARY = "libc++";
				CLANG_ENABLE_MODULES = YES;
				CLANG_ENABLE_OBJC_ARC = YES;
				CLANG_WARN_BLOCK_CAPTURE_AUTORELEASING = YES;
				CLANG_WARN_BOOL_CONVERSION = YES;
				CLANG_WARN_COMMA = YES;
				CLANG_WARN_CONSTANT_CONVERSION = YES;
				CLANG_WARN_DIRECT_OBJC_ISA_USAGE = YES_ERROR;
				CLANG_WARN_DOCUMENTATION_COMMENTS = YES;
				CLANG_WARN_EMPTY_BODY = YES;
				CLANG_WARN_ENUM_CONVERSION = YES;
				CLANG_WARN_INFINITE_RECURSION = YES;
				CLANG_WARN_INT_CONVERSION = YES;
				CLANG_WARN_NON_LITERAL_NULL_CONVERSION = YES;
				CLANG_WARN_OBJC_LITERAL_CONVERSION = YES;
				CLANG_WARN_OBJC_ROOT_CLASS = YES_ERROR;
				CLANG_WARN_RANGE_LOOP_ANALYSIS = YES;
				CLANG_WARN_STRICT_PROTOTYPES = YES;
				CLANG_WARN_SUSPICIOUS_MOVE = YES;
				CLANG_WARN_UNGUARDED_AVAILABILITY = YES_AGGRESSIVE;
				CLANG_WARN_UNREACHABLE_CODE = YES;
				CLANG_WARN__DUPLICATE_METHOD_MATCH = YES;
				CODE_SIGN_IDENTITY = "iPhone Developer";
				COPY_PHASE_STRIP = NO;
				DEBUG_INFORMATION_FORMAT = dwarf;
				ENABLE_STRICT_OBJC_MSGSEND = YES;
				ENABLE_TESTABILITY = YES;
				GCC_C_LANGUAGE_STANDARD = gnu11;
				GCC_DYNAMIC_NO_PIC = NO;
				GCC_NO_COMMON_BLOCKS = YES;
				GCC_OPTIMIZATION_LEVEL = 0;
				GCC_PREPROCESSOR_DEFINITIONS = (
					"DEBUG=1",
					"$(inherited)",
				);
				GCC_WARN_64_TO_32_BIT_CONVERSION = YES;
				GCC_WARN_ABOUT_RETURN_TYPE = YES_ERROR;
				GCC_WARN_UNDECLARED_SELECTOR = YES;
				GCC_WARN_UNINITIALIZED_AUTOS = YES_AGGRESSIVE;
				GCC_WARN_UNUSED_FUNCTION = YES;
				GCC_WARN_UNUSED_VARIABLE = YES;
				IPHONEOS_DEPLOYMENT_TARGET = 11.0;
				MTL_ENABLE_DEBUG_INFO = YES;
				ONLY_ACTIVE_ARCH = YES;
				SDKROOT = iphoneos;
				SWIFT_ACTIVE_COMPILATION_CONDITIONS = DEBUG;
				SWIFT_OPTIMIZATION_LEVEL = "-Onone";
			};
			name = Debug;
		};
		5851E1021F2A8E3C009087CE /* Release */ = {
			isa = XCBuildConfiguration;
			buildSettings = {
				ALWAYS_SEARCH_USER_PATHS = NO;
				CLANG_ANALYZER_NONNULL = YES;
				CLANG_ANALYZER_NUMBER_OBJECT_CONVERSION = YES_AGGRESSIVE;
				CLANG_CXX_LANGUAGE_STANDARD = "gnu++14";
				CLANG_CXX_LIBRARY = "libc++";
				CLANG_ENABLE_MODULES = YES;
				CLANG_ENABLE_OBJC_ARC = YES;
				CLANG_WARN_BLOCK_CAPTURE_AUTORELEASING = YES;
				CLANG_WARN_BOOL_CONVERSION = YES;
				CLANG_WARN_COMMA = YES;
				CLANG_WARN_CONSTANT_CONVERSION = YES;
				CLANG_WARN_DIRECT_OBJC_ISA_USAGE = YES_ERROR;
				CLANG_WARN_DOCUMENTATION_COMMENTS = YES;
				CLANG_WARN_EMPTY_BODY = YES;
				CLANG_WARN_ENUM_CONVERSION = YES;
				CLANG_WARN_INFINITE_RECURSION = YES;
				CLANG_WARN_INT_CONVERSION = YES;
				CLANG_WARN_NON_LITERAL_NULL_CONVERSION = YES;
				CLANG_WARN_OBJC_LITERAL_CONVERSION = YES;
				CLANG_WARN_OBJC_ROOT_CLASS = YES_ERROR;
				CLANG_WARN_RANGE_LOOP_ANALYSIS = YES;
				CLANG_WARN_STRICT_PROTOTYPES = YES;
				CLANG_WARN_SUSPICIOUS_MOVE = YES;
				CLANG_WARN_UNGUARDED_AVAILABILITY = YES_AGGRESSIVE;
				CLANG_WARN_UNREACHABLE_CODE = YES;
				CLANG_WARN__DUPLICATE_METHOD_MATCH = YES;
				CODE_SIGN_IDENTITY = "iPhone Developer";
				COPY_PHASE_STRIP = NO;
				DEBUG_INFORMATION_FORMAT = "dwarf-with-dsym";
				ENABLE_NS_ASSERTIONS = NO;
				ENABLE_STRICT_OBJC_MSGSEND = YES;
				GCC_C_LANGUAGE_STANDARD = gnu11;
				GCC_NO_COMMON_BLOCKS = YES;
				GCC_WARN_64_TO_32_BIT_CONVERSION = YES;
				GCC_WARN_ABOUT_RETURN_TYPE = YES_ERROR;
				GCC_WARN_UNDECLARED_SELECTOR = YES;
				GCC_WARN_UNINITIALIZED_AUTOS = YES_AGGRESSIVE;
				GCC_WARN_UNUSED_FUNCTION = YES;
				GCC_WARN_UNUSED_VARIABLE = YES;
				IPHONEOS_DEPLOYMENT_TARGET = 11.0;
				MTL_ENABLE_DEBUG_INFO = NO;
				SDKROOT = iphoneos;
				SWIFT_OPTIMIZATION_LEVEL = "-Owholemodule";
				VALIDATE_PRODUCT = YES;
			};
			name = Release;
		};
		5851E1041F2A8E3C009087CE /* Debug */ = {
			isa = XCBuildConfiguration;
			buildSettings = {
				ASSETCATALOG_COMPILER_APPICON_NAME = AppIcon;
				DEVELOPMENT_TEAM = L636S9JLLY;
				INFOPLIST_FILE = TestCoreData2/Info.plist;
				IPHONEOS_DEPLOYMENT_TARGET = 9.3;
				LD_RUNPATH_SEARCH_PATHS = "$(inherited) @executable_path/Frameworks";
				PRODUCT_BUNDLE_IDENTIFIER = org.septa.TestCoreData2;
				PRODUCT_NAME = "$(TARGET_NAME)";
				SWIFT_VERSION = 4.0;
				TARGETED_DEVICE_FAMILY = "1,2";
			};
			name = Debug;
		};
		5851E1051F2A8E3C009087CE /* Release */ = {
			isa = XCBuildConfiguration;
			buildSettings = {
				ASSETCATALOG_COMPILER_APPICON_NAME = AppIcon;
				DEVELOPMENT_TEAM = L636S9JLLY;
				INFOPLIST_FILE = TestCoreData2/Info.plist;
				IPHONEOS_DEPLOYMENT_TARGET = 9.3;
				LD_RUNPATH_SEARCH_PATHS = "$(inherited) @executable_path/Frameworks";
				PRODUCT_BUNDLE_IDENTIFIER = org.septa.TestCoreData2;
				PRODUCT_NAME = "$(TARGET_NAME)";
				SWIFT_VERSION = 4.0;
				TARGETED_DEVICE_FAMILY = "1,2";
			};
			name = Release;
		};
		5851E1071F2A8E3C009087CE /* Debug */ = {
			isa = XCBuildConfiguration;
			buildSettings = {
				ALWAYS_EMBED_SWIFT_STANDARD_LIBRARIES = YES;
				BUNDLE_LOADER = "$(TEST_HOST)";
				DEVELOPMENT_TEAM = L636S9JLLY;
				INFOPLIST_FILE = TestCoreData2Tests/Info.plist;
				LD_RUNPATH_SEARCH_PATHS = "$(inherited) @executable_path/Frameworks @loader_path/Frameworks";
				PRODUCT_BUNDLE_IDENTIFIER = org.septa.TestCoreData2Tests;
				PRODUCT_NAME = "$(TARGET_NAME)";
				SWIFT_VERSION = 4.0;
				TARGETED_DEVICE_FAMILY = "1,2";
				TEST_HOST = "$(BUILT_PRODUCTS_DIR)/TestCoreData2.app/TestCoreData2";
			};
			name = Debug;
		};
		5851E1081F2A8E3C009087CE /* Release */ = {
			isa = XCBuildConfiguration;
			buildSettings = {
				ALWAYS_EMBED_SWIFT_STANDARD_LIBRARIES = YES;
				BUNDLE_LOADER = "$(TEST_HOST)";
				DEVELOPMENT_TEAM = L636S9JLLY;
				INFOPLIST_FILE = TestCoreData2Tests/Info.plist;
				LD_RUNPATH_SEARCH_PATHS = "$(inherited) @executable_path/Frameworks @loader_path/Frameworks";
				PRODUCT_BUNDLE_IDENTIFIER = org.septa.TestCoreData2Tests;
				PRODUCT_NAME = "$(TARGET_NAME)";
				SWIFT_VERSION = 4.0;
				TARGETED_DEVICE_FAMILY = "1,2";
				TEST_HOST = "$(BUILT_PRODUCTS_DIR)/TestCoreData2.app/TestCoreData2";
			};
			name = Release;
		};
/* End XCBuildConfiguration section */

/* Begin XCConfigurationList section */
		5851E0DE1F2A8E3C009087CE /* Build configuration list for PBXProject "TestCoreData2" */ = {
			isa = XCConfigurationList;
			buildConfigurations = (
				5851E1011F2A8E3C009087CE /* Debug */,
				5851E1021F2A8E3C009087CE /* Release */,
			);
			defaultConfigurationIsVisible = 0;
			defaultConfigurationName = Release;
		};
		5851E1031F2A8E3C009087CE /* Build configuration list for PBXNativeTarget "TestCoreData2" */ = {
			isa = XCConfigurationList;
			buildConfigurations = (
				5851E1041F2A8E3C009087CE /* Debug */,
				5851E1051F2A8E3C009087CE /* Release */,
			);
			defaultConfigurationIsVisible = 0;
			defaultConfigurationName = Release;
		};
		5851E1061F2A8E3C009087CE /* Build configuration list for PBXNativeTarget "TestCoreData2Tests" */ = {
			isa = XCConfigurationList;
			buildConfigurations = (
				5851E1071F2A8E3C009087CE /* Debug */,
				5851E1081F2A8E3C009087CE /* Release */,
			);
			defaultConfigurationIsVisible = 0;
			defaultConfigurationName = Release;
		};
/* End XCConfigurationList section */

/* Begin XCVersionGroup section */
		5851E0ED1F2A8E3C009087CE /* TestCoreData2.xcdatamodeld */ = {
			isa = XCVersionGroup;
			children = (
				5851E0EE1F2A8E3C009087CE /* TestCoreData2.xcdatamodel */,
			);
			currentVersion = 5851E0EE1F2A8E3C009087CE /* TestCoreData2.xcdatamodel */;
			path = TestCoreData2.xcdatamodeld;
			sourceTree = "<group>";
			versionGroupType = wrapper.xcdatamodel;
		};
/* End XCVersionGroup section */
	};
	rootObject = 5851E0DB1F2A8E3C009087CE /* Project object */;
}
