// !$*UTF8*$!
{
	archiveVersion = 1;
	classes = {
	};
	objectVersion = 46;
	objects = {

/* Begin PBXBuildFile section */
		583BEC751F2A601000235EDE /* MainViewController.swift in Sources */ = {isa = PBXBuildFile; fileRef = 583BEC741F2A601000235EDE /* MainViewController.swift */; };
		584AF7A61F30A06B00244CE3 /* NextToArriveViewController.swift in Sources */ = {isa = PBXBuildFile; fileRef = 584AF7A51F30A06B00244CE3 /* NextToArriveViewController.swift */; };
		584AF7B51F30BD5900244CE3 /* RoutesViewController.swift in Sources */ = {isa = PBXBuildFile; fileRef = 584AF7B41F30BD5900244CE3 /* RoutesViewController.swift */; };
		584AF7B81F30BDC400244CE3 /* TransitMode.swift in Sources */ = {isa = PBXBuildFile; fileRef = 584AF7B71F30BDC400244CE3 /* TransitMode.swift */; };
		584AF7BA1F30C06700244CE3 /* RouteTableViewCell.swift in Sources */ = {isa = PBXBuildFile; fileRef = 584AF7B91F30C06700244CE3 /* RouteTableViewCell.swift */; };
		584AF7BC1F30C25200244CE3 /* RoutesViewModel.swift in Sources */ = {isa = PBXBuildFile; fileRef = 584AF7BB1F30C25200244CE3 /* RoutesViewModel.swift */; };
		584AF7C21F30C41800244CE3 /* RoutesViewModelTests.swift in Sources */ = {isa = PBXBuildFile; fileRef = 584AF7C11F30C41800244CE3 /* RoutesViewModelTests.swift */; };
		584AF7C51F30C9FA00244CE3 /* ViewModelDelegate.swift in Sources */ = {isa = PBXBuildFile; fileRef = 584AF7C41F30C9FA00244CE3 /* ViewModelDelegate.swift */; };
		584AF7C71F30D55000244CE3 /* TransitModesViewController.swift in Sources */ = {isa = PBXBuildFile; fileRef = 584AF7C61F30D55000244CE3 /* TransitModesViewController.swift */; };
		584AF7CA1F30E2ED00244CE3 /* SelectStopsViewModel.swift in Sources */ = {isa = PBXBuildFile; fileRef = 584AF7C91F30E2ED00244CE3 /* SelectStopsViewModel.swift */; };
		584AF7CC1F30E2FB00244CE3 /* SelectStopsViewController.swift in Sources */ = {isa = PBXBuildFile; fileRef = 584AF7CB1F30E2FB00244CE3 /* SelectStopsViewController.swift */; };
		584AF7CE1F30E4FA00244CE3 /* SingleStringCell.swift in Sources */ = {isa = PBXBuildFile; fileRef = 584AF7CD1F30E4FA00244CE3 /* SingleStringCell.swift */; };
		584AF7D01F30FB3B00244CE3 /* SelectStopsFooterView.xib in Resources */ = {isa = PBXBuildFile; fileRef = 584AF7CF1F30FB3B00244CE3 /* SelectStopsFooterView.xib */; };
		584AF7D41F31094400244CE3 /* RouteScheduleViewController.swift in Sources */ = {isa = PBXBuildFile; fileRef = 584AF7D31F31094400244CE3 /* RouteScheduleViewController.swift */; };
		584AF7D61F31094F00244CE3 /* RouteSheduleViewModel.swift in Sources */ = {isa = PBXBuildFile; fileRef = 584AF7D51F31094F00244CE3 /* RouteSheduleViewModel.swift */; };
		584AF7D81F31097000244CE3 /* RouteScheduleHeaderView.xib in Resources */ = {isa = PBXBuildFile; fileRef = 584AF7D71F31097000244CE3 /* RouteScheduleHeaderView.xib */; };
		584AF7DA1F31099000244CE3 /* SelectStopViewController.swift in Sources */ = {isa = PBXBuildFile; fileRef = 584AF7D91F31099000244CE3 /* SelectStopViewController.swift */; };
		584AF7DC1F3109A100244CE3 /* SelectStopViewModel.swift in Sources */ = {isa = PBXBuildFile; fileRef = 584AF7DB1F3109A100244CE3 /* SelectStopViewModel.swift */; };
		584AF7DE1F310C9D00244CE3 /* RouteStops.swift in Sources */ = {isa = PBXBuildFile; fileRef = 584AF7DD1F310C9D00244CE3 /* RouteStops.swift */; };
		584AF7E01F310CEC00244CE3 /* SelectStopsViewElement.swift in Sources */ = {isa = PBXBuildFile; fileRef = 584AF7DF1F310CEC00244CE3 /* SelectStopsViewElement.swift */; };
		584AF7E21F310D2000244CE3 /* SelectStopCellType.swift in Sources */ = {isa = PBXBuildFile; fileRef = 584AF7E11F310D2000244CE3 /* SelectStopCellType.swift */; };
		584AF7E41F310D4700244CE3 /* SelectStopRow.swift in Sources */ = {isa = PBXBuildFile; fileRef = 584AF7E31F310D4700244CE3 /* SelectStopRow.swift */; };
		584AF7E61F310D6000244CE3 /* SelectedStopType.swift in Sources */ = {isa = PBXBuildFile; fileRef = 584AF7E51F310D6000244CE3 /* SelectedStopType.swift */; };
		587F1EE31F318CA300D145DC /* DateFormatters.swift in Sources */ = {isa = PBXBuildFile; fileRef = 587F1EE21F318CA300D145DC /* DateFormatters.swift */; };
		588A84A21F317F9C002A6E8B /* ScheduleTableViewCell.swift in Sources */ = {isa = PBXBuildFile; fileRef = 588A84A11F317F9C002A6E8B /* ScheduleTableViewCell.swift */; };
		589405E11F320C51007550E8 /* AppDelegate.swift in Sources */ = {isa = PBXBuildFile; fileRef = 589405E01F320C51007550E8 /* AppDelegate.swift */; };
		589406121F320EB3007550E8 /* Alert.swift in Sources */ = {isa = PBXBuildFile; fileRef = 589406111F320EB3007550E8 /* Alert.swift */; };
		589406141F32129E007550E8 /* SeptaSchedule.framework in Frameworks */ = {isa = PBXBuildFile; fileRef = 589406131F32129E007550E8 /* SeptaSchedule.framework */; };
		589406151F3212F7007550E8 /* SeptaSchedule.framework in CopyFiles */ = {isa = PBXBuildFile; fileRef = 589406131F32129E007550E8 /* SeptaSchedule.framework */; settings = {ATTRIBUTES = (CodeSignOnCopy, RemoveHeadersOnCopy, ); }; };
		58B29A021F2A32020080B0DA /* Main.storyboard in Resources */ = {isa = PBXBuildFile; fileRef = 58B29A001F2A32020080B0DA /* Main.storyboard */; };
		58B29A071F2A32020080B0DA /* LaunchScreen.storyboard in Resources */ = {isa = PBXBuildFile; fileRef = 58B29A051F2A32020080B0DA /* LaunchScreen.storyboard */; };
		58B29A121F2A32020080B0DA /* SeptaTests.m in Sources */ = {isa = PBXBuildFile; fileRef = 58B29A111F2A32020080B0DA /* SeptaTests.m */; };
		58EDE29C1F2A627900F97B8C /* about.storyboard in Resources */ = {isa = PBXBuildFile; fileRef = 58EDE29B1F2A627900F97B8C /* about.storyboard */; };
		58EDE29E1F2A628300F97B8C /* settings.storyboard in Resources */ = {isa = PBXBuildFile; fileRef = 58EDE29D1F2A628300F97B8C /* settings.storyboard */; };
		58EDE2A01F2A628E00F97B8C /* contact.storyboard in Resources */ = {isa = PBXBuildFile; fileRef = 58EDE29F1F2A628E00F97B8C /* contact.storyboard */; };
		58EDE2A21F2A629900F97B8C /* favorites.storyboard in Resources */ = {isa = PBXBuildFile; fileRef = 58EDE2A11F2A629900F97B8C /* favorites.storyboard */; };
		58EDE2A41F2A62A900F97B8C /* nextToArrive.storyboard in Resources */ = {isa = PBXBuildFile; fileRef = 58EDE2A31F2A62A900F97B8C /* nextToArrive.storyboard */; };
		58EDE2A61F2A62B600F97B8C /* alerts.storyboard in Resources */ = {isa = PBXBuildFile; fileRef = 58EDE2A51F2A62B600F97B8C /* alerts.storyboard */; };
		58EDE2A81F2A62C100F97B8C /* fares.storyboard in Resources */ = {isa = PBXBuildFile; fileRef = 58EDE2A71F2A62C100F97B8C /* fares.storyboard */; };
		58EDE2AA1F2A62CB00F97B8C /* schedules.storyboard in Resources */ = {isa = PBXBuildFile; fileRef = 58EDE2A91F2A62CB00F97B8C /* schedules.storyboard */; };
		58EDE2AC1F2A6A6000F97B8C /* Assets.xcassets in Resources */ = {isa = PBXBuildFile; fileRef = 58EDE2AB1F2A6A6000F97B8C /* Assets.xcassets */; };
/* End PBXBuildFile section */

/* Begin PBXContainerItemProxy section */
		58B29A0E1F2A32020080B0DA /* PBXContainerItemProxy */ = {
			isa = PBXContainerItemProxy;
			containerPortal = 58B299E91F2A32020080B0DA /* Project object */;
			proxyType = 1;
			remoteGlobalIDString = 58B299F01F2A32020080B0DA;
			remoteInfo = Septa;
		};
/* End PBXContainerItemProxy section */

/* Begin PBXCopyFilesBuildPhase section */
		58B29AA01F2A3D380080B0DA /* CopyFiles */ = {
			isa = PBXCopyFilesBuildPhase;
			buildActionMask = 2147483647;
			dstPath = "";
			dstSubfolderSpec = 10;
			files = (
				589406151F3212F7007550E8 /* SeptaSchedule.framework in CopyFiles */,
			);
			runOnlyForDeploymentPostprocessing = 0;
		};
/* End PBXCopyFilesBuildPhase section */

/* Begin PBXFileReference section */
		583BEC741F2A601000235EDE /* MainViewController.swift */ = {isa = PBXFileReference; lastKnownFileType = sourcecode.swift; path = MainViewController.swift; sourceTree = "<group>"; };
		584AF7A51F30A06B00244CE3 /* NextToArriveViewController.swift */ = {isa = PBXFileReference; lastKnownFileType = sourcecode.swift; path = NextToArriveViewController.swift; sourceTree = "<group>"; };
		584AF7B41F30BD5900244CE3 /* RoutesViewController.swift */ = {isa = PBXFileReference; lastKnownFileType = sourcecode.swift; path = RoutesViewController.swift; sourceTree = "<group>"; };
		584AF7B71F30BDC400244CE3 /* TransitMode.swift */ = {isa = PBXFileReference; lastKnownFileType = sourcecode.swift; path = TransitMode.swift; sourceTree = "<group>"; };
		584AF7B91F30C06700244CE3 /* RouteTableViewCell.swift */ = {isa = PBXFileReference; lastKnownFileType = sourcecode.swift; path = RouteTableViewCell.swift; sourceTree = "<group>"; };
		584AF7BB1F30C25200244CE3 /* RoutesViewModel.swift */ = {isa = PBXFileReference; lastKnownFileType = sourcecode.swift; path = RoutesViewModel.swift; sourceTree = "<group>"; };
		584AF7C01F30C41700244CE3 /* SeptaTests-Bridging-Header.h */ = {isa = PBXFileReference; lastKnownFileType = sourcecode.c.h; path = "SeptaTests-Bridging-Header.h"; sourceTree = "<group>"; };
		584AF7C11F30C41800244CE3 /* RoutesViewModelTests.swift */ = {isa = PBXFileReference; lastKnownFileType = sourcecode.swift; path = RoutesViewModelTests.swift; sourceTree = "<group>"; };
		584AF7C41F30C9FA00244CE3 /* ViewModelDelegate.swift */ = {isa = PBXFileReference; lastKnownFileType = sourcecode.swift; path = ViewModelDelegate.swift; sourceTree = "<group>"; };
		584AF7C61F30D55000244CE3 /* TransitModesViewController.swift */ = {isa = PBXFileReference; lastKnownFileType = sourcecode.swift; path = TransitModesViewController.swift; sourceTree = "<group>"; };
		584AF7C91F30E2ED00244CE3 /* SelectStopsViewModel.swift */ = {isa = PBXFileReference; lastKnownFileType = sourcecode.swift; path = SelectStopsViewModel.swift; sourceTree = "<group>"; };
		584AF7CB1F30E2FB00244CE3 /* SelectStopsViewController.swift */ = {isa = PBXFileReference; lastKnownFileType = sourcecode.swift; path = SelectStopsViewController.swift; sourceTree = "<group>"; };
		584AF7CD1F30E4FA00244CE3 /* SingleStringCell.swift */ = {isa = PBXFileReference; lastKnownFileType = sourcecode.swift; path = SingleStringCell.swift; sourceTree = "<group>"; };
		584AF7CF1F30FB3B00244CE3 /* SelectStopsFooterView.xib */ = {isa = PBXFileReference; lastKnownFileType = file.xib; path = SelectStopsFooterView.xib; sourceTree = "<group>"; };
		584AF7D31F31094400244CE3 /* RouteScheduleViewController.swift */ = {isa = PBXFileReference; lastKnownFileType = sourcecode.swift; path = RouteScheduleViewController.swift; sourceTree = "<group>"; };
		584AF7D51F31094F00244CE3 /* RouteSheduleViewModel.swift */ = {isa = PBXFileReference; lastKnownFileType = sourcecode.swift; path = RouteSheduleViewModel.swift; sourceTree = "<group>"; };
		584AF7D71F31097000244CE3 /* RouteScheduleHeaderView.xib */ = {isa = PBXFileReference; lastKnownFileType = file.xib; path = RouteScheduleHeaderView.xib; sourceTree = "<group>"; };
		584AF7D91F31099000244CE3 /* SelectStopViewController.swift */ = {isa = PBXFileReference; lastKnownFileType = sourcecode.swift; path = SelectStopViewController.swift; sourceTree = "<group>"; };
		584AF7DB1F3109A100244CE3 /* SelectStopViewModel.swift */ = {isa = PBXFileReference; lastKnownFileType = sourcecode.swift; path = SelectStopViewModel.swift; sourceTree = "<group>"; };
		584AF7DD1F310C9D00244CE3 /* RouteStops.swift */ = {isa = PBXFileReference; lastKnownFileType = sourcecode.swift; path = RouteStops.swift; sourceTree = "<group>"; };
		584AF7DF1F310CEC00244CE3 /* SelectStopsViewElement.swift */ = {isa = PBXFileReference; lastKnownFileType = sourcecode.swift; path = SelectStopsViewElement.swift; sourceTree = "<group>"; };
		584AF7E11F310D2000244CE3 /* SelectStopCellType.swift */ = {isa = PBXFileReference; lastKnownFileType = sourcecode.swift; path = SelectStopCellType.swift; sourceTree = "<group>"; };
		584AF7E31F310D4700244CE3 /* SelectStopRow.swift */ = {isa = PBXFileReference; lastKnownFileType = sourcecode.swift; path = SelectStopRow.swift; sourceTree = "<group>"; };
		584AF7E51F310D6000244CE3 /* SelectedStopType.swift */ = {isa = PBXFileReference; lastKnownFileType = sourcecode.swift; path = SelectedStopType.swift; sourceTree = "<group>"; };
		587F1EE21F318CA300D145DC /* DateFormatters.swift */ = {isa = PBXFileReference; lastKnownFileType = sourcecode.swift; path = DateFormatters.swift; sourceTree = "<group>"; };
		588A58DE1F2B899C00AE02E5 /* Zip.framework */ = {isa = PBXFileReference; lastKnownFileType = wrapper.framework; name = Zip.framework; path = ../SeptaCoreData/SeptaCoreData/Frameworks/Zip.framework; sourceTree = "<group>"; };
		588A84A11F317F9C002A6E8B /* ScheduleTableViewCell.swift */ = {isa = PBXFileReference; lastKnownFileType = sourcecode.swift; path = ScheduleTableViewCell.swift; sourceTree = "<group>"; };
		589405E01F320C51007550E8 /* AppDelegate.swift */ = {isa = PBXFileReference; lastKnownFileType = sourcecode.swift; path = AppDelegate.swift; sourceTree = "<group>"; };
		589406111F320EB3007550E8 /* Alert.swift */ = {isa = PBXFileReference; lastKnownFileType = sourcecode.swift; path = Alert.swift; sourceTree = "<group>"; };
		589406131F32129E007550E8 /* SeptaSchedule.framework */ = {isa = PBXFileReference; lastKnownFileType = wrapper.framework; name = SeptaSchedule.framework; path = "../../../../DerivedData/Septa-cyhvqqfccphbryfykqpgnmhbvujj/Build/Products/Debug-iphonesimulator/SeptaSchedule.framework"; sourceTree = "<group>"; };
		58B299F11F2A32020080B0DA /* Septa.app */ = {isa = PBXFileReference; explicitFileType = wrapper.application; includeInIndex = 0; path = Septa.app; sourceTree = BUILT_PRODUCTS_DIR; };
		58B29A011F2A32020080B0DA /* Base */ = {isa = PBXFileReference; lastKnownFileType = file.storyboard; name = Base; path = Base.lproj/Main.storyboard; sourceTree = "<group>"; };
		58B29A061F2A32020080B0DA /* Base */ = {isa = PBXFileReference; lastKnownFileType = file.storyboard; name = Base; path = Base.lproj/LaunchScreen.storyboard; sourceTree = "<group>"; };
		58B29A081F2A32020080B0DA /* Info.plist */ = {isa = PBXFileReference; lastKnownFileType = text.plist.xml; path = Info.plist; sourceTree = "<group>"; };
		58B29A0D1F2A32020080B0DA /* SeptaTests.xctest */ = {isa = PBXFileReference; explicitFileType = wrapper.cfbundle; includeInIndex = 0; path = SeptaTests.xctest; sourceTree = BUILT_PRODUCTS_DIR; };
		58B29A111F2A32020080B0DA /* SeptaTests.m */ = {isa = PBXFileReference; lastKnownFileType = sourcecode.c.objc; path = SeptaTests.m; sourceTree = "<group>"; };
		58B29A131F2A32020080B0DA /* Info.plist */ = {isa = PBXFileReference; lastKnownFileType = text.plist.xml; path = Info.plist; sourceTree = "<group>"; };
		58B29A941F2A36300080B0DA /* SeptaCoreData.framework */ = {isa = PBXFileReference; lastKnownFileType = wrapper.framework; name = SeptaCoreData.framework; path = "../../../../DerivedData/Septa-cyhvqqfccphbryfykqpgnmhbvujj/Build/Products/Debug-iphonesimulator/SeptaCoreData.framework"; sourceTree = "<group>"; };
		58B29A9B1F2A3B450080B0DA /* SeptaNetworking.framework */ = {isa = PBXFileReference; lastKnownFileType = wrapper.framework; name = SeptaNetworking.framework; path = "../../../../DerivedData/Septa-cyhvqqfccphbryfykqpgnmhbvujj/Build/Products/Debug-iphonesimulator/SeptaNetworking.framework"; sourceTree = "<group>"; };
		58B29A9D1F2A3B4E0080B0DA /* SeptaMapping.framework */ = {isa = PBXFileReference; lastKnownFileType = wrapper.framework; name = SeptaMapping.framework; path = "../../../../DerivedData/Septa-cyhvqqfccphbryfykqpgnmhbvujj/Build/Products/Debug-iphonesimulator/SeptaMapping.framework"; sourceTree = "<group>"; };
		58B29AA81F2A3E700080B0DA /* Septa-Bridging-Header.h */ = {isa = PBXFileReference; lastKnownFileType = sourcecode.c.h; path = "Septa-Bridging-Header.h"; sourceTree = "<group>"; };
		58EDE29B1F2A627900F97B8C /* about.storyboard */ = {isa = PBXFileReference; lastKnownFileType = file.storyboard; path = about.storyboard; sourceTree = "<group>"; };
		58EDE29D1F2A628300F97B8C /* settings.storyboard */ = {isa = PBXFileReference; lastKnownFileType = file.storyboard; path = settings.storyboard; sourceTree = "<group>"; };
		58EDE29F1F2A628E00F97B8C /* contact.storyboard */ = {isa = PBXFileReference; lastKnownFileType = file.storyboard; path = contact.storyboard; sourceTree = "<group>"; };
		58EDE2A11F2A629900F97B8C /* favorites.storyboard */ = {isa = PBXFileReference; lastKnownFileType = file.storyboard; path = favorites.storyboard; sourceTree = "<group>"; };
		58EDE2A31F2A62A900F97B8C /* nextToArrive.storyboard */ = {isa = PBXFileReference; lastKnownFileType = file.storyboard; path = nextToArrive.storyboard; sourceTree = "<group>"; };
		58EDE2A51F2A62B600F97B8C /* alerts.storyboard */ = {isa = PBXFileReference; lastKnownFileType = file.storyboard; path = alerts.storyboard; sourceTree = "<group>"; };
		58EDE2A71F2A62C100F97B8C /* fares.storyboard */ = {isa = PBXFileReference; lastKnownFileType = file.storyboard; path = fares.storyboard; sourceTree = "<group>"; };
		58EDE2A91F2A62CB00F97B8C /* schedules.storyboard */ = {isa = PBXFileReference; lastKnownFileType = file.storyboard; path = schedules.storyboard; sourceTree = "<group>"; };
		58EDE2AB1F2A6A6000F97B8C /* Assets.xcassets */ = {isa = PBXFileReference; lastKnownFileType = folder.assetcatalog; path = Assets.xcassets; sourceTree = "<group>"; };
/* End PBXFileReference section */

/* Begin PBXFrameworksBuildPhase section */
		58B299EE1F2A32020080B0DA /* Frameworks */ = {
			isa = PBXFrameworksBuildPhase;
			buildActionMask = 2147483647;
			files = (
				589406141F32129E007550E8 /* SeptaSchedule.framework in Frameworks */,
			);
			runOnlyForDeploymentPostprocessing = 0;
		};
		58B29A0A1F2A32020080B0DA /* Frameworks */ = {
			isa = PBXFrameworksBuildPhase;
			buildActionMask = 2147483647;
			files = (
			);
			runOnlyForDeploymentPostprocessing = 0;
		};
/* End PBXFrameworksBuildPhase section */

/* Begin PBXGroup section */
		583BEC721F2A5F2700235EDE /* Features */ = {
			isa = PBXGroup;
			children = (
				583BEC761F2A60FD00235EDE /* Favorites */,
				583BEC771F2A610400235EDE /* NextToArrive */,
				583BEC7A1F2A616A00235EDE /* Alerts */,
				583BEC781F2A610E00235EDE /* FaresAndTransitInfo */,
				583BEC791F2A613500235EDE /* Schedules */,
				583BEC7B1F2A619C00235EDE /* Contact */,
				583BEC7C1F2A61A400235EDE /* Settings */,
				583BEC7D1F2A61AE00235EDE /* About */,
			);
			name = Features;
			path = "New Group";
			sourceTree = "<group>";
		};
		583BEC731F2A5FA900235EDE /* Main */ = {
			isa = PBXGroup;
			children = (
				58B29A001F2A32020080B0DA /* Main.storyboard */,
				583BEC741F2A601000235EDE /* MainViewController.swift */,
			);
			path = Main;
			sourceTree = "<group>";
		};
		583BEC761F2A60FD00235EDE /* Favorites */ = {
			isa = PBXGroup;
			children = (
				58EDE2A11F2A629900F97B8C /* favorites.storyboard */,
			);
			path = Favorites;
			sourceTree = "<group>";
		};
		583BEC771F2A610400235EDE /* NextToArrive */ = {
			isa = PBXGroup;
			children = (
				58EDE2A31F2A62A900F97B8C /* nextToArrive.storyboard */,
				584AF7A51F30A06B00244CE3 /* NextToArriveViewController.swift */,
			);
			path = NextToArrive;
			sourceTree = "<group>";
		};
		583BEC781F2A610E00235EDE /* FaresAndTransitInfo */ = {
			isa = PBXGroup;
			children = (
				58EDE2A71F2A62C100F97B8C /* fares.storyboard */,
			);
			path = FaresAndTransitInfo;
			sourceTree = "<group>";
		};
		583BEC791F2A613500235EDE /* Schedules */ = {
			isa = PBXGroup;
			children = (
				584AF7D21F3108D600244CE3 /* RouteSchedule */,
				584AF7D11F3108BA00244CE3 /* SelectStop */,
				584AF7C81F30E2CF00244CE3 /* SelectStops */,
				584AF7C31F30C47C00244CE3 /* Routes */,
				58EDE2A91F2A62CB00F97B8C /* schedules.storyboard */,
				584AF7C61F30D55000244CE3 /* TransitModesViewController.swift */,
			);
			path = Schedules;
			sourceTree = "<group>";
		};
		583BEC7A1F2A616A00235EDE /* Alerts */ = {
			isa = PBXGroup;
			children = (
				58EDE2A51F2A62B600F97B8C /* alerts.storyboard */,
				589406111F320EB3007550E8 /* Alert.swift */,
			);
			path = Alerts;
			sourceTree = "<group>";
		};
		583BEC7B1F2A619C00235EDE /* Contact */ = {
			isa = PBXGroup;
			children = (
				58EDE29F1F2A628E00F97B8C /* contact.storyboard */,
			);
			path = Contact;
			sourceTree = "<group>";
		};
		583BEC7C1F2A61A400235EDE /* Settings */ = {
			isa = PBXGroup;
			children = (
				58EDE29D1F2A628300F97B8C /* settings.storyboard */,
			);
			path = Settings;
			sourceTree = "<group>";
		};
		583BEC7D1F2A61AE00235EDE /* About */ = {
			isa = PBXGroup;
			children = (
				58EDE29B1F2A627900F97B8C /* about.storyboard */,
			);
			path = About;
			sourceTree = "<group>";
		};
		584AF7B21F30BCE700244CE3 /* Views */ = {
			isa = PBXGroup;
			children = (
				584AF7B31F30BCF300244CE3 /* Cells */,
			);
			path = Views;
			sourceTree = "<group>";
		};
		584AF7B31F30BCF300244CE3 /* Cells */ = {
			isa = PBXGroup;
			children = (
				584AF7CD1F30E4FA00244CE3 /* SingleStringCell.swift */,
			);
			path = Cells;
			sourceTree = "<group>";
		};
		584AF7B61F30BDAD00244CE3 /* View Models */ = {
			isa = PBXGroup;
			children = (
				584AF7B71F30BDC400244CE3 /* TransitMode.swift */,
				584AF7C41F30C9FA00244CE3 /* ViewModelDelegate.swift */,
			);
			path = "View Models";
			sourceTree = "<group>";
		};
		584AF7BD1F30C3CD00244CE3 /* Features */ = {
			isa = PBXGroup;
			children = (
				584AF7BE1F30C3E100244CE3 /* Schedules */,
			);
			path = Features;
			sourceTree = "<group>";
		};
		584AF7BE1F30C3E100244CE3 /* Schedules */ = {
			isa = PBXGroup;
			children = (
				584AF7BF1F30C3F100244CE3 /* Routes */,
			);
			path = Schedules;
			sourceTree = "<group>";
		};
		584AF7BF1F30C3F100244CE3 /* Routes */ = {
			isa = PBXGroup;
			children = (
				584AF7C11F30C41800244CE3 /* RoutesViewModelTests.swift */,
			);
			path = Routes;
			sourceTree = "<group>";
		};
		584AF7C31F30C47C00244CE3 /* Routes */ = {
			isa = PBXGroup;
			children = (
				584AF7B41F30BD5900244CE3 /* RoutesViewController.swift */,
				584AF7B91F30C06700244CE3 /* RouteTableViewCell.swift */,
				584AF7BB1F30C25200244CE3 /* RoutesViewModel.swift */,
			);
			path = Routes;
			sourceTree = "<group>";
		};
		584AF7C81F30E2CF00244CE3 /* SelectStops */ = {
			isa = PBXGroup;
			children = (
				584AF7C91F30E2ED00244CE3 /* SelectStopsViewModel.swift */,
				584AF7CB1F30E2FB00244CE3 /* SelectStopsViewController.swift */,
				584AF7CF1F30FB3B00244CE3 /* SelectStopsFooterView.xib */,
				584AF7DD1F310C9D00244CE3 /* RouteStops.swift */,
				584AF7DF1F310CEC00244CE3 /* SelectStopsViewElement.swift */,
				584AF7E11F310D2000244CE3 /* SelectStopCellType.swift */,
				584AF7E31F310D4700244CE3 /* SelectStopRow.swift */,
				584AF7E51F310D6000244CE3 /* SelectedStopType.swift */,
			);
			path = SelectStops;
			sourceTree = "<group>";
		};
		584AF7D11F3108BA00244CE3 /* SelectStop */ = {
			isa = PBXGroup;
			children = (
				584AF7D91F31099000244CE3 /* SelectStopViewController.swift */,
				584AF7DB1F3109A100244CE3 /* SelectStopViewModel.swift */,
			);
			path = SelectStop;
			sourceTree = "<group>";
		};
		584AF7D21F3108D600244CE3 /* RouteSchedule */ = {
			isa = PBXGroup;
			children = (
				584AF7D31F31094400244CE3 /* RouteScheduleViewController.swift */,
				584AF7D51F31094F00244CE3 /* RouteSheduleViewModel.swift */,
				584AF7D71F31097000244CE3 /* RouteScheduleHeaderView.xib */,
				588A84A11F317F9C002A6E8B /* ScheduleTableViewCell.swift */,
			);
			path = RouteSchedule;
			sourceTree = "<group>";
		};
		587F1EE11F318C8E00D145DC /* Utlities */ = {
			isa = PBXGroup;
			children = (
				587F1EE21F318CA300D145DC /* DateFormatters.swift */,
			);
			path = Utlities;
			sourceTree = "<group>";
		};
		58B299E81F2A32020080B0DA = {
			isa = PBXGroup;
			children = (
				58B299F31F2A32020080B0DA /* Septa */,
				58B29A101F2A32020080B0DA /* SeptaTests */,
				58B299F21F2A32020080B0DA /* Products */,
				58B29A931F2A36300080B0DA /* Frameworks */,
			);
			sourceTree = "<group>";
		};
		58B299F21F2A32020080B0DA /* Products */ = {
			isa = PBXGroup;
			children = (
				58B299F11F2A32020080B0DA /* Septa.app */,
				58B29A0D1F2A32020080B0DA /* SeptaTests.xctest */,
			);
			name = Products;
			sourceTree = "<group>";
		};
		58B299F31F2A32020080B0DA /* Septa */ = {
			isa = PBXGroup;
			children = (
				587F1EE11F318C8E00D145DC /* Utlities */,
				584AF7B61F30BDAD00244CE3 /* View Models */,
				584AF7B21F30BCE700244CE3 /* Views */,
				58EDE2AD1F2A6BB600F97B8C /* Assets */,
				583BEC731F2A5FA900235EDE /* Main */,
				583BEC721F2A5F2700235EDE /* Features */,
				589405E01F320C51007550E8 /* AppDelegate.swift */,
				58B299F41F2A32020080B0DA /* Supporting Files */,
			);
			path = Septa;
			sourceTree = "<group>";
		};
		58B299F41F2A32020080B0DA /* Supporting Files */ = {
			isa = PBXGroup;
			children = (
				58B29A051F2A32020080B0DA /* LaunchScreen.storyboard */,
				58B29A081F2A32020080B0DA /* Info.plist */,
				58B29AA81F2A3E700080B0DA /* Septa-Bridging-Header.h */,
			);
			name = "Supporting Files";
			sourceTree = "<group>";
		};
		58B29A101F2A32020080B0DA /* SeptaTests */ = {
			isa = PBXGroup;
			children = (
				584AF7C01F30C41700244CE3 /* SeptaTests-Bridging-Header.h */,
				584AF7BD1F30C3CD00244CE3 /* Features */,
				58B29A111F2A32020080B0DA /* SeptaTests.m */,
				58B29A131F2A32020080B0DA /* Info.plist */,
			);
			path = SeptaTests;
			sourceTree = "<group>";
		};
		58B29A931F2A36300080B0DA /* Frameworks */ = {
			isa = PBXGroup;
			children = (
				589406131F32129E007550E8 /* SeptaSchedule.framework */,
				588A58DE1F2B899C00AE02E5 /* Zip.framework */,
				58B29A9D1F2A3B4E0080B0DA /* SeptaMapping.framework */,
				58B29A9B1F2A3B450080B0DA /* SeptaNetworking.framework */,
				58B29A941F2A36300080B0DA /* SeptaCoreData.framework */,
			);
			name = Frameworks;
			sourceTree = "<group>";
		};
		58EDE2AD1F2A6BB600F97B8C /* Assets */ = {
			isa = PBXGroup;
			children = (
				58EDE2AB1F2A6A6000F97B8C /* Assets.xcassets */,
			);
			path = Assets;
			sourceTree = "<group>";
		};
/* End PBXGroup section */

/* Begin PBXNativeTarget section */
		58B299F01F2A32020080B0DA /* Septa */ = {
			isa = PBXNativeTarget;
			buildConfigurationList = 58B29A161F2A32020080B0DA /* Build configuration list for PBXNativeTarget "Septa" */;
			buildPhases = (
				58B299ED1F2A32020080B0DA /* Sources */,
				58B299EE1F2A32020080B0DA /* Frameworks */,
				58B299EF1F2A32020080B0DA /* Resources */,
				58B29AA01F2A3D380080B0DA /* CopyFiles */,
			);
			buildRules = (
			);
			dependencies = (
			);
			name = Septa;
			productName = Septa;
			productReference = 58B299F11F2A32020080B0DA /* Septa.app */;
			productType = "com.apple.product-type.application";
		};
		58B29A0C1F2A32020080B0DA /* SeptaTests */ = {
			isa = PBXNativeTarget;
			buildConfigurationList = 58B29A191F2A32020080B0DA /* Build configuration list for PBXNativeTarget "SeptaTests" */;
			buildPhases = (
				58B29A091F2A32020080B0DA /* Sources */,
				58B29A0A1F2A32020080B0DA /* Frameworks */,
				58B29A0B1F2A32020080B0DA /* Resources */,
			);
			buildRules = (
			);
			dependencies = (
				58B29A0F1F2A32020080B0DA /* PBXTargetDependency */,
			);
			name = SeptaTests;
			productName = SeptaTests;
			productReference = 58B29A0D1F2A32020080B0DA /* SeptaTests.xctest */;
			productType = "com.apple.product-type.bundle.unit-test";
		};
/* End PBXNativeTarget section */

/* Begin PBXProject section */
		58B299E91F2A32020080B0DA /* Project object */ = {
			isa = PBXProject;
			attributes = {
				LastUpgradeCheck = 0900;
				ORGANIZATIONNAME = "Mark Broski";
				TargetAttributes = {
					58B299F01F2A32020080B0DA = {
						CreatedOnToolsVersion = 8.3.3;
						DevelopmentTeam = L636S9JLLY;
						LastSwiftMigration = 0900;
						ProvisioningStyle = Automatic;
					};
					58B29A0C1F2A32020080B0DA = {
						CreatedOnToolsVersion = 8.3.3;
						DevelopmentTeam = L636S9JLLY;
						LastSwiftMigration = 0900;
						ProvisioningStyle = Automatic;
						TestTargetID = 58B299F01F2A32020080B0DA;
					};
				};
			};
			buildConfigurationList = 58B299EC1F2A32020080B0DA /* Build configuration list for PBXProject "Septa" */;
			compatibilityVersion = "Xcode 3.2";
			developmentRegion = English;
			hasScannedForEncodings = 0;
			knownRegions = (
				en,
				Base,
			);
			mainGroup = 58B299E81F2A32020080B0DA;
			productRefGroup = 58B299F21F2A32020080B0DA /* Products */;
			projectDirPath = "";
			projectRoot = "";
			targets = (
				58B299F01F2A32020080B0DA /* Septa */,
				58B29A0C1F2A32020080B0DA /* SeptaTests */,
			);
		};
/* End PBXProject section */

/* Begin PBXResourcesBuildPhase section */
		58B299EF1F2A32020080B0DA /* Resources */ = {
			isa = PBXResourcesBuildPhase;
			buildActionMask = 2147483647;
			files = (
				58B29A071F2A32020080B0DA /* LaunchScreen.storyboard in Resources */,
				58EDE2A41F2A62A900F97B8C /* nextToArrive.storyboard in Resources */,
				58EDE2AC1F2A6A6000F97B8C /* Assets.xcassets in Resources */,
				58EDE29C1F2A627900F97B8C /* about.storyboard in Resources */,
				584AF7D81F31097000244CE3 /* RouteScheduleHeaderView.xib in Resources */,
				58B29A021F2A32020080B0DA /* Main.storyboard in Resources */,
				584AF7D01F30FB3B00244CE3 /* SelectStopsFooterView.xib in Resources */,
				58EDE29E1F2A628300F97B8C /* settings.storyboard in Resources */,
				58EDE2A81F2A62C100F97B8C /* fares.storyboard in Resources */,
				58EDE2AA1F2A62CB00F97B8C /* schedules.storyboard in Resources */,
				58EDE2A61F2A62B600F97B8C /* alerts.storyboard in Resources */,
				58EDE2A21F2A629900F97B8C /* favorites.storyboard in Resources */,
				58EDE2A01F2A628E00F97B8C /* contact.storyboard in Resources */,
			);
			runOnlyForDeploymentPostprocessing = 0;
		};
		58B29A0B1F2A32020080B0DA /* Resources */ = {
			isa = PBXResourcesBuildPhase;
			buildActionMask = 2147483647;
			files = (
			);
			runOnlyForDeploymentPostprocessing = 0;
		};
/* End PBXResourcesBuildPhase section */

/* Begin PBXSourcesBuildPhase section */
		58B299ED1F2A32020080B0DA /* Sources */ = {
			isa = PBXSourcesBuildPhase;
			buildActionMask = 2147483647;
			files = (
				584AF7C71F30D55000244CE3 /* TransitModesViewController.swift in Sources */,
				584AF7E61F310D6000244CE3 /* SelectedStopType.swift in Sources */,
				584AF7CC1F30E2FB00244CE3 /* SelectStopsViewController.swift in Sources */,
				589406121F320EB3007550E8 /* Alert.swift in Sources */,
				583BEC751F2A601000235EDE /* MainViewController.swift in Sources */,
				584AF7B81F30BDC400244CE3 /* TransitMode.swift in Sources */,
				588A84A21F317F9C002A6E8B /* ScheduleTableViewCell.swift in Sources */,
				584AF7A61F30A06B00244CE3 /* NextToArriveViewController.swift in Sources */,
				584AF7C51F30C9FA00244CE3 /* ViewModelDelegate.swift in Sources */,
				584AF7D61F31094F00244CE3 /* RouteSheduleViewModel.swift in Sources */,
				587F1EE31F318CA300D145DC /* DateFormatters.swift in Sources */,
				584AF7DC1F3109A100244CE3 /* SelectStopViewModel.swift in Sources */,
				584AF7E01F310CEC00244CE3 /* SelectStopsViewElement.swift in Sources */,
				589405E11F320C51007550E8 /* AppDelegate.swift in Sources */,
				584AF7BA1F30C06700244CE3 /* RouteTableViewCell.swift in Sources */,
				584AF7E21F310D2000244CE3 /* SelectStopCellType.swift in Sources */,
				584AF7E41F310D4700244CE3 /* SelectStopRow.swift in Sources */,
				584AF7CA1F30E2ED00244CE3 /* SelectStopsViewModel.swift in Sources */,
				584AF7CE1F30E4FA00244CE3 /* SingleStringCell.swift in Sources */,
				584AF7D41F31094400244CE3 /* RouteScheduleViewController.swift in Sources */,
				584AF7BC1F30C25200244CE3 /* RoutesViewModel.swift in Sources */,
				584AF7DE1F310C9D00244CE3 /* RouteStops.swift in Sources */,
				584AF7DA1F31099000244CE3 /* SelectStopViewController.swift in Sources */,
				584AF7B51F30BD5900244CE3 /* RoutesViewController.swift in Sources */,
			);
			runOnlyForDeploymentPostprocessing = 0;
		};
		58B29A091F2A32020080B0DA /* Sources */ = {
			isa = PBXSourcesBuildPhase;
			buildActionMask = 2147483647;
			files = (
				584AF7C21F30C41800244CE3 /* RoutesViewModelTests.swift in Sources */,
				58B29A121F2A32020080B0DA /* SeptaTests.m in Sources */,
			);
			runOnlyForDeploymentPostprocessing = 0;
		};
/* End PBXSourcesBuildPhase section */

/* Begin PBXTargetDependency section */
		58B29A0F1F2A32020080B0DA /* PBXTargetDependency */ = {
			isa = PBXTargetDependency;
			target = 58B299F01F2A32020080B0DA /* Septa */;
			targetProxy = 58B29A0E1F2A32020080B0DA /* PBXContainerItemProxy */;
		};
/* End PBXTargetDependency section */

/* Begin PBXVariantGroup section */
		58B29A001F2A32020080B0DA /* Main.storyboard */ = {
			isa = PBXVariantGroup;
			children = (
				58B29A011F2A32020080B0DA /* Base */,
			);
			name = Main.storyboard;
			sourceTree = "<group>";
		};
		58B29A051F2A32020080B0DA /* LaunchScreen.storyboard */ = {
			isa = PBXVariantGroup;
			children = (
				58B29A061F2A32020080B0DA /* Base */,
			);
			name = LaunchScreen.storyboard;
			sourceTree = "<group>";
		};
/* End PBXVariantGroup section */

/* Begin XCBuildConfiguration section */
		58B29A141F2A32020080B0DA /* Debug */ = {
			isa = XCBuildConfiguration;
			buildSettings = {
				ALWAYS_SEARCH_USER_PATHS = NO;
				CLANG_ANALYZER_NONNULL = YES;
				CLANG_ANALYZER_NUMBER_OBJECT_CONVERSION = YES_AGGRESSIVE;
				CLANG_CXX_LANGUAGE_STANDARD = "gnu++0x";
				CLANG_CXX_LIBRARY = "libc++";
				CLANG_ENABLE_MODULES = YES;
				CLANG_ENABLE_OBJC_ARC = YES;
				CLANG_WARN_BLOCK_CAPTURE_AUTORELEASING = YES;
				CLANG_WARN_BOOL_CONVERSION = YES;
				CLANG_WARN_COMMA = YES;
				CLANG_WARN_CONSTANT_CONVERSION = YES;
				CLANG_WARN_DIRECT_OBJC_ISA_USAGE = YES_ERROR;
				CLANG_WARN_DOCUMENTATION_COMMENTS = YES;
				CLANG_WARN_EMPTY_BODY = YES;
				CLANG_WARN_ENUM_CONVERSION = YES;
				CLANG_WARN_INFINITE_RECURSION = YES;
				CLANG_WARN_INT_CONVERSION = YES;
				CLANG_WARN_NON_LITERAL_NULL_CONVERSION = YES;
				CLANG_WARN_OBJC_LITERAL_CONVERSION = YES;
				CLANG_WARN_OBJC_ROOT_CLASS = YES_ERROR;
				CLANG_WARN_RANGE_LOOP_ANALYSIS = YES;
				CLANG_WARN_STRICT_PROTOTYPES = YES;
				CLANG_WARN_SUSPICIOUS_MOVE = YES;
				CLANG_WARN_UNREACHABLE_CODE = YES;
				CLANG_WARN__DUPLICATE_METHOD_MATCH = YES;
				"CODE_SIGN_IDENTITY[sdk=iphoneos*]" = "iPhone Developer";
				COPY_PHASE_STRIP = NO;
				DEBUG_INFORMATION_FORMAT = dwarf;
				ENABLE_STRICT_OBJC_MSGSEND = YES;
				ENABLE_TESTABILITY = YES;
				GCC_C_LANGUAGE_STANDARD = gnu99;
				GCC_DYNAMIC_NO_PIC = NO;
				GCC_NO_COMMON_BLOCKS = YES;
				GCC_OPTIMIZATION_LEVEL = 0;
				GCC_PREPROCESSOR_DEFINITIONS = (
					"DEBUG=1",
					"$(inherited)",
				);
				GCC_WARN_64_TO_32_BIT_CONVERSION = YES;
				GCC_WARN_ABOUT_RETURN_TYPE = YES_ERROR;
				GCC_WARN_UNDECLARED_SELECTOR = YES;
				GCC_WARN_UNINITIALIZED_AUTOS = YES_AGGRESSIVE;
				GCC_WARN_UNUSED_FUNCTION = YES;
				GCC_WARN_UNUSED_VARIABLE = YES;
				IPHONEOS_DEPLOYMENT_TARGET = 9.3;
				MTL_ENABLE_DEBUG_INFO = YES;
				ONLY_ACTIVE_ARCH = YES;
				SDKROOT = iphoneos;
				SWIFT_SWIFT3_OBJC_INFERENCE = Off;
			};
			name = Debug;
		};
		58B29A151F2A32020080B0DA /* Release */ = {
			isa = XCBuildConfiguration;
			buildSettings = {
				ALWAYS_SEARCH_USER_PATHS = NO;
				CLANG_ANALYZER_NONNULL = YES;
				CLANG_ANALYZER_NUMBER_OBJECT_CONVERSION = YES_AGGRESSIVE;
				CLANG_CXX_LANGUAGE_STANDARD = "gnu++0x";
				CLANG_CXX_LIBRARY = "libc++";
				CLANG_ENABLE_MODULES = YES;
				CLANG_ENABLE_OBJC_ARC = YES;
				CLANG_WARN_BLOCK_CAPTURE_AUTORELEASING = YES;
				CLANG_WARN_BOOL_CONVERSION = YES;
				CLANG_WARN_COMMA = YES;
				CLANG_WARN_CONSTANT_CONVERSION = YES;
				CLANG_WARN_DIRECT_OBJC_ISA_USAGE = YES_ERROR;
				CLANG_WARN_DOCUMENTATION_COMMENTS = YES;
				CLANG_WARN_EMPTY_BODY = YES;
				CLANG_WARN_ENUM_CONVERSION = YES;
				CLANG_WARN_INFINITE_RECURSION = YES;
				CLANG_WARN_INT_CONVERSION = YES;
				CLANG_WARN_NON_LITERAL_NULL_CONVERSION = YES;
				CLANG_WARN_OBJC_LITERAL_CONVERSION = YES;
				CLANG_WARN_OBJC_ROOT_CLASS = YES_ERROR;
				CLANG_WARN_RANGE_LOOP_ANALYSIS = YES;
				CLANG_WARN_STRICT_PROTOTYPES = YES;
				CLANG_WARN_SUSPICIOUS_MOVE = YES;
				CLANG_WARN_UNREACHABLE_CODE = YES;
				CLANG_WARN__DUPLICATE_METHOD_MATCH = YES;
				"CODE_SIGN_IDENTITY[sdk=iphoneos*]" = "iPhone Developer";
				COPY_PHASE_STRIP = NO;
				DEBUG_INFORMATION_FORMAT = "dwarf-with-dsym";
				ENABLE_NS_ASSERTIONS = NO;
				ENABLE_STRICT_OBJC_MSGSEND = YES;
				GCC_C_LANGUAGE_STANDARD = gnu99;
				GCC_NO_COMMON_BLOCKS = YES;
				GCC_WARN_64_TO_32_BIT_CONVERSION = YES;
				GCC_WARN_ABOUT_RETURN_TYPE = YES_ERROR;
				GCC_WARN_UNDECLARED_SELECTOR = YES;
				GCC_WARN_UNINITIALIZED_AUTOS = YES_AGGRESSIVE;
				GCC_WARN_UNUSED_FUNCTION = YES;
				GCC_WARN_UNUSED_VARIABLE = YES;
				IPHONEOS_DEPLOYMENT_TARGET = 9.3;
				MTL_ENABLE_DEBUG_INFO = NO;
				SDKROOT = iphoneos;
				SWIFT_OPTIMIZATION_LEVEL = "-Owholemodule";
				SWIFT_SWIFT3_OBJC_INFERENCE = Off;
				VALIDATE_PRODUCT = YES;
			};
			name = Release;
		};
		58B29A171F2A32020080B0DA /* Debug */ = {
			isa = XCBuildConfiguration;
			buildSettings = {
				ASSETCATALOG_COMPILER_APPICON_NAME = AppIcon;
				CLANG_ENABLE_MODULES = YES;
				DEVELOPMENT_TEAM = L636S9JLLY;
				FRAMEWORK_SEARCH_PATHS = "$(inherited)";
				INFOPLIST_FILE = Septa/Info.plist;
				IPHONEOS_DEPLOYMENT_TARGET = 9.3;
				LD_RUNPATH_SEARCH_PATHS = "$(inherited) @executable_path/Frameworks";
				PRODUCT_BUNDLE_IDENTIFIER = org.septa.iSEPTA;
				PRODUCT_NAME = "$(TARGET_NAME)";
				SWIFT_OBJC_BRIDGING_HEADER = "Septa/Septa-Bridging-Header.h";
				SWIFT_OPTIMIZATION_LEVEL = "-Onone";
				SWIFT_SWIFT3_OBJC_INFERENCE = Off;
				SWIFT_VERSION = 4.0;
			};
			name = Debug;
		};
		58B29A181F2A32020080B0DA /* Release */ = {
			isa = XCBuildConfiguration;
			buildSettings = {
				ASSETCATALOG_COMPILER_APPICON_NAME = AppIcon;
				CLANG_ENABLE_MODULES = YES;
				DEVELOPMENT_TEAM = L636S9JLLY;
				FRAMEWORK_SEARCH_PATHS = "$(inherited)";
				INFOPLIST_FILE = Septa/Info.plist;
				IPHONEOS_DEPLOYMENT_TARGET = 9.3;
				LD_RUNPATH_SEARCH_PATHS = "$(inherited) @executable_path/Frameworks";
				PRODUCT_BUNDLE_IDENTIFIER = org.septa.iSEPTA;
				PRODUCT_NAME = "$(TARGET_NAME)";
				SWIFT_OBJC_BRIDGING_HEADER = "Septa/Septa-Bridging-Header.h";
				SWIFT_SWIFT3_OBJC_INFERENCE = Off;
				SWIFT_VERSION = 4.0;
			};
			name = Release;
		};
		58B29A1A1F2A32020080B0DA /* Debug */ = {
			isa = XCBuildConfiguration;
			buildSettings = {
				ALWAYS_EMBED_SWIFT_STANDARD_LIBRARIES = YES;
				BUNDLE_LOADER = "$(TEST_HOST)";
				CLANG_ENABLE_MODULES = YES;
				DEVELOPMENT_TEAM = L636S9JLLY;
				FRAMEWORK_SEARCH_PATHS = (
					"$(inherited)",
					"$(PROJECT_DIR)CoreData/SeptaCoreData/Frameworks",
				);
				INFOPLIST_FILE = SeptaTests/Info.plist;
				LD_RUNPATH_SEARCH_PATHS = "$(inherited) @executable_path/Frameworks @loader_path/Frameworks";
				PRODUCT_BUNDLE_IDENTIFIER = org.septa.SeptaTests;
				PRODUCT_NAME = "$(TARGET_NAME)";
				SWIFT_OBJC_BRIDGING_HEADER = "";
				SWIFT_OPTIMIZATION_LEVEL = "-Onone";
				SWIFT_PRECOMPILE_BRIDGING_HEADER = NO;
				SWIFT_VERSION = 3.0;
				TEST_HOST = "$(BUILT_PRODUCTS_DIR)/Septa.app/Septa";
			};
			name = Debug;
		};
		58B29A1B1F2A32020080B0DA /* Release */ = {
			isa = XCBuildConfiguration;
			buildSettings = {
				ALWAYS_EMBED_SWIFT_STANDARD_LIBRARIES = YES;
				BUNDLE_LOADER = "$(TEST_HOST)";
				CLANG_ENABLE_MODULES = YES;
				DEVELOPMENT_TEAM = L636S9JLLY;
				FRAMEWORK_SEARCH_PATHS = (
					"$(inherited)",
					"$(PROJECT_DIR)CoreData/SeptaCoreData/Frameworks",
				);
				INFOPLIST_FILE = SeptaTests/Info.plist;
				LD_RUNPATH_SEARCH_PATHS = "$(inherited) @executable_path/Frameworks @loader_path/Frameworks";
				PRODUCT_BUNDLE_IDENTIFIER = org.septa.SeptaTests;
				PRODUCT_NAME = "$(TARGET_NAME)";
				SWIFT_OBJC_BRIDGING_HEADER = "";
				SWIFT_PRECOMPILE_BRIDGING_HEADER = NO;
				SWIFT_VERSION = 3.0;
				TEST_HOST = "$(BUILT_PRODUCTS_DIR)/Septa.app/Septa";
			};
			name = Release;
		};
/* End XCBuildConfiguration section */

/* Begin XCConfigurationList section */
		58B299EC1F2A32020080B0DA /* Build configuration list for PBXProject "Septa" */ = {
			isa = XCConfigurationList;
			buildConfigurations = (
				58B29A141F2A32020080B0DA /* Debug */,
				58B29A151F2A32020080B0DA /* Release */,
			);
			defaultConfigurationIsVisible = 0;
			defaultConfigurationName = Release;
		};
		58B29A161F2A32020080B0DA /* Build configuration list for PBXNativeTarget "Septa" */ = {
			isa = XCConfigurationList;
			buildConfigurations = (
				58B29A171F2A32020080B0DA /* Debug */,
				58B29A181F2A32020080B0DA /* Release */,
			);
			defaultConfigurationIsVisible = 0;
			defaultConfigurationName = Release;
		};
		58B29A191F2A32020080B0DA /* Build configuration list for PBXNativeTarget "SeptaTests" */ = {
			isa = XCConfigurationList;
			buildConfigurations = (
				58B29A1A1F2A32020080B0DA /* Debug */,
				58B29A1B1F2A32020080B0DA /* Release */,
			);
			defaultConfigurationIsVisible = 0;
			defaultConfigurationName = Release;
		};
/* End XCConfigurationList section */
	};
	rootObject = 58B299E91F2A32020080B0DA /* Project object */;
}
