// !$*UTF8*$!
{
	archiveVersion = 1;
	classes = {
	};
	objectVersion = 48;
	objects = {

/* Begin PBXBuildFile section */
		5851E0B51F2A8E1A009087CE /* AppDelegate.m in Sources */ = {isa = PBXBuildFile; fileRef = 5851E0B41F2A8E1A009087CE /* AppDelegate.m */; };
		5851E0B81F2A8E1A009087CE /* ViewController.m in Sources */ = {isa = PBXBuildFile; fileRef = 5851E0B71F2A8E1A009087CE /* ViewController.m */; };
		5851E0BB1F2A8E1A009087CE /* Main.storyboard in Resources */ = {isa = PBXBuildFile; fileRef = 5851E0B91F2A8E1A009087CE /* Main.storyboard */; };
		5851E0BE1F2A8E1A009087CE /* TestCoreData.xcdatamodeld in Sources */ = {isa = PBXBuildFile; fileRef = 5851E0BC1F2A8E1A009087CE /* TestCoreData.xcdatamodeld */; };
		5851E0C01F2A8E1A009087CE /* Assets.xcassets in Resources */ = {isa = PBXBuildFile; fileRef = 5851E0BF1F2A8E1A009087CE /* Assets.xcassets */; };
		5851E0C31F2A8E1A009087CE /* LaunchScreen.storyboard in Resources */ = {isa = PBXBuildFile; fileRef = 5851E0C11F2A8E1A009087CE /* LaunchScreen.storyboard */; };
		5851E0C61F2A8E1A009087CE /* main.m in Sources */ = {isa = PBXBuildFile; fileRef = 5851E0C51F2A8E1A009087CE /* main.m */; };
		5851E0D01F2A8E1B009087CE /* TestCoreDataTests.m in Sources */ = {isa = PBXBuildFile; fileRef = 5851E0CF1F2A8E1B009087CE /* TestCoreDataTests.m */; };
/* End PBXBuildFile section */

/* Begin PBXContainerItemProxy section */
		5851E0CC1F2A8E1B009087CE /* PBXContainerItemProxy */ = {
			isa = PBXContainerItemProxy;
			containerPortal = 5851E0A81F2A8E1A009087CE /* Project object */;
			proxyType = 1;
			remoteGlobalIDString = 5851E0AF1F2A8E1A009087CE;
			remoteInfo = TestCoreData;
		};
/* End PBXContainerItemProxy section */

/* Begin PBXFileReference section */
		5851E0B01F2A8E1A009087CE /* TestCoreData.app */ = {isa = PBXFileReference; explicitFileType = wrapper.application; includeInIndex = 0; path = TestCoreData.app; sourceTree = BUILT_PRODUCTS_DIR; };
		5851E0B31F2A8E1A009087CE /* AppDelegate.h */ = {isa = PBXFileReference; lastKnownFileType = sourcecode.c.h; path = AppDelegate.h; sourceTree = "<group>"; };
		5851E0B41F2A8E1A009087CE /* AppDelegate.m */ = {isa = PBXFileReference; lastKnownFileType = sourcecode.c.objc; path = AppDelegate.m; sourceTree = "<group>"; };
		5851E0B61F2A8E1A009087CE /* ViewController.h */ = {isa = PBXFileReference; lastKnownFileType = sourcecode.c.h; path = ViewController.h; sourceTree = "<group>"; };
		5851E0B71F2A8E1A009087CE /* ViewController.m */ = {isa = PBXFileReference; lastKnownFileType = sourcecode.c.objc; path = ViewController.m; sourceTree = "<group>"; };
		5851E0BA1F2A8E1A009087CE /* Base */ = {isa = PBXFileReference; lastKnownFileType = file.storyboard; name = Base; path = Base.lproj/Main.storyboard; sourceTree = "<group>"; };
		5851E0BD1F2A8E1A009087CE /* TestCoreData.xcdatamodel */ = {isa = PBXFileReference; lastKnownFileType = wrapper.xcdatamodel; path = TestCoreData.xcdatamodel; sourceTree = "<group>"; };
		5851E0BF1F2A8E1A009087CE /* Assets.xcassets */ = {isa = PBXFileReference; lastKnownFileType = folder.assetcatalog; path = Assets.xcassets; sourceTree = "<group>"; };
		5851E0C21F2A8E1A009087CE /* Base */ = {isa = PBXFileReference; lastKnownFileType = file.storyboard; name = Base; path = Base.lproj/LaunchScreen.storyboard; sourceTree = "<group>"; };
		5851E0C41F2A8E1A009087CE /* Info.plist */ = {isa = PBXFileReference; lastKnownFileType = text.plist.xml; path = Info.plist; sourceTree = "<group>"; };
		5851E0C51F2A8E1A009087CE /* main.m */ = {isa = PBXFileReference; lastKnownFileType = sourcecode.c.objc; path = main.m; sourceTree = "<group>"; };
		5851E0CB1F2A8E1B009087CE /* TestCoreDataTests.xctest */ = {isa = PBXFileReference; explicitFileType = wrapper.cfbundle; includeInIndex = 0; path = TestCoreDataTests.xctest; sourceTree = BUILT_PRODUCTS_DIR; };
		5851E0CF1F2A8E1B009087CE /* TestCoreDataTests.m */ = {isa = PBXFileReference; lastKnownFileType = sourcecode.c.objc; path = TestCoreDataTests.m; sourceTree = "<group>"; };
		5851E0D11F2A8E1B009087CE /* Info.plist */ = {isa = PBXFileReference; lastKnownFileType = text.plist.xml; path = Info.plist; sourceTree = "<group>"; };
/* End PBXFileReference section */

/* Begin PBXFrameworksBuildPhase section */
		5851E0AD1F2A8E1A009087CE /* Frameworks */ = {
			isa = PBXFrameworksBuildPhase;
			buildActionMask = 2147483647;
			files = (
			);
			runOnlyForDeploymentPostprocessing = 0;
		};
		5851E0C81F2A8E1B009087CE /* Frameworks */ = {
			isa = PBXFrameworksBuildPhase;
			buildActionMask = 2147483647;
			files = (
			);
			runOnlyForDeploymentPostprocessing = 0;
		};
/* End PBXFrameworksBuildPhase section */

/* Begin PBXGroup section */
		5851E0A71F2A8E1A009087CE = {
			isa = PBXGroup;
			children = (
				5851E0B21F2A8E1A009087CE /* TestCoreData */,
				5851E0CE1F2A8E1B009087CE /* TestCoreDataTests */,
				5851E0B11F2A8E1A009087CE /* Products */,
			);
			sourceTree = "<group>";
		};
		5851E0B11F2A8E1A009087CE /* Products */ = {
			isa = PBXGroup;
			children = (
				5851E0B01F2A8E1A009087CE /* TestCoreData.app */,
				5851E0CB1F2A8E1B009087CE /* TestCoreDataTests.xctest */,
			);
			name = Products;
			sourceTree = "<group>";
		};
		5851E0B21F2A8E1A009087CE /* TestCoreData */ = {
			isa = PBXGroup;
			children = (
				5851E0B31F2A8E1A009087CE /* AppDelegate.h */,
				5851E0B41F2A8E1A009087CE /* AppDelegate.m */,
				5851E0B61F2A8E1A009087CE /* ViewController.h */,
				5851E0B71F2A8E1A009087CE /* ViewController.m */,
				5851E0B91F2A8E1A009087CE /* Main.storyboard */,
				5851E0BF1F2A8E1A009087CE /* Assets.xcassets */,
				5851E0C11F2A8E1A009087CE /* LaunchScreen.storyboard */,
				5851E0C41F2A8E1A009087CE /* Info.plist */,
				5851E0C51F2A8E1A009087CE /* main.m */,
				5851E0BC1F2A8E1A009087CE /* TestCoreData.xcdatamodeld */,
			);
			path = TestCoreData;
			sourceTree = "<group>";
		};
		5851E0CE1F2A8E1B009087CE /* TestCoreDataTests */ = {
			isa = PBXGroup;
			children = (
				5851E0CF1F2A8E1B009087CE /* TestCoreDataTests.m */,
				5851E0D11F2A8E1B009087CE /* Info.plist */,
			);
			path = TestCoreDataTests;
			sourceTree = "<group>";
		};
/* End PBXGroup section */

/* Begin PBXNativeTarget section */
		5851E0AF1F2A8E1A009087CE /* TestCoreData */ = {
			isa = PBXNativeTarget;
			buildConfigurationList = 5851E0D41F2A8E1B009087CE /* Build configuration list for PBXNativeTarget "TestCoreData" */;
			buildPhases = (
				5851E0AC1F2A8E1A009087CE /* Sources */,
				5851E0AD1F2A8E1A009087CE /* Frameworks */,
				5851E0AE1F2A8E1A009087CE /* Resources */,
			);
			buildRules = (
			);
			dependencies = (
			);
			name = TestCoreData;
			productName = TestCoreData;
			productReference = 5851E0B01F2A8E1A009087CE /* TestCoreData.app */;
			productType = "com.apple.product-type.application";
		};
		5851E0CA1F2A8E1B009087CE /* TestCoreDataTests */ = {
			isa = PBXNativeTarget;
			buildConfigurationList = 5851E0D71F2A8E1B009087CE /* Build configuration list for PBXNativeTarget "TestCoreDataTests" */;
			buildPhases = (
				5851E0C71F2A8E1B009087CE /* Sources */,
				5851E0C81F2A8E1B009087CE /* Frameworks */,
				5851E0C91F2A8E1B009087CE /* Resources */,
			);
			buildRules = (
			);
			dependencies = (
				5851E0CD1F2A8E1B009087CE /* PBXTargetDependency */,
			);
			name = TestCoreDataTests;
			productName = TestCoreDataTests;
			productReference = 5851E0CB1F2A8E1B009087CE /* TestCoreDataTests.xctest */;
			productType = "com.apple.product-type.bundle.unit-test";
		};
/* End PBXNativeTarget section */

/* Begin PBXProject section */
		5851E0A81F2A8E1A009087CE /* Project object */ = {
			isa = PBXProject;
			attributes = {
				LastUpgradeCheck = 0900;
				ORGANIZATIONNAME = "Mark Broski";
				TargetAttributes = {
					5851E0AF1F2A8E1A009087CE = {
						CreatedOnToolsVersion = 9.0;
					};
					5851E0CA1F2A8E1B009087CE = {
						CreatedOnToolsVersion = 9.0;
						TestTargetID = 5851E0AF1F2A8E1A009087CE;
					};
				};
			};
			buildConfigurationList = 5851E0AB1F2A8E1A009087CE /* Build configuration list for PBXProject "TestCoreData" */;
			compatibilityVersion = "Xcode 8.0";
			developmentRegion = en;
			hasScannedForEncodings = 0;
			knownRegions = (
				en,
				Base,
			);
			mainGroup = 5851E0A71F2A8E1A009087CE;
			productRefGroup = 5851E0B11F2A8E1A009087CE /* Products */;
			projectDirPath = "";
			projectRoot = "";
			targets = (
				5851E0AF1F2A8E1A009087CE /* TestCoreData */,
				5851E0CA1F2A8E1B009087CE /* TestCoreDataTests */,
			);
		};
/* End PBXProject section */

/* Begin PBXResourcesBuildPhase section */
		5851E0AE1F2A8E1A009087CE /* Resources */ = {
			isa = PBXResourcesBuildPhase;
			buildActionMask = 2147483647;
			files = (
				5851E0C31F2A8E1A009087CE /* LaunchScreen.storyboard in Resources */,
				5851E0C01F2A8E1A009087CE /* Assets.xcassets in Resources */,
				5851E0BB1F2A8E1A009087CE /* Main.storyboard in Resources */,
			);
			runOnlyForDeploymentPostprocessing = 0;
		};
		5851E0C91F2A8E1B009087CE /* Resources */ = {
			isa = PBXResourcesBuildPhase;
			buildActionMask = 2147483647;
			files = (
			);
			runOnlyForDeploymentPostprocessing = 0;
		};
/* End PBXResourcesBuildPhase section */

/* Begin PBXSourcesBuildPhase section */
		5851E0AC1F2A8E1A009087CE /* Sources */ = {
			isa = PBXSourcesBuildPhase;
			buildActionMask = 2147483647;
			files = (
				5851E0B81F2A8E1A009087CE /* ViewController.m in Sources */,
				5851E0BE1F2A8E1A009087CE /* TestCoreData.xcdatamodeld in Sources */,
				5851E0C61F2A8E1A009087CE /* main.m in Sources */,
				5851E0B51F2A8E1A009087CE /* AppDelegate.m in Sources */,
			);
			runOnlyForDeploymentPostprocessing = 0;
		};
		5851E0C71F2A8E1B009087CE /* Sources */ = {
			isa = PBXSourcesBuildPhase;
			buildActionMask = 2147483647;
			files = (
				5851E0D01F2A8E1B009087CE /* TestCoreDataTests.m in Sources */,
			);
			runOnlyForDeploymentPostprocessing = 0;
		};
/* End PBXSourcesBuildPhase section */

/* Begin PBXTargetDependency section */
		5851E0CD1F2A8E1B009087CE /* PBXTargetDependency */ = {
			isa = PBXTargetDependency;
			target = 5851E0AF1F2A8E1A009087CE /* TestCoreData */;
			targetProxy = 5851E0CC1F2A8E1B009087CE /* PBXContainerItemProxy */;
		};
/* End PBXTargetDependency section */

/* Begin PBXVariantGroup section */
		5851E0B91F2A8E1A009087CE /* Main.storyboard */ = {
			isa = PBXVariantGroup;
			children = (
				5851E0BA1F2A8E1A009087CE /* Base */,
			);
			name = Main.storyboard;
			sourceTree = "<group>";
		};
		5851E0C11F2A8E1A009087CE /* LaunchScreen.storyboard */ = {
			isa = PBXVariantGroup;
			children = (
				5851E0C21F2A8E1A009087CE /* Base */,
			);
			name = LaunchScreen.storyboard;
			sourceTree = "<group>";
		};
/* End PBXVariantGroup section */

/* Begin XCBuildConfiguration section */
		5851E0D21F2A8E1B009087CE /* Debug */ = {
			isa = XCBuildConfiguration;
			buildSettings = {
				ALWAYS_SEARCH_USER_PATHS = NO;
				CLANG_ANALYZER_NONNULL = YES;
				CLANG_ANALYZER_NUMBER_OBJECT_CONVERSION = YES_AGGRESSIVE;
				CLANG_CXX_LANGUAGE_STANDARD = "gnu++14";
				CLANG_CXX_LIBRARY = "libc++";
				CLANG_ENABLE_MODULES = YES;
				CLANG_ENABLE_OBJC_ARC = YES;
				CLANG_WARN_BLOCK_CAPTURE_AUTORELEASING = YES;
				CLANG_WARN_BOOL_CONVERSION = YES;
				CLANG_WARN_COMMA = YES;
				CLANG_WARN_CONSTANT_CONVERSION = YES;
				CLANG_WARN_DIRECT_OBJC_ISA_USAGE = YES_ERROR;
				CLANG_WARN_DOCUMENTATION_COMMENTS = YES;
				CLANG_WARN_EMPTY_BODY = YES;
				CLANG_WARN_ENUM_CONVERSION = YES;
				CLANG_WARN_INFINITE_RECURSION = YES;
				CLANG_WARN_INT_CONVERSION = YES;
				CLANG_WARN_NON_LITERAL_NULL_CONVERSION = YES;
				CLANG_WARN_OBJC_LITERAL_CONVERSION = YES;
				CLANG_WARN_OBJC_ROOT_CLASS = YES_ERROR;
				CLANG_WARN_RANGE_LOOP_ANALYSIS = YES;
				CLANG_WARN_STRICT_PROTOTYPES = YES;
				CLANG_WARN_SUSPICIOUS_MOVE = YES;
				CLANG_WARN_UNGUARDED_AVAILABILITY = YES_AGGRESSIVE;
				CLANG_WARN_UNREACHABLE_CODE = YES;
				CLANG_WARN__DUPLICATE_METHOD_MATCH = YES;
				CODE_SIGN_IDENTITY = "iPhone Developer";
				COPY_PHASE_STRIP = NO;
				DEBUG_INFORMATION_FORMAT = dwarf;
				ENABLE_STRICT_OBJC_MSGSEND = YES;
				ENABLE_TESTABILITY = YES;
				GCC_C_LANGUAGE_STANDARD = gnu11;
				GCC_DYNAMIC_NO_PIC = NO;
				GCC_NO_COMMON_BLOCKS = YES;
				GCC_OPTIMIZATION_LEVEL = 0;
				GCC_PREPROCESSOR_DEFINITIONS = (
					"DEBUG=1",
					"$(inherited)",
				);
				GCC_WARN_64_TO_32_BIT_CONVERSION = YES;
				GCC_WARN_ABOUT_RETURN_TYPE = YES_ERROR;
				GCC_WARN_UNDECLARED_SELECTOR = YES;
				GCC_WARN_UNINITIALIZED_AUTOS = YES_AGGRESSIVE;
				GCC_WARN_UNUSED_FUNCTION = YES;
				GCC_WARN_UNUSED_VARIABLE = YES;
				IPHONEOS_DEPLOYMENT_TARGET = 11.0;
				MTL_ENABLE_DEBUG_INFO = YES;
				ONLY_ACTIVE_ARCH = YES;
				SDKROOT = iphoneos;
			};
			name = Debug;
		};
		5851E0D31F2A8E1B009087CE /* Release */ = {
			isa = XCBuildConfiguration;
			buildSettings = {
				ALWAYS_SEARCH_USER_PATHS = NO;
				CLANG_ANALYZER_NONNULL = YES;
				CLANG_ANALYZER_NUMBER_OBJECT_CONVERSION = YES_AGGRESSIVE;
				CLANG_CXX_LANGUAGE_STANDARD = "gnu++14";
				CLANG_CXX_LIBRARY = "libc++";
				CLANG_ENABLE_MODULES = YES;
				CLANG_ENABLE_OBJC_ARC = YES;
				CLANG_WARN_BLOCK_CAPTURE_AUTORELEASING = YES;
				CLANG_WARN_BOOL_CONVERSION = YES;
				CLANG_WARN_COMMA = YES;
				CLANG_WARN_CONSTANT_CONVERSION = YES;
				CLANG_WARN_DIRECT_OBJC_ISA_USAGE = YES_ERROR;
				CLANG_WARN_DOCUMENTATION_COMMENTS = YES;
				CLANG_WARN_EMPTY_BODY = YES;
				CLANG_WARN_ENUM_CONVERSION = YES;
				CLANG_WARN_INFINITE_RECURSION = YES;
				CLANG_WARN_INT_CONVERSION = YES;
				CLANG_WARN_NON_LITERAL_NULL_CONVERSION = YES;
				CLANG_WARN_OBJC_LITERAL_CONVERSION = YES;
				CLANG_WARN_OBJC_ROOT_CLASS = YES_ERROR;
				CLANG_WARN_RANGE_LOOP_ANALYSIS = YES;
				CLANG_WARN_STRICT_PROTOTYPES = YES;
				CLANG_WARN_SUSPICIOUS_MOVE = YES;
				CLANG_WARN_UNGUARDED_AVAILABILITY = YES_AGGRESSIVE;
				CLANG_WARN_UNREACHABLE_CODE = YES;
				CLANG_WARN__DUPLICATE_METHOD_MATCH = YES;
				CODE_SIGN_IDENTITY = "iPhone Developer";
				COPY_PHASE_STRIP = NO;
				DEBUG_INFORMATION_FORMAT = "dwarf-with-dsym";
				ENABLE_NS_ASSERTIONS = NO;
				ENABLE_STRICT_OBJC_MSGSEND = YES;
				GCC_C_LANGUAGE_STANDARD = gnu11;
				GCC_NO_COMMON_BLOCKS = YES;
				GCC_WARN_64_TO_32_BIT_CONVERSION = YES;
				GCC_WARN_ABOUT_RETURN_TYPE = YES_ERROR;
				GCC_WARN_UNDECLARED_SELECTOR = YES;
				GCC_WARN_UNINITIALIZED_AUTOS = YES_AGGRESSIVE;
				GCC_WARN_UNUSED_FUNCTION = YES;
				GCC_WARN_UNUSED_VARIABLE = YES;
				IPHONEOS_DEPLOYMENT_TARGET = 11.0;
				MTL_ENABLE_DEBUG_INFO = NO;
				SDKROOT = iphoneos;
				VALIDATE_PRODUCT = YES;
			};
			name = Release;
		};
		5851E0D51F2A8E1B009087CE /* Debug */ = {
			isa = XCBuildConfiguration;
			buildSettings = {
				ASSETCATALOG_COMPILER_APPICON_NAME = AppIcon;
				DEVELOPMENT_TEAM = L636S9JLLY;
				INFOPLIST_FILE = TestCoreData/Info.plist;
				LD_RUNPATH_SEARCH_PATHS = "$(inherited) @executable_path/Frameworks";
				PRODUCT_BUNDLE_IDENTIFIER = org.septa.TestCoreData;
				PRODUCT_NAME = "$(TARGET_NAME)";
				TARGETED_DEVICE_FAMILY = "1,2";
			};
			name = Debug;
		};
		5851E0D61F2A8E1B009087CE /* Release */ = {
			isa = XCBuildConfiguration;
			buildSettings = {
				ASSETCATALOG_COMPILER_APPICON_NAME = AppIcon;
				DEVELOPMENT_TEAM = L636S9JLLY;
				INFOPLIST_FILE = TestCoreData/Info.plist;
				LD_RUNPATH_SEARCH_PATHS = "$(inherited) @executable_path/Frameworks";
				PRODUCT_BUNDLE_IDENTIFIER = org.septa.TestCoreData;
				PRODUCT_NAME = "$(TARGET_NAME)";
				TARGETED_DEVICE_FAMILY = "1,2";
			};
			name = Release;
		};
		5851E0D81F2A8E1B009087CE /* Debug */ = {
			isa = XCBuildConfiguration;
			buildSettings = {
				BUNDLE_LOADER = "$(TEST_HOST)";
				DEVELOPMENT_TEAM = L636S9JLLY;
				INFOPLIST_FILE = TestCoreDataTests/Info.plist;
				LD_RUNPATH_SEARCH_PATHS = "$(inherited) @executable_path/Frameworks @loader_path/Frameworks";
				PRODUCT_BUNDLE_IDENTIFIER = org.septa.TestCoreDataTests;
				PRODUCT_NAME = "$(TARGET_NAME)";
				TARGETED_DEVICE_FAMILY = "1,2";
				TEST_HOST = "$(BUILT_PRODUCTS_DIR)/TestCoreData.app/TestCoreData";
			};
			name = Debug;
		};
		5851E0D91F2A8E1B009087CE /* Release */ = {
			isa = XCBuildConfiguration;
			buildSettings = {
				BUNDLE_LOADER = "$(TEST_HOST)";
				DEVELOPMENT_TEAM = L636S9JLLY;
				INFOPLIST_FILE = TestCoreDataTests/Info.plist;
				LD_RUNPATH_SEARCH_PATHS = "$(inherited) @executable_path/Frameworks @loader_path/Frameworks";
				PRODUCT_BUNDLE_IDENTIFIER = org.septa.TestCoreDataTests;
				PRODUCT_NAME = "$(TARGET_NAME)";
				TARGETED_DEVICE_FAMILY = "1,2";
				TEST_HOST = "$(BUILT_PRODUCTS_DIR)/TestCoreData.app/TestCoreData";
			};
			name = Release;
		};
/* End XCBuildConfiguration section */

/* Begin XCConfigurationList section */
		5851E0AB1F2A8E1A009087CE /* Build configuration list for PBXProject "TestCoreData" */ = {
			isa = XCConfigurationList;
			buildConfigurations = (
				5851E0D21F2A8E1B009087CE /* Debug */,
				5851E0D31F2A8E1B009087CE /* Release */,
			);
			defaultConfigurationIsVisible = 0;
			defaultConfigurationName = Release;
		};
		5851E0D41F2A8E1B009087CE /* Build configuration list for PBXNativeTarget "TestCoreData" */ = {
			isa = XCConfigurationList;
			buildConfigurations = (
				5851E0D51F2A8E1B009087CE /* Debug */,
				5851E0D61F2A8E1B009087CE /* Release */,
			);
			defaultConfigurationIsVisible = 0;
			defaultConfigurationName = Release;
		};
		5851E0D71F2A8E1B009087CE /* Build configuration list for PBXNativeTarget "TestCoreDataTests" */ = {
			isa = XCConfigurationList;
			buildConfigurations = (
				5851E0D81F2A8E1B009087CE /* Debug */,
				5851E0D91F2A8E1B009087CE /* Release */,
			);
			defaultConfigurationIsVisible = 0;
			defaultConfigurationName = Release;
		};
/* End XCConfigurationList section */

/* Begin XCVersionGroup section */
		5851E0BC1F2A8E1A009087CE /* TestCoreData.xcdatamodeld */ = {
			isa = XCVersionGroup;
			children = (
				5851E0BD1F2A8E1A009087CE /* TestCoreData.xcdatamodel */,
			);
			currentVersion = 5851E0BD1F2A8E1A009087CE /* TestCoreData.xcdatamodel */;
			path = TestCoreData.xcdatamodeld;
			sourceTree = "<group>";
			versionGroupType = wrapper.xcdatamodel;
		};
/* End XCVersionGroup section */
	};
	rootObject = 5851E0A81F2A8E1A009087CE /* Project object */;
}
